<?xml version="1.0" encoding="utf-8"?>
<Project ToolsVersion="4.0" xmlns="http://schemas.microsoft.com/developer/msbuild/2003">
  <ItemGroup>
    <ClCompile Include="..\..\..\Source\Scenes\TestScene.cpp">
      <Filter>Scenes</Filter>
    </ClCompile>
    <ClCompile Include="..\..\..\Source\Scenes\TestSceneUtils.cpp">
      <Filter>Scenes</Filter>
    </ClCompile>
    <ClCompile Include="..\..\..\Source\Scenes\TestScene2.cpp">
      <Filter>Scenes</Filter>
    </ClCompile>
    <ClCompile Include="..\..\..\Source\main.cpp" />
    <ClCompile Include="..\..\..\Source\TestCases\TestModelSceneEditor.cpp">
      <Filter>TestCases</Filter>
    </ClCompile>
    <ClCompile Include="..\..\..\Source\TestCases\TestColorPlugin.cpp">
      <Filter>TestCases</Filter>
    </ClCompile>
    <ClCompile Include="..\..\..\Source\TestCases\TestAVDecoderPlugin.cpp">
      <Filter>TestCases</Filter>
    </ClCompile>
    <ClCompile Include="..\..\..\Source\TestCases\TestTexturePlugin.cpp">
      <Filter>TestCases</Filter>
    </ClCompile>
    <ClCompile Include="..\..\..\Source\TestCases\TestAnimationPlugin.cpp">
      <Filter>TestCases</Filter>
    </ClCompile>
    <ClCompile Include="..\..\..\Source\TestCases\TestGradientPlugin.cpp">
      <Filter>TestCases</Filter>
    </ClCompile>
    <ClCompile Include="..\..\..\Source\TestCases\TestColoredTextPlugin.cpp">
      <Filter>TestCases</Filter>
    </ClCompile>
    <ClCompile Include="..\..\..\Source\TestCases\TestGradientTextPlugin.cpp">
      <Filter>TestCases</Filter>
    </ClCompile>
    <ClCompile Include="..\..\..\Source\TestCases\TestColoredTimerPlugin.cpp">
      <Filter>TestCases</Filter>
    </ClCompile>
    <ClCompile Include="..\..\..\Source\TestCases\TestGradientTimerPlugin.cpp">
      <Filter>TestCases</Filter>
    </ClCompile>
    <ClCompile Include="..\..\..\Source\TestCases\TestColoredGeometryPlugins.cpp">
      <Filter>TestCases</Filter>
    </ClCompile>
    <ClCompile Include="..\..\..\Source\TestCases\TestTexturedGeometryPlugins.cpp">
      <Filter>TestCases</Filter>
    </ClCompile>
    <ClCompile Include="..\..\..\Source\TestCases\TestAnimatedGeometryPlugin.cpp">
      <Filter>TestCases</Filter>
    </ClCompile>
    <ClCompile Include="..\..\..\Source\TestCases\TestGradientGeometryPlugins.cpp">
      <Filter>TestCases</Filter>
    </ClCompile>
  </ItemGroup>
  <ItemGroup>
    <ClInclude Include="..\..\..\Source\Scenes\TestScene.h">
      <Filter>Scenes</Filter>
    </ClInclude>
    <ClInclude Include="..\..\..\Source\Scenes\TestSceneUtils.h">
      <Filter>Scenes</Filter>
    </ClInclude>
    <ClInclude Include="..\..\..\Source\Scenes\TestEditorBase.h">
      <Filter>Scenes</Filter>
    </ClInclude>
  </ItemGroup>
  <ItemGroup>
    <Filter Include="Scenes">
      <UniqueIdentifier>{6612fa76-1229-42c7-bab5-276f4a970db9}</UniqueIdentifier>
    </Filter>
    <Filter Include="TestCases">
      <UniqueIdentifier>{7044fbf2-e4c0-4dbf-91e0-9d4ce2570535}</UniqueIdentifier>
    </Filter>
  </ItemGroup>
</Project>