<?xml version="1.0" encoding="utf-8"?>
<Project ToolsVersion="4.0" xmlns="http://schemas.microsoft.com/developer/msbuild/2003">
  <ItemGroup>
    <Filter Include="ExpectedTest">
      <UniqueIdentifier>{060ea86c-31c9-4f53-970b-a25e437e3649}</UniqueIdentifier>
    </Filter>
    <Filter Include="ExceptionsTest">
      <UniqueIdentifier>{81f7b200-5cd6-4308-ac81-f5c514dfd59f}</UniqueIdentifier>
    </Filter>
    <Filter Include="Conversions">
      <UniqueIdentifier>{fcceb571-61ec-4bd6-bb74-455cbb0f245f}</UniqueIdentifier>
    </Filter>
    <Filter Include="MemoryTest">
      <UniqueIdentifier>{6d12a7bf-3b0d-45d7-bad6-e53b1787faf1}</UniqueIdentifier>
    </Filter>
  </ItemGroup>
  <ItemGroup>
    <ClCompile Include="..\..\..\Source\main.cpp" />
    <ClCompile Include="..\..\..\Source\ExpectedTest\ExpectedTest.cpp">
      <Filter>ExpectedTest</Filter>
    </ClCompile>
    <ClCompile Include="..\..\..\Source\ExceptionsTest\TestExceptions.cpp">
      <Filter>ExceptionsTest</Filter>
    </ClCompile>
    <ClCompile Include="..\..\..\Source\ExceptionsTest\ExceptionsHierarchy.cpp">
      <Filter>ExceptionsTest</Filter>
    </ClCompile>
    <ClCompile Include="..\..\..\Source\Conversions\String2TBool.cpp">
      <Filter>Conversions</Filter>
    </ClCompile>
    <ClCompile Include="..\..\..\Source\Conversions\String2Float.cpp">
      <Filter>Conversions</Filter>
    </ClCompile>
    <ClCompile Include="..\..\..\Source\Conversions\String2Double.cpp">
      <Filter>Conversions</Filter>
    </ClCompile>
    <ClCompile Include="..\..\..\Source\Conversions\String2Integer.cpp">
      <Filter>Conversions</Filter>
    </ClCompile>
    <ClCompile Include="..\..\..\Source\Conversions\String2Vec2.cpp">
      <Filter>Conversions</Filter>
    </ClCompile>
    <ClCompile Include="..\..\..\Source\Conversions\String2Enum.cpp">
      <Filter>Conversions</Filter>
    </ClCompile>
    <ClCompile Include="..\..\..\Source\MemoryTest\ColorRGBA.cpp">
      <Filter>MemoryTest</Filter>
    </ClCompile>
  </ItemGroup>
  <ItemGroup>
    <ClInclude Include="..\..\..\Source\ExceptionsTest\ExceptionsHierarchy.h">
      <Filter>ExceptionsTest</Filter>
    </ClInclude>
  </ItemGroup>
</Project>