<?xml version="1.0" encoding="utf-8"?>
<Project ToolsVersion="4.0" xmlns="http://schemas.microsoft.com/developer/msbuild/2003">
  <ItemGroup>
    <ClCompile Include="..\..\..\Source\PrototyperApp.cpp" />
    <ClCompile Include="..\..\..\Source\Common\VBORect.cpp">
      <Filter>Common</Filter>
    </ClCompile>
    <ClCompile Include="..\..\..\Source\Common\GLSLProgram.cpp">
      <Filter>Common</Filter>
    </ClCompile>
    <ClCompile Include="..\..\..\Source\Prototypes\VAO\SimpleVAOPrototype0.cpp">
      <Filter>Prototypes\VAO</Filter>
    </ClCompile>
    <ClCompile Include="..\..\..\Source\Prototypes\Engine\MemManagementInspector.cpp">
      <Filter>Prototypes\Engine</Filter>
    </ClCompile>
  </ItemGroup>
  <ItemGroup>
    <ClInclude Include="..\..\..\Source\PrototyperApp.h" />
    <ClInclude Include="..\..\..\Source\Interfaces\IAppLogicPrototype.h">
      <Filter>Interfaces</Filter>
    </ClInclude>
    <ClInclude Include="..\..\..\Source\Common\VBORect.h">
      <Filter>Common</Filter>
    </ClInclude>
    <ClInclude Include="..\..\..\Source\Common\PrototyperCore.h">
      <Filter>Common</Filter>
    </ClInclude>
    <ClInclude Include="..\..\..\Source\Interfaces\IRenderable.h">
      <Filter>Interfaces</Filter>
    </ClInclude>
    <ClInclude Include="..\..\..\Source\Common\GLSLprogram.h">
      <Filter>Common</Filter>
    </ClInclude>
    <ClInclude Include="..\..\..\Source\PrototypesForwardInc.h" />
    <ClInclude Include="..\..\..\Source\Prototypes\VAO\SimpleVAOPrototype0.h">
      <Filter>Prototypes\VAO</Filter>
    </ClInclude>
    <ClInclude Include="..\..\..\Source\Prototypes\Engine\MemManagementInspector.h">
      <Filter>Prototypes\Engine</Filter>
    </ClInclude>
  </ItemGroup>
  <ItemGroup>
    <Filter Include="Common">
      <UniqueIdentifier>{c39afbdd-a516-47b8-8e9a-2f2b9a7a5e93}</UniqueIdentifier>
    </Filter>
    <Filter Include="Interfaces">
      <UniqueIdentifier>{7752395b-fa16-448d-a905-02f671e387a7}</UniqueIdentifier>
    </Filter>
    <Filter Include="Prototypes">
      <UniqueIdentifier>{3e2113f7-96c3-46f3-85bb-8669706fa273}</UniqueIdentifier>
    </Filter>
    <Filter Include="Prototypes\VAO">
      <UniqueIdentifier>{697f1ccb-9582-43d7-9e84-238420993066}</UniqueIdentifier>
    </Filter>
    <Filter Include="Prototypes\Engine">
      <UniqueIdentifier>{a94527e0-0de4-450a-aee6-d3080fe72f42}</UniqueIdentifier>
    </Filter>
  </ItemGroup>
</Project>