<?xml version="1.0" encoding="utf-8"?>
<Project ToolsVersion="4.0" xmlns="http://schemas.microsoft.com/developer/msbuild/2003">
  <ItemGroup>
    <ClCompile Include="..\..\..\Source\Common\VBORect.cpp">
      <Filter>Common</Filter>
    </ClCompile>
    <ClCompile Include="..\..\..\Source\Common\GLSLProgram.cpp">
      <Filter>Common</Filter>
    </ClCompile>
    <ClCompile Include="..\..\..\Source\Prototypes\VAO\SimpleVAOPrototype0.cpp">
      <Filter>Prototypes\VAO</Filter>
    </ClCompile>
    <ClCompile Include="..\..\..\Source\Prototypes\Engine\MemManagement\MemManagementInspector.cpp">
      <Filter>Prototypes\Engine\MemManagement</Filter>
    </ClCompile>
    <ClCompile Include="..\..\..\Source\Prototypes\Engine\Common\ShaderDataSourceImpl.cpp">
      <Filter>Prototypes\Engine\Common</Filter>
    </ClCompile>
    <ClCompile Include="..\..\..\Source\Prototypes\Engine\Common\ShaderDataSourceCreator.cpp">
      <Filter>Prototypes\Engine\Common</Filter>
    </ClCompile>
    <ClCompile Include="..\..\..\Source\Prototypes\Engine\Common\GeometryBuilder.cpp">
      <Filter>Prototypes\Engine\Common</Filter>
    </ClCompile>
    <ClCompile Include="..\..\..\Source\Prototypes\Engine\Common\SimpleNodeBuilder.cpp">
      <Filter>Prototypes\Engine\Common</Filter>
    </ClCompile>
    <ClCompile Include="..\..\..\Source\Prototypes\Engine\Common\TexturesDataImpl.cpp">
      <Filter>Prototypes\Engine\Common</Filter>
    </ClCompile>
    <ClCompile Include="..\..\..\Source\Prototypes\Engine\Common\Transformations.cpp">
      <Filter>Prototypes\Engine\Common</Filter>
    </ClCompile>
    <ClCompile Include="..\..\..\Source\Prototypes\Engine\Common\ScenePrototype.cpp">
      <Filter>Prototypes\Engine\Common</Filter>
    </ClCompile>
    <ClCompile Include="..\..\..\Source\Prototypes\Engine\Common\Scenes\ScenePrototype0.cpp">
      <Filter>Prototypes\Engine\Common\Scenes</Filter>
    </ClCompile>
    <ClCompile Include="..\..\..\Source\Prototypes\Engine\Common\Scenes\ScenePrototype1.cpp">
      <Filter>Prototypes\Engine\Common\Scenes</Filter>
    </ClCompile>
    <ClCompile Include="..\..\..\Source\Prototypes\Engine\Common\Scenes\ScenePrototype2.cpp">
      <Filter>Prototypes\Engine\Common\Scenes</Filter>
    </ClCompile>
    <ClCompile Include="..\..\..\Source\Prototypes\Engine\Common\ExperimentalNodeDeleter.cpp">
      <Filter>Prototypes\Engine\Common</Filter>
    </ClCompile>
    <ClCompile Include="..\..\..\Source\Prototypes\Engine\MemManagement\PboUpdatesInspector.cpp">
      <Filter>Prototypes\Engine\MemManagement</Filter>
    </ClCompile>
    <ClCompile Include="..\..\..\Source\Prototypes\FBOProfiling\FBOProfilingPrototype0.cpp">
      <Filter>Prototypes\FBOProfiling</Filter>
    </ClCompile>
    <ClCompile Include="..\..\..\Source\Prototypes\FBOProfiling\CacheMissBenchmark.cpp">
      <Filter>Prototypes\FBOProfiling</Filter>
    </ClCompile>
    <ClCompile Include="..\..\..\Source\Prototypes\FBOProfiling\FBOProfilingPrototypeBase.cpp">
      <Filter>Prototypes\FBOProfiling</Filter>
    </ClCompile>
    <ClCompile Include="..\..\..\Source\Prototypes\FBOProfiling\FBOProfilingPrototype1.cpp">
      <Filter>Prototypes\FBOProfiling</Filter>
    </ClCompile>
    <ClCompile Include="..\..\..\Source\Prototypes\FBOProfiling\FBOProfilingPrototype2.cpp">
      <Filter>Prototypes\FBOProfiling</Filter>
    </ClCompile>
    <ClCompile Include="..\..\..\Source\Prototypes\FBOProfiling\FBOProfilingPrototype3.cpp">
      <Filter>Prototypes\FBOProfiling</Filter>
    </ClCompile>
    <ClCompile Include="..\..\..\Source\Prototypes\DrawingCommands\DrawingPrototype.cpp">
      <Filter>Prototypes\DrawingCommands</Filter>
    </ClCompile>
    <ClCompile Include="..\..\..\Source\Prototypes\DrawingCommands\Common\DrawingMode.cpp">
      <Filter>Prototypes\DrawingCommands\Common</Filter>
    </ClCompile>
    <ClCompile Include="..\..\..\Source\Prototypes\DrawingCommands\Common\Scenes\DrawingTestScene0.cpp">
      <Filter>Prototypes\DrawingCommands\Common\Scenes</Filter>
    </ClCompile>
    <ClCompile Include="..\..\..\Source\Prototypes\DrawingCommands\Common\DrawingTestScene.cpp">
      <Filter>Prototypes\DrawingCommands\Common</Filter>
    </ClCompile>
    <ClCompile Include="..\..\..\Source\Prototypes\Engine\Common\Scenes\ScenePrototype3.cpp">
      <Filter>Prototypes\Engine\Common\Scenes</Filter>
    </ClCompile>
    <ClCompile Include="..\..\..\Source\Prototypes\Engine\Multipass\MultipassTest.cpp">
      <Filter>Prototypes\Engine\Multipass</Filter>
    </ClCompile>
    <ClCompile Include="..\..\..\Source\Prototypes\Engine\Common\MultipassNodeBuilder.cpp">
      <Filter>Prototypes\Engine\Common</Filter>
    </ClCompile>
    <ClCompile Include="..\..\..\Source\Prototypes\TextureTest\TextureTest.cpp">
      <Filter>Prototypes\TextureTest</Filter>
    </ClCompile>
    <ClCompile Include="..\..\..\Source\Prototypes\TextureTest\TextureTests\Texture2DTest.cpp">
      <Filter>Prototypes\TextureTest\TextureTests</Filter>
    </ClCompile>
    <ClCompile Include="..\..\..\Source\Prototypes\TextureTest\BaseTextureTest.cpp">
      <Filter>Prototypes\TextureTest</Filter>
    </ClCompile>
    <ClCompile Include="..\..\..\Source\Prototypes\TextureTest\TextureTests\Texture2DArrayTest.cpp">
      <Filter>Prototypes\TextureTest\TextureTests</Filter>
    </ClCompile>
    <ClCompile Include="..\..\..\Source\Prototypes\TextureTest\TextureTests\Texture1DTest.cpp">
      <Filter>Prototypes\TextureTest\TextureTests</Filter>
    </ClCompile>
    <ClCompile Include="..\..\..\Source\Prototypes\TextureTest\TextureTests\Texture1DArrayTest.cpp">
      <Filter>Prototypes\TextureTest\TextureTests</Filter>
    </ClCompile>
    <ClCompile Include="..\..\..\Source\Prototypes\TextureTest\TextureTests\Texture3DTest.cpp">
      <Filter>Prototypes\TextureTest\TextureTests</Filter>
    </ClCompile>
    <ClCompile Include="..\..\..\Source\Prototypes\TextureTest\TextureTests\TextureCubeTest.cpp">
      <Filter>Prototypes\TextureTest\TextureTests</Filter>
    </ClCompile>
    <ClCompile Include="..\..\..\Source\Prototypes\TextureTest\VBOCube.cpp">
      <Filter>Prototypes\TextureTest</Filter>
    </ClCompile>
    <ClCompile Include="..\..\..\Source\Prototypes\TextureTest\TextureTests\TextureCubeArrayTest.cpp">
      <Filter>Prototypes\TextureTest\TextureTests</Filter>
    </ClCompile>
    <ClCompile Include="..\..\..\Source\PrototypeCreator.cpp" />
  </ItemGroup>
  <ItemGroup>
    <ClInclude Include="..\..\..\Source\Interfaces\IAppLogicPrototype.h">
      <Filter>Interfaces</Filter>
    </ClInclude>
    <ClInclude Include="..\..\..\Source\Common\VBORect.h">
      <Filter>Common</Filter>
    </ClInclude>
    <ClInclude Include="..\..\..\Source\Common\PrototyperCore.h">
      <Filter>Common</Filter>
    </ClInclude>
    <ClInclude Include="..\..\..\Source\Interfaces\IRenderable.h">
      <Filter>Interfaces</Filter>
    </ClInclude>
    <ClInclude Include="..\..\..\Source\Common\GLSLprogram.h">
      <Filter>Common</Filter>
    </ClInclude>
    <ClInclude Include="..\..\..\Source\Prototypes\VAO\SimpleVAOPrototype0.h">
      <Filter>Prototypes\VAO</Filter>
    </ClInclude>
    <ClInclude Include="..\..\..\Source\Prototypes\Engine\MemManagement\MemManagementInspector.h">
      <Filter>Prototypes\Engine\MemManagement</Filter>
    </ClInclude>
    <ClInclude Include="..\..\..\Source\Prototypes\Engine\Common\ShaderDataSourceImpl.h">
      <Filter>Prototypes\Engine\Common</Filter>
    </ClInclude>
    <ClInclude Include="..\..\..\Source\Prototypes\Engine\Common\ShaderDataSourceCreator.h">
      <Filter>Prototypes\Engine\Common</Filter>
    </ClInclude>
    <ClInclude Include="..\..\..\Source\Prototypes\Engine\Common\GeometryBuilder.h">
      <Filter>Prototypes\Engine\Common</Filter>
    </ClInclude>
    <ClInclude Include="..\..\..\Source\Prototypes\Engine\Common\SimpleNodeBuilder.h">
      <Filter>Prototypes\Engine\Common</Filter>
    </ClInclude>
    <ClInclude Include="..\..\..\Source\Prototypes\Engine\Common\TexturesDataImpl.h">
      <Filter>Prototypes\Engine\Common</Filter>
    </ClInclude>
    <ClInclude Include="..\..\..\Source\Prototypes\Engine\Common\Transformations.h">
      <Filter>Prototypes\Engine\Common</Filter>
    </ClInclude>
    <ClInclude Include="..\..\..\Source\Prototypes\Engine\Common\ScenePrototype.h">
      <Filter>Prototypes\Engine\Common</Filter>
    </ClInclude>
    <ClInclude Include="..\..\..\Source\Prototypes\Engine\Common\Scenes\ScenePrototype0.h">
      <Filter>Prototypes\Engine\Common\Scenes</Filter>
    </ClInclude>
    <ClInclude Include="..\..\..\Source\Prototypes\Engine\Common\Scenes\ScenePrototype1.h">
      <Filter>Prototypes\Engine\Common\Scenes</Filter>
    </ClInclude>
    <ClInclude Include="..\..\..\Source\Prototypes\Engine\Common\Scenes\ScenePrototype2.h">
      <Filter>Prototypes\Engine\Common\Scenes</Filter>
    </ClInclude>
    <ClInclude Include="..\..\..\Source\Prototypes\Engine\Common\ExperimentalNodeDeleter.h">
      <Filter>Prototypes\Engine\Common</Filter>
    </ClInclude>
    <ClInclude Include="..\..\..\Source\Prototypes\Engine\MemManagement\PboUpdatesInspector.h">
      <Filter>Prototypes\Engine\MemManagement</Filter>
    </ClInclude>
    <ClInclude Include="..\..\..\Source\Prototypes\FBOProfiling\FBOProfilingPrototype0.h">
      <Filter>Prototypes\FBOProfiling</Filter>
    </ClInclude>
    <ClInclude Include="..\..\..\Source\Prototypes\FBOProfiling\CacheMissBenchmark.h">
      <Filter>Prototypes\FBOProfiling</Filter>
    </ClInclude>
    <ClInclude Include="..\..\..\Source\Prototypes\FBOProfiling\FBOProfilingPrototypeBase.h">
      <Filter>Prototypes\FBOProfiling</Filter>
    </ClInclude>
    <ClInclude Include="..\..\..\Source\Prototypes\FBOProfiling\FBOProfilingPrototype1.h">
      <Filter>Prototypes\FBOProfiling</Filter>
    </ClInclude>
    <ClInclude Include="..\..\..\Source\Prototypes\FBOProfiling\FBOProfilingPrototype2.h">
      <Filter>Prototypes\FBOProfiling</Filter>
    </ClInclude>
    <ClInclude Include="..\..\..\Source\Prototypes\FBOProfiling\FBOProfilingPrototype3.h">
      <Filter>Prototypes\FBOProfiling</Filter>
    </ClInclude>
    <ClInclude Include="..\..\..\Source\Prototypes\DrawingCommands\DrawingPrototype.h">
      <Filter>Prototypes\DrawingCommands</Filter>
    </ClInclude>
    <ClInclude Include="..\..\..\Source\Prototypes\DrawingCommands\Common\DrawingMode.h">
      <Filter>Prototypes\DrawingCommands\Common</Filter>
    </ClInclude>
    <ClInclude Include="..\..\..\Source\Prototypes\DrawingCommands\Common\Scenes\DrawingTestScene0.h">
      <Filter>Prototypes\DrawingCommands\Common\Scenes</Filter>
    </ClInclude>
    <ClInclude Include="..\..\..\Source\Prototypes\DrawingCommands\Common\DrawingTestScene.h">
      <Filter>Prototypes\DrawingCommands\Common</Filter>
    </ClInclude>
    <ClInclude Include="..\..\..\Source\Prototypes\DrawingCommands\Common\Modes\DrawingModes.h">
      <Filter>Prototypes\DrawingCommands\Common\Modes</Filter>
    </ClInclude>
    <ClInclude Include="..\..\..\Source\Prototypes\Engine\Common\Scenes\ScenePrototype3.h">
      <Filter>Prototypes\Engine\Common\Scenes</Filter>
    </ClInclude>
    <ClInclude Include="..\..\..\Source\Prototypes\Engine\Multipass\MultipassTest.h">
      <Filter>Prototypes\Engine\Multipass</Filter>
    </ClInclude>
    <ClInclude Include="..\..\..\Source\Prototypes\Engine\Common\MultipassNodeBuilder.h">
      <Filter>Prototypes\Engine\Common</Filter>
    </ClInclude>
    <ClInclude Include="..\..\..\Source\Prototypes\TextureTest\TextureTest.h">
      <Filter>Prototypes\TextureTest</Filter>
    </ClInclude>
    <ClInclude Include="..\..\..\Source\Prototypes\TextureTest\TextureTests\Texture2DTest.h">
      <Filter>Prototypes\TextureTest\TextureTests</Filter>
    </ClInclude>
    <ClInclude Include="..\..\..\Source\Prototypes\TextureTest\BaseTextureTest.h">
      <Filter>Prototypes\TextureTest</Filter>
    </ClInclude>
    <ClInclude Include="..\..\..\Source\Prototypes\TextureTest\TextureTests\Texture2DArrayTest.h">
      <Filter>Prototypes\TextureTest\TextureTests</Filter>
    </ClInclude>
    <ClInclude Include="..\..\..\Source\Prototypes\TextureTest\TextureTests\Texture1DTest.h">
      <Filter>Prototypes\TextureTest\TextureTests</Filter>
    </ClInclude>
    <ClInclude Include="..\..\..\Source\Prototypes\TextureTest\TextureTests\Texture1DArrayTest.h">
      <Filter>Prototypes\TextureTest\TextureTests</Filter>
    </ClInclude>
    <ClInclude Include="..\..\..\Source\Prototypes\TextureTest\TextureTests\Texture3DTest.h">
      <Filter>Prototypes\TextureTest\TextureTests</Filter>
    </ClInclude>
    <ClInclude Include="..\..\..\Source\Prototypes\TextureTest\TextureTests\TextureCubeTest.h">
      <Filter>Prototypes\TextureTest\TextureTests</Filter>
    </ClInclude>
    <ClInclude Include="..\..\..\Source\Prototypes\TextureTest\VBOCube.h">
      <Filter>Prototypes\TextureTest</Filter>
    </ClInclude>
    <ClInclude Include="..\..\..\Source\Prototypes\TextureTest\TextureTests\TextureCubeArrayTest.h">
      <Filter>Prototypes\TextureTest\TextureTests</Filter>
    </ClInclude>
    <ClInclude Include="..\..\..\Source\PrototypeCreator.h" />
  </ItemGroup>
  <ItemGroup>
    <Filter Include="Common">
      <UniqueIdentifier>{c39afbdd-a516-47b8-8e9a-2f2b9a7a5e93}</UniqueIdentifier>
    </Filter>
    <Filter Include="Interfaces">
      <UniqueIdentifier>{7752395b-fa16-448d-a905-02f671e387a7}</UniqueIdentifier>
    </Filter>
    <Filter Include="Prototypes">
      <UniqueIdentifier>{3e2113f7-96c3-46f3-85bb-8669706fa273}</UniqueIdentifier>
    </Filter>
    <Filter Include="Prototypes\VAO">
      <UniqueIdentifier>{697f1ccb-9582-43d7-9e84-238420993066}</UniqueIdentifier>
    </Filter>
    <Filter Include="Prototypes\Engine">
      <UniqueIdentifier>{a94527e0-0de4-450a-aee6-d3080fe72f42}</UniqueIdentifier>
    </Filter>
    <Filter Include="Prototypes\Engine\Common">
      <UniqueIdentifier>{2365a9b5-c9e9-47c2-a796-bca83295d632}</UniqueIdentifier>
    </Filter>
    <Filter Include="Prototypes\Engine\MemManagement">
      <UniqueIdentifier>{8a04cdf7-0cef-4626-b31d-e9b1cee05e66}</UniqueIdentifier>
    </Filter>
    <Filter Include="Prototypes\Engine\Common\Scenes">
      <UniqueIdentifier>{218bfd80-5774-445f-a554-56bd05d8e90c}</UniqueIdentifier>
    </Filter>
    <Filter Include="Prototypes\FBOProfiling">
      <UniqueIdentifier>{cbbe6f3a-e405-4e0b-8bf9-bb381a9b561c}</UniqueIdentifier>
    </Filter>
    <Filter Include="Prototypes\DrawingCommands">
      <UniqueIdentifier>{53717c62-b115-4eff-a216-faa561883fa9}</UniqueIdentifier>
    </Filter>
    <Filter Include="Prototypes\DrawingCommands\Common">
      <UniqueIdentifier>{f30a8a87-39a9-44d7-bbc2-ea7df6ac5f5f}</UniqueIdentifier>
    </Filter>
    <Filter Include="Prototypes\DrawingCommands\Common\Modes">
      <UniqueIdentifier>{eb965ad3-dc56-43ec-a16f-fb3a82613f98}</UniqueIdentifier>
    </Filter>
    <Filter Include="Prototypes\DrawingCommands\Common\Scenes">
      <UniqueIdentifier>{b735905f-fbb9-42cc-8ac4-e7b3d9c6ef37}</UniqueIdentifier>
    </Filter>
    <Filter Include="Prototypes\Engine\Multipass">
      <UniqueIdentifier>{38fab6c5-9694-499e-a003-cb93f3012ca5}</UniqueIdentifier>
    </Filter>
    <Filter Include="Prototypes\TextureTest">
      <UniqueIdentifier>{88043ed0-00c1-4438-adbe-942429d3f9a3}</UniqueIdentifier>
    </Filter>
    <Filter Include="Prototypes\TextureTest\TextureTests">
      <UniqueIdentifier>{1e5bc395-2c7b-4f56-ab74-9857ece0c4ee}</UniqueIdentifier>
    </Filter>
  </ItemGroup>
</Project>