<?xml version="1.0" encoding="utf-8"?>
<Project ToolsVersion="4.0" xmlns="http://schemas.microsoft.com/developer/msbuild/2003">
  <ItemGroup>
    <Filter Include="BVGLPlugins">
      <UniqueIdentifier>{21502cf9-5613-4171-bc06-924923bd1b69}</UniqueIdentifier>
    </Filter>
    <Filter Include="BVGLTools">
      <UniqueIdentifier>{f38845c3-af1b-483e-a953-42cf17603626}</UniqueIdentifier>
    </Filter>
  </ItemGroup>
  <ItemGroup>
    <ClInclude Include="..\..\..\Source\BVGL.h" />
    <ClInclude Include="..\..\..\Source\BVGLDefs.h" />
    <ClInclude Include="..\..\..\Source\BVGLPlugins\BVGLResourceTrackingPlugin.h">
      <Filter>BVGLPlugins</Filter>
    </ClInclude>
    <ClInclude Include="..\..\..\Source\BVGLTools\BVGLTranslator.h">
      <Filter>BVGLTools</Filter>
    </ClInclude>
    <ClInclude Include="..\..\..\Source\BVGLPlugins\BVGLPluginFactory.h">
      <Filter>BVGLPlugins</Filter>
    </ClInclude>
    <ClInclude Include="..\..\..\Source\BVGLPlugins\BVGLPlugin.h">
      <Filter>BVGLPlugins</Filter>
    </ClInclude>
  </ItemGroup>
  <ItemGroup>
    <ClCompile Include="..\..\..\Source\BVGLPlugins\BVGLResourceTrackingPlugin.cpp">
      <Filter>BVGLPlugins</Filter>
    </ClCompile>
    <ClCompile Include="..\..\..\Source\BVGLTools\BVGLTranslator.cpp">
      <Filter>BVGLTools</Filter>
    </ClCompile>
    <ClCompile Include="..\..\..\Source\BVGLPlugins\BVGLPluginFactory.cpp">
      <Filter>BVGLPlugins</Filter>
    </ClCompile>
    <ClCompile Include="..\..\..\Source\BVGLPlugins\BVGLPlugin.cpp">
      <Filter>BVGLPlugins</Filter>
    </ClCompile>
    <ClCompile Include="..\..\..\Source\BVGL.cpp" />
  </ItemGroup>
</Project>