<?xml version="1.0" encoding="utf-8"?>
<Project ToolsVersion="4.0" xmlns="http://schemas.microsoft.com/developer/msbuild/2003">
  <ItemGroup>
    <Filter Include="BVGLPlugins">
      <UniqueIdentifier>{21502cf9-5613-4171-bc06-924923bd1b69}</UniqueIdentifier>
    </Filter>
  </ItemGroup>
  <ItemGroup>
    <ClInclude Include="..\..\..\Source\BVGLPlugins\BVGLDefaultPlugin.h">
      <Filter>BVGLPlugins</Filter>
    </ClInclude>
    <ClInclude Include="..\..\..\Source\BVGL.h" />
    <ClInclude Include="..\..\..\Source\BVGLDefs.h" />
    <ClInclude Include="..\..\..\Source\BVGLPlugins\BVGLResourceTrackingPlugin.h">
      <Filter>BVGLPlugins</Filter>
    </ClInclude>
    <ClInclude Include="..\..\..\Source\BVGLUtil.h" />
  </ItemGroup>
  <ItemGroup>
    <ClCompile Include="..\..\..\Source\BVGLPlugins\BVGLDefaultPlugin.cpp">
      <Filter>BVGLPlugins</Filter>
    </ClCompile>
    <ClCompile Include="..\..\..\Source\BVGLPlugins\BVGLResourceTrackingPlugin.cpp">
      <Filter>BVGLPlugins</Filter>
    </ClCompile>
  </ItemGroup>
</Project>