<?xml version="1.0" encoding="utf-8"?>
<Project ToolsVersion="4.0" xmlns="http://schemas.microsoft.com/developer/msbuild/2003">
  <ItemGroup>
    <Filter Include="BVGLPlugins">
      <UniqueIdentifier>{21502cf9-5613-4171-bc06-924923bd1b69}</UniqueIdentifier>
    </Filter>
    <Filter Include="BVGLTools">
      <UniqueIdentifier>{f38845c3-af1b-483e-a953-42cf17603626}</UniqueIdentifier>
    </Filter>
    <Filter Include="BVGLPlugins\ResourceTracking">
      <UniqueIdentifier>{e92096c8-ba80-46f3-b194-86a47febca8c}</UniqueIdentifier>
    </Filter>
    <Filter Include="GLCore">
      <UniqueIdentifier>{a7931b99-08b0-44fb-bc33-df2c549effe4}</UniqueIdentifier>
    </Filter>
  </ItemGroup>
  <ItemGroup>
    <ClInclude Include="..\..\..\Source\BVGL.h" />
    <ClInclude Include="..\..\..\Source\BVGLDefs.h" />
    <ClInclude Include="..\..\..\Source\BVGLTools\BVGLTranslator.h">
      <Filter>BVGLTools</Filter>
    </ClInclude>
    <ClInclude Include="..\..\..\Source\BVGLPlugins\BVGLPluginFactory.h">
      <Filter>BVGLPlugins</Filter>
    </ClInclude>
    <ClInclude Include="..\..\..\Source\BVGLPlugins\BVGLPlugin.h">
      <Filter>BVGLPlugins</Filter>
    </ClInclude>
    <ClInclude Include="..\..\..\Source\BVGLPlugins\ResourceTracking\BVGLResourceTrackingPlugin.h">
      <Filter>BVGLPlugins\ResourceTracking</Filter>
    </ClInclude>
    <ClInclude Include="..\..\..\Source\BVGLPlugins\ResourceTracking\ResourceTrackingDescriptors.h">
      <Filter>BVGLPlugins\ResourceTracking</Filter>
    </ClInclude>
    <ClInclude Include="..\..\..\Source\BVGLPlugins\ResourceTracking\TrackableResources.h">
      <Filter>BVGLPlugins\ResourceTracking</Filter>
    </ClInclude>
    <ClInclude Include="..\..\..\Source\BVGLPlugins\ResourceTracking\ResourceTrackingAggregates.h">
      <Filter>BVGLPlugins\ResourceTracking</Filter>
    </ClInclude>
    <ClInclude Include="..\..\..\Source\BVGLTools\BVGLStringFormatters.h">
      <Filter>BVGLTools</Filter>
    </ClInclude>
    <ClInclude Include="..\..\..\Source\GLCore\include\glad\glad.h">
      <Filter>GLCore</Filter>
    </ClInclude>
    <ClInclude Include="..\..\..\Source\GLCore\include\KHR\khrplatform.h">
      <Filter>GLCore</Filter>
    </ClInclude>
  </ItemGroup>
  <ItemGroup>
    <ClCompile Include="..\..\..\Source\BVGLTools\BVGLTranslator.cpp">
      <Filter>BVGLTools</Filter>
    </ClCompile>
    <ClCompile Include="..\..\..\Source\BVGLPlugins\BVGLPluginFactory.cpp">
      <Filter>BVGLPlugins</Filter>
    </ClCompile>
    <ClCompile Include="..\..\..\Source\BVGLPlugins\BVGLPlugin.cpp">
      <Filter>BVGLPlugins</Filter>
    </ClCompile>
    <ClCompile Include="..\..\..\Source\BVGL.cpp" />
    <ClCompile Include="..\..\..\Source\BVGLPlugins\ResourceTracking\BVGLResourceTrackingPlugin.cpp">
      <Filter>BVGLPlugins\ResourceTracking</Filter>
    </ClCompile>
    <ClCompile Include="..\..\..\Source\BVGLPlugins\ResourceTracking\ResourceTrackingDescriptors.cpp">
      <Filter>BVGLPlugins\ResourceTracking</Filter>
    </ClCompile>
    <ClCompile Include="..\..\..\Source\BVGLPlugins\ResourceTracking\TrackableResources.cpp">
      <Filter>BVGLPlugins\ResourceTracking</Filter>
    </ClCompile>
    <ClCompile Include="..\..\..\Source\BVGLPlugins\ResourceTracking\ResourceTrackingAggregates.cpp">
      <Filter>BVGLPlugins\ResourceTracking</Filter>
    </ClCompile>
    <ClCompile Include="..\..\..\Source\BVGLTools\BVGLStringFormatters.cpp">
      <Filter>BVGLTools</Filter>
    </ClCompile>
    <ClCompile Include="..\..\..\Source\GLCore\src\glad.c">
      <Filter>GLCore</Filter>
    </ClCompile>
  </ItemGroup>
</Project>