<?xml version="1.0" encoding="utf-8"?>
<Project ToolsVersion="4.0" xmlns="http://schemas.microsoft.com/developer/msbuild/2003">
  <ItemGroup>
    <ClCompile Include="..\..\..\Source\main.cpp" />
    <ClCompile Include="..\..\..\Source\AudioCardOut\TestAudioOutput.cpp">
      <Filter>AudioCardOut</Filter>
    </ClCompile>
    <ClCompile Include="..\..\..\Source\AudioCardOut\TestCardsOutputUnloadScene.cpp">
      <Filter>AudioCardOut</Filter>
    </ClCompile>
    <ClCompile Include="..\..\..\Source\AudioCardOut\TestCardsOutputFromMultiScenes.cpp">
      <Filter>AudioCardOut</Filter>
    </ClCompile>
    <ClCompile Include="..\..\..\Source\AudioVideoSync\TestAudioVideoInputSync.cpp">
      <Filter>AudioVideoSync</Filter>
    </ClCompile>
  </ItemGroup>
  <ItemGroup>
    <Filter Include="AudioCardOut">
      <UniqueIdentifier>{356d1eef-a375-44f5-a185-44af8fd5babe}</UniqueIdentifier>
    </Filter>
    <Filter Include="AudioVideoSync">
      <UniqueIdentifier>{41fb5659-f88e-49c4-bb8d-3d029e4da883}</UniqueIdentifier>
    </Filter>
  </ItemGroup>
  <ItemGroup>
    <ClInclude Include="..\..\..\Source\AudioCardOut\AudioSignalPath.h">
      <Filter>AudioCardOut</Filter>
    </ClInclude>
  </ItemGroup>
</Project>