Microsoft Visual Studio Solution File, Format Version 12.00
# Visual Studio 2012
Project("{2150E333-8FDC-42A3-9474-1A3956D46DE8}") = "Applications", "Applications", "{5B8E3BA4-A921-4457-93E5-B108FC58B4B1}"
EndProject
Project("{2150E333-8FDC-42A3-9474-1A3956D46DE8}") = "Tools", "Tools", "{7A2AC84D-DA2C-4D5A-BA2B-B5BB25F0BD81}"
EndProject
Project("{2150E333-8FDC-42A3-9474-1A3956D46DE8}") = "Tests", "Tests", "{60AC1703-3195-46CD-AD2A-6F44D2DE8CB1}"
EndProject
Project("{8BC9CEB8-8B4A-11D0-8D11-00A0C91BC942}") = "LibBlackVision", "..\..\..\LibBlackVision\Projects\Win\VS11\LibBlackVision.vcxproj", "{78C1F0D1-BD43-4162-8F54-FEA184B03C36}"
EndProject
Project("{8BC9CEB8-8B4A-11D0-8D11-00A0C91BC942}") = "BlackVision", "..\..\..\Applications\BlackVision\Projects\Win\VS11\BlackVision.vcxproj", "{E92B5BDF-8BD5-4D22-B2CD-90D681DEDA85}"
EndProject
Project("{8BC9CEB8-8B4A-11D0-8D11-00A0C91BC942}") = "TestMipMapBuilder", "..\..\..\Test\Tools\MipMapBuilder\Projects\Win\VS11\TestMipMapBuilder.vcxproj", "{9D72E88B-3DA9-4B56-A703-29641FA82479}"
EndProject
Project("{8BC9CEB8-8B4A-11D0-8D11-00A0C91BC942}") = "EnginePrototyper", "..\..\..\Applications\EnginePrototyper\Projects\Win\VS11\EnginePrototyper.vcxproj", "{4F825938-1541-4001-B161-C6FDF38F8CA7}"
EndProject
Project("{8BC9CEB8-8B4A-11D0-8D11-00A0C91BC942}") = "LibImage", "..\..\..\LibImage\Projects\Win\VS11\LibImage.vcxproj", "{33E2CC63-2591-46B1-9B24-2A284566F1D6}"
EndProject
Project("{8BC9CEB8-8B4A-11D0-8D11-00A0C91BC942}") = "LibBVGL", "..\..\..\LibBVGL\Projects\Win\VS11\LibBVGL.vcxproj", "{B0E6C314-5B08-40F7-87EF-17141A389BA5}"
EndProject
Project("{8BC9CEB8-8B4A-11D0-8D11-00A0C91BC942}") = "LibCore", "..\..\..\LibCore\Projects\Win\VS11\LibCore.vcxproj", "{ECABCE66-F47E-4889-8A4C-20DCB97C86B8}"
EndProject
Project("{8BC9CEB8-8B4A-11D0-8D11-00A0C91BC942}") = "TestAssetManager", "..\..\..\Test\Applications\AssetManager\Projects\Win\VS11\TestAssetManager.vcxproj", "{C8FE17FB-A0B8-4069-B88A-855CC14D9810}"
EndProject
Project("{8BC9CEB8-8B4A-11D0-8D11-00A0C91BC942}") = "LibVideoCards", "..\..\..\LibVideoCards\Projects\Win\VS11\LibVideoCards.vcxproj", "{C3A7884F-3133-4C87-ACE7-B8BC935426CC}"
EndProject
Project("{8BC9CEB8-8B4A-11D0-8D11-00A0C91BC942}") = "RapidXML", "..\..\..\Tools\RapidXML\Projects\Win\VS11\RapidXML.vcxproj", "{09C5EE56-18D0-4625-B632-B4980A620F4E}"
EndProject
Project("{8BC9CEB8-8B4A-11D0-8D11-00A0C91BC942}") = "LibEffect", "..\..\..\Tools\LibEffect\Projects\Win\VS11\LibEffect.vcxproj", "{E3611A8A-25FC-4C0E-89AE-89611FC3427A}"
EndProject
Project("{8BC9CEB8-8B4A-11D0-8D11-00A0C91BC942}") = "ConfigReader", "..\..\..\Tools\ConfigReader\Projects\Win\VS11\ConfigReader.vcxproj", "{00218970-E820-4BCC-B1DA-48348059F6FE}"
EndProject
Project("{8BC9CEB8-8B4A-11D0-8D11-00A0C91BC942}") = "TCPServer", "..\..\..\Tools\TCPServer\Projects\Win\VS11\TCPServer.vcxproj", "{1457450D-CBF9-4073-A406-5DC5C89BD065}"
EndProject
Project("{8BC9CEB8-8B4A-11D0-8D11-00A0C91BC942}") = "TestModelNodeEditor", "..\..\..\Test\Applications\ModelNodeEditor\Projects\Win\VS11\TestModelNodeEditor.vcxproj", "{B054F6A0-06EC-44E7-AE4E-DA8663237E92}"
EndProject
Project("{8BC9CEB8-8B4A-11D0-8D11-00A0C91BC942}") = "LibMipMapBuilder", "..\..\..\Tools\LibMipMapBuilder\Projects\Win\VS11\LibMipMapBuilder.vcxproj", "{6A33F496-E3C1-4C91-A4E1-049C0C3B762E}"
EndProject
Project("{8BC9CEB8-8B4A-11D0-8D11-00A0C91BC942}") = "TestMultipass", "..\..\..\Test\Applications\Multipass\Projects\Win\VS11\TestMultipass.vcxproj", "{EC6E9311-C4FC-4C55-BFB5-29C69C77F520}"
EndProject
Project("{FAE04EC0-301F-11D3-BF4B-00C04F79EFBC}") = "ProfilerEditor", "..\..\..\Applications\ProfilerEditor\ProfilerEditor.csproj", "{DDD0A366-9A5F-4FA6-B1D2-F452B80BAC8C}"
EndProject
Project("{8BC9CEB8-8B4A-11D0-8D11-00A0C91BC942}") = "LibProjectManager", "..\..\..\Tools\LibProjectManager\Projects\Win\VS11\LibProjectManager.vcxproj", "{9FA5A3B8-FA25-4AA0-A3AC-DFCA1283D6D2}"
EndProject
Project("{8BC9CEB8-8B4A-11D0-8D11-00A0C91BC942}") = "TestProjectManager", "..\..\..\Test\Tools\ProjectManager\Projects\Win\VS11\TestProjectManager.vcxproj", "{C7749607-3EB2-4F74-B453-FD859F41E8C1}"
EndProject
Project("{2150E333-8FDC-42A3-9474-1A3956D46DE8}") = "DevTools", "DevTools", "{42BED5C7-ABA5-4BFD-AC21-2356DDD56684}"
EndProject
Project("{8BC9CEB8-8B4A-11D0-8D11-00A0C91BC942}") = "LibWindowApp", "..\..\..\DevTools\LibWindowApp\Projects\Win\VS11\LibWindowApp.vcxproj", "{BFD61862-778E-4636-9143-97D8262B7F6E}"
EndProject
Project("{8BC9CEB8-8B4A-11D0-8D11-00A0C91BC942}") = "TestWindowApp", "..\..\..\Test\Tools\WindowApp\Projects\Win\VS11\TestWindowApp.vcxproj", "{0CC731C6-148D-4BEF-A579-DC5428FBF688}"
EndProject
Project("{8BC9CEB8-8B4A-11D0-8D11-00A0C91BC942}") = "TestEditor", "..\..\..\Test\Applications\Editor\Projects\Win\VS11\TestEditor.vcxproj", "{614EAC49-973C-4EF7-9464-6CE4DA2A16C1}"
EndProject
Project("{8BC9CEB8-8B4A-11D0-8D11-00A0C91BC942}") = "LibBVAL", "..\..\..\LibBVAL\Projects\Win\VS11\LibBVAL.vcxproj", "{F07363F7-EBCF-4F56-852F-57357E2A020F}"
EndProject
Project("{8BC9CEB8-8B4A-11D0-8D11-00A0C91BC942}") = "Triangulator", "..\..\..\Tools\Triangulator\Projects\Win\VS11\Triangulator.vcxproj", "{78AB5093-C110-4E57-97EB-A13BDD956729}"
EndProject
Project("{8BC9CEB8-8B4A-11D0-8D11-00A0C91BC942}") = "TestConcurrentQueue", "..\..\..\Test\Tools\ConcurrentTest\Projects\Win\VS11\ConcurrentTest.vcxproj", "{146BBEE1-B02E-43BF-AEB8-63F14DF32246}"
EndProject
Project("{FAE04EC0-301F-11D3-BF4B-00C04F79EFBC}") = "RegressionTesterLib", "..\..\..\DevTools\RegressionTesterLib\RegressionTesterLib.csproj", "{B73F6FD0-C1B9-4D07-B561-63D413FB8E18}"
EndProject
Project("{FAE04EC0-301F-11D3-BF4B-00C04F79EFBC}") = "AutomaticTester", "..\..\..\DevTools\AutomaticTester\AutomaticTester.csproj", "{4F7C818B-4A2E-40C3-9036-92CCBF65C0FF}"
EndProject
Global
	GlobalSection(SolutionConfigurationPlatforms) = preSolution
		Debug|Any CPU = Debug|Any CPU
		Debug|Mixed Platforms = Debug|Mixed Platforms
		Debug|Win32 = Debug|Win32
		Debug|x64 = Debug|x64
		Release|Any CPU = Release|Any CPU
		Release|Mixed Platforms = Release|Mixed Platforms
		Release|Win32 = Release|Win32
		Release|x64 = Release|x64
	EndGlobalSection
	GlobalSection(ProjectConfigurationPlatforms) = postSolution
		{78C1F0D1-BD43-4162-8F54-FEA184B03C36}.Debug|Any CPU.ActiveCfg = Debug|Win32
		{78C1F0D1-BD43-4162-8F54-FEA184B03C36}.Debug|Mixed Platforms.ActiveCfg = Debug|Win32
		{78C1F0D1-BD43-4162-8F54-FEA184B03C36}.Debug|Mixed Platforms.Build.0 = Debug|Win32
		{78C1F0D1-BD43-4162-8F54-FEA184B03C36}.Debug|Win32.ActiveCfg = Debug|Win32
		{78C1F0D1-BD43-4162-8F54-FEA184B03C36}.Debug|Win32.Build.0 = Debug|Win32
		{78C1F0D1-BD43-4162-8F54-FEA184B03C36}.Debug|x64.ActiveCfg = Debug|x64
		{78C1F0D1-BD43-4162-8F54-FEA184B03C36}.Debug|x64.Build.0 = Debug|x64
		{78C1F0D1-BD43-4162-8F54-FEA184B03C36}.Release|Any CPU.ActiveCfg = Release|Win32
		{78C1F0D1-BD43-4162-8F54-FEA184B03C36}.Release|Mixed Platforms.ActiveCfg = Release|Win32
		{78C1F0D1-BD43-4162-8F54-FEA184B03C36}.Release|Mixed Platforms.Build.0 = Release|Win32
		{78C1F0D1-BD43-4162-8F54-FEA184B03C36}.Release|Win32.ActiveCfg = Release|Win32
		{78C1F0D1-BD43-4162-8F54-FEA184B03C36}.Release|Win32.Build.0 = Release|Win32
		{78C1F0D1-BD43-4162-8F54-FEA184B03C36}.Release|x64.ActiveCfg = Release|x64
		{78C1F0D1-BD43-4162-8F54-FEA184B03C36}.Release|x64.Build.0 = Release|x64
		{E92B5BDF-8BD5-4D22-B2CD-90D681DEDA85}.Debug|Any CPU.ActiveCfg = Debug|Win32
		{E92B5BDF-8BD5-4D22-B2CD-90D681DEDA85}.Debug|Mixed Platforms.ActiveCfg = Debug|Win32
		{E92B5BDF-8BD5-4D22-B2CD-90D681DEDA85}.Debug|Mixed Platforms.Build.0 = Debug|Win32
		{E92B5BDF-8BD5-4D22-B2CD-90D681DEDA85}.Debug|Win32.ActiveCfg = Debug|Win32
		{E92B5BDF-8BD5-4D22-B2CD-90D681DEDA85}.Debug|Win32.Build.0 = Debug|Win32
		{E92B5BDF-8BD5-4D22-B2CD-90D681DEDA85}.Debug|x64.ActiveCfg = Debug|x64
		{E92B5BDF-8BD5-4D22-B2CD-90D681DEDA85}.Debug|x64.Build.0 = Debug|x64
		{E92B5BDF-8BD5-4D22-B2CD-90D681DEDA85}.Release|Any CPU.ActiveCfg = Release|Win32
		{E92B5BDF-8BD5-4D22-B2CD-90D681DEDA85}.Release|Mixed Platforms.ActiveCfg = Release|Win32
		{E92B5BDF-8BD5-4D22-B2CD-90D681DEDA85}.Release|Mixed Platforms.Build.0 = Release|Win32
		{E92B5BDF-8BD5-4D22-B2CD-90D681DEDA85}.Release|Win32.ActiveCfg = Release|Win32
		{E92B5BDF-8BD5-4D22-B2CD-90D681DEDA85}.Release|Win32.Build.0 = Release|Win32
		{E92B5BDF-8BD5-4D22-B2CD-90D681DEDA85}.Release|x64.ActiveCfg = Release|x64
		{E92B5BDF-8BD5-4D22-B2CD-90D681DEDA85}.Release|x64.Build.0 = Release|x64
		{9D72E88B-3DA9-4B56-A703-29641FA82479}.Debug|Any CPU.ActiveCfg = Debug|Win32
		{9D72E88B-3DA9-4B56-A703-29641FA82479}.Debug|Mixed Platforms.ActiveCfg = Debug|Win32
		{9D72E88B-3DA9-4B56-A703-29641FA82479}.Debug|Mixed Platforms.Build.0 = Debug|Win32
		{9D72E88B-3DA9-4B56-A703-29641FA82479}.Debug|Win32.ActiveCfg = Debug|Win32
		{9D72E88B-3DA9-4B56-A703-29641FA82479}.Debug|Win32.Build.0 = Debug|Win32
		{9D72E88B-3DA9-4B56-A703-29641FA82479}.Debug|x64.ActiveCfg = Debug|x64
		{9D72E88B-3DA9-4B56-A703-29641FA82479}.Debug|x64.Build.0 = Debug|x64
		{9D72E88B-3DA9-4B56-A703-29641FA82479}.Release|Any CPU.ActiveCfg = Release|Win32
		{9D72E88B-3DA9-4B56-A703-29641FA82479}.Release|Mixed Platforms.ActiveCfg = Release|Win32
		{9D72E88B-3DA9-4B56-A703-29641FA82479}.Release|Mixed Platforms.Build.0 = Release|Win32
		{9D72E88B-3DA9-4B56-A703-29641FA82479}.Release|Win32.ActiveCfg = Release|Win32
		{9D72E88B-3DA9-4B56-A703-29641FA82479}.Release|Win32.Build.0 = Release|Win32
		{9D72E88B-3DA9-4B56-A703-29641FA82479}.Release|x64.ActiveCfg = Release|x64
		{9D72E88B-3DA9-4B56-A703-29641FA82479}.Release|x64.Build.0 = Release|x64
		{4F825938-1541-4001-B161-C6FDF38F8CA7}.Debug|Any CPU.ActiveCfg = Debug|Win32
		{4F825938-1541-4001-B161-C6FDF38F8CA7}.Debug|Mixed Platforms.ActiveCfg = Debug|Win32
		{4F825938-1541-4001-B161-C6FDF38F8CA7}.Debug|Mixed Platforms.Build.0 = Debug|Win32
		{4F825938-1541-4001-B161-C6FDF38F8CA7}.Debug|Win32.ActiveCfg = Debug|Win32
		{4F825938-1541-4001-B161-C6FDF38F8CA7}.Debug|Win32.Build.0 = Debug|Win32
		{4F825938-1541-4001-B161-C6FDF38F8CA7}.Debug|x64.ActiveCfg = Debug|x64
		{4F825938-1541-4001-B161-C6FDF38F8CA7}.Debug|x64.Build.0 = Debug|x64
		{4F825938-1541-4001-B161-C6FDF38F8CA7}.Release|Any CPU.ActiveCfg = Release|Win32
		{4F825938-1541-4001-B161-C6FDF38F8CA7}.Release|Mixed Platforms.ActiveCfg = Release|Win32
		{4F825938-1541-4001-B161-C6FDF38F8CA7}.Release|Mixed Platforms.Build.0 = Release|Win32
		{4F825938-1541-4001-B161-C6FDF38F8CA7}.Release|Win32.ActiveCfg = Release|Win32
		{4F825938-1541-4001-B161-C6FDF38F8CA7}.Release|Win32.Build.0 = Release|Win32
		{4F825938-1541-4001-B161-C6FDF38F8CA7}.Release|x64.ActiveCfg = Release|x64
		{33E2CC63-2591-46B1-9B24-2A284566F1D6}.Debug|Any CPU.ActiveCfg = Debug|Win32
		{33E2CC63-2591-46B1-9B24-2A284566F1D6}.Debug|Mixed Platforms.ActiveCfg = Debug|Win32
		{33E2CC63-2591-46B1-9B24-2A284566F1D6}.Debug|Mixed Platforms.Build.0 = Debug|Win32
		{33E2CC63-2591-46B1-9B24-2A284566F1D6}.Debug|Win32.ActiveCfg = Debug|Win32
		{33E2CC63-2591-46B1-9B24-2A284566F1D6}.Debug|Win32.Build.0 = Debug|Win32
		{33E2CC63-2591-46B1-9B24-2A284566F1D6}.Debug|x64.ActiveCfg = Debug|x64
		{33E2CC63-2591-46B1-9B24-2A284566F1D6}.Debug|x64.Build.0 = Debug|x64
		{33E2CC63-2591-46B1-9B24-2A284566F1D6}.Release|Any CPU.ActiveCfg = Release|Win32
		{33E2CC63-2591-46B1-9B24-2A284566F1D6}.Release|Mixed Platforms.ActiveCfg = Release|Win32
		{33E2CC63-2591-46B1-9B24-2A284566F1D6}.Release|Mixed Platforms.Build.0 = Release|Win32
		{33E2CC63-2591-46B1-9B24-2A284566F1D6}.Release|Win32.ActiveCfg = Release|Win32
		{33E2CC63-2591-46B1-9B24-2A284566F1D6}.Release|Win32.Build.0 = Release|Win32
		{33E2CC63-2591-46B1-9B24-2A284566F1D6}.Release|x64.ActiveCfg = Release|x64
		{33E2CC63-2591-46B1-9B24-2A284566F1D6}.Release|x64.Build.0 = Release|x64
		{B0E6C314-5B08-40F7-87EF-17141A389BA5}.Debug|Any CPU.ActiveCfg = Debug|Win32
		{B0E6C314-5B08-40F7-87EF-17141A389BA5}.Debug|Mixed Platforms.ActiveCfg = Debug|Win32
		{B0E6C314-5B08-40F7-87EF-17141A389BA5}.Debug|Mixed Platforms.Build.0 = Debug|Win32
		{B0E6C314-5B08-40F7-87EF-17141A389BA5}.Debug|Win32.ActiveCfg = Debug|Win32
		{B0E6C314-5B08-40F7-87EF-17141A389BA5}.Debug|Win32.Build.0 = Debug|Win32
		{B0E6C314-5B08-40F7-87EF-17141A389BA5}.Debug|x64.ActiveCfg = Debug|x64
		{B0E6C314-5B08-40F7-87EF-17141A389BA5}.Debug|x64.Build.0 = Debug|x64
		{B0E6C314-5B08-40F7-87EF-17141A389BA5}.Release|Any CPU.ActiveCfg = Release|Win32
		{B0E6C314-5B08-40F7-87EF-17141A389BA5}.Release|Mixed Platforms.ActiveCfg = Release|Win32
		{B0E6C314-5B08-40F7-87EF-17141A389BA5}.Release|Mixed Platforms.Build.0 = Release|Win32
		{B0E6C314-5B08-40F7-87EF-17141A389BA5}.Release|Win32.ActiveCfg = Release|Win32
		{B0E6C314-5B08-40F7-87EF-17141A389BA5}.Release|Win32.Build.0 = Release|Win32
		{B0E6C314-5B08-40F7-87EF-17141A389BA5}.Release|x64.ActiveCfg = Release|x64
		{B0E6C314-5B08-40F7-87EF-17141A389BA5}.Release|x64.Build.0 = Release|x64
		{ECABCE66-F47E-4889-8A4C-20DCB97C86B8}.Debug|Any CPU.ActiveCfg = Debug|Win32
		{ECABCE66-F47E-4889-8A4C-20DCB97C86B8}.Debug|Mixed Platforms.ActiveCfg = Debug|Win32
		{ECABCE66-F47E-4889-8A4C-20DCB97C86B8}.Debug|Mixed Platforms.Build.0 = Debug|Win32
		{ECABCE66-F47E-4889-8A4C-20DCB97C86B8}.Debug|Win32.ActiveCfg = Debug|Win32
		{ECABCE66-F47E-4889-8A4C-20DCB97C86B8}.Debug|Win32.Build.0 = Debug|Win32
		{ECABCE66-F47E-4889-8A4C-20DCB97C86B8}.Debug|x64.ActiveCfg = Debug|x64
		{ECABCE66-F47E-4889-8A4C-20DCB97C86B8}.Debug|x64.Build.0 = Debug|x64
		{ECABCE66-F47E-4889-8A4C-20DCB97C86B8}.Release|Any CPU.ActiveCfg = Release|Win32
		{ECABCE66-F47E-4889-8A4C-20DCB97C86B8}.Release|Mixed Platforms.ActiveCfg = Release|Win32
		{ECABCE66-F47E-4889-8A4C-20DCB97C86B8}.Release|Mixed Platforms.Build.0 = Release|Win32
		{ECABCE66-F47E-4889-8A4C-20DCB97C86B8}.Release|Win32.ActiveCfg = Release|Win32
		{ECABCE66-F47E-4889-8A4C-20DCB97C86B8}.Release|Win32.Build.0 = Release|Win32
		{ECABCE66-F47E-4889-8A4C-20DCB97C86B8}.Release|x64.ActiveCfg = Release|x64
		{ECABCE66-F47E-4889-8A4C-20DCB97C86B8}.Release|x64.Build.0 = Release|x64
		{C8FE17FB-A0B8-4069-B88A-855CC14D9810}.Debug|Any CPU.ActiveCfg = Debug|Win32
		{C8FE17FB-A0B8-4069-B88A-855CC14D9810}.Debug|Mixed Platforms.ActiveCfg = Debug|Win32
		{C8FE17FB-A0B8-4069-B88A-855CC14D9810}.Debug|Mixed Platforms.Build.0 = Debug|Win32
		{C8FE17FB-A0B8-4069-B88A-855CC14D9810}.Debug|Win32.ActiveCfg = Debug|Win32
		{C8FE17FB-A0B8-4069-B88A-855CC14D9810}.Debug|Win32.Build.0 = Debug|Win32
		{C8FE17FB-A0B8-4069-B88A-855CC14D9810}.Debug|x64.ActiveCfg = Debug|x64
		{C8FE17FB-A0B8-4069-B88A-855CC14D9810}.Debug|x64.Build.0 = Debug|x64
		{C8FE17FB-A0B8-4069-B88A-855CC14D9810}.Release|Any CPU.ActiveCfg = Release|Win32
		{C8FE17FB-A0B8-4069-B88A-855CC14D9810}.Release|Mixed Platforms.ActiveCfg = Release|Win32
		{C8FE17FB-A0B8-4069-B88A-855CC14D9810}.Release|Mixed Platforms.Build.0 = Release|Win32
		{C8FE17FB-A0B8-4069-B88A-855CC14D9810}.Release|Win32.ActiveCfg = Release|Win32
		{C8FE17FB-A0B8-4069-B88A-855CC14D9810}.Release|Win32.Build.0 = Release|Win32
		{C8FE17FB-A0B8-4069-B88A-855CC14D9810}.Release|x64.ActiveCfg = Release|x64
		{C8FE17FB-A0B8-4069-B88A-855CC14D9810}.Release|x64.Build.0 = Release|x64
		{C3A7884F-3133-4C87-ACE7-B8BC935426CC}.Debug|Any CPU.ActiveCfg = Debug|Win32
		{C3A7884F-3133-4C87-ACE7-B8BC935426CC}.Debug|Mixed Platforms.ActiveCfg = Debug|Win32
		{C3A7884F-3133-4C87-ACE7-B8BC935426CC}.Debug|Mixed Platforms.Build.0 = Debug|Win32
		{C3A7884F-3133-4C87-ACE7-B8BC935426CC}.Debug|Win32.ActiveCfg = Debug|Win32
		{C3A7884F-3133-4C87-ACE7-B8BC935426CC}.Debug|Win32.Build.0 = Debug|Win32
		{C3A7884F-3133-4C87-ACE7-B8BC935426CC}.Debug|x64.ActiveCfg = Debug|x64
		{C3A7884F-3133-4C87-ACE7-B8BC935426CC}.Debug|x64.Build.0 = Debug|x64
		{C3A7884F-3133-4C87-ACE7-B8BC935426CC}.Release|Any CPU.ActiveCfg = Release|Win32
		{C3A7884F-3133-4C87-ACE7-B8BC935426CC}.Release|Mixed Platforms.ActiveCfg = Release|Win32
		{C3A7884F-3133-4C87-ACE7-B8BC935426CC}.Release|Mixed Platforms.Build.0 = Release|Win32
		{C3A7884F-3133-4C87-ACE7-B8BC935426CC}.Release|Win32.ActiveCfg = Release|Win32
		{C3A7884F-3133-4C87-ACE7-B8BC935426CC}.Release|Win32.Build.0 = Release|Win32
		{C3A7884F-3133-4C87-ACE7-B8BC935426CC}.Release|x64.ActiveCfg = Release|x64
		{C3A7884F-3133-4C87-ACE7-B8BC935426CC}.Release|x64.Build.0 = Release|x64
		{09C5EE56-18D0-4625-B632-B4980A620F4E}.Debug|Any CPU.ActiveCfg = Debug|Win32
		{09C5EE56-18D0-4625-B632-B4980A620F4E}.Debug|Mixed Platforms.ActiveCfg = Debug|Win32
		{09C5EE56-18D0-4625-B632-B4980A620F4E}.Debug|Mixed Platforms.Build.0 = Debug|Win32
		{09C5EE56-18D0-4625-B632-B4980A620F4E}.Debug|Win32.ActiveCfg = Debug|Win32
		{09C5EE56-18D0-4625-B632-B4980A620F4E}.Debug|Win32.Build.0 = Debug|Win32
		{09C5EE56-18D0-4625-B632-B4980A620F4E}.Debug|x64.ActiveCfg = Debug|x64
		{09C5EE56-18D0-4625-B632-B4980A620F4E}.Debug|x64.Build.0 = Debug|x64
		{09C5EE56-18D0-4625-B632-B4980A620F4E}.Release|Any CPU.ActiveCfg = Release|Win32
		{09C5EE56-18D0-4625-B632-B4980A620F4E}.Release|Mixed Platforms.ActiveCfg = Release|Win32
		{09C5EE56-18D0-4625-B632-B4980A620F4E}.Release|Mixed Platforms.Build.0 = Release|Win32
		{09C5EE56-18D0-4625-B632-B4980A620F4E}.Release|Win32.ActiveCfg = Release|Win32
		{09C5EE56-18D0-4625-B632-B4980A620F4E}.Release|Win32.Build.0 = Release|Win32
		{09C5EE56-18D0-4625-B632-B4980A620F4E}.Release|x64.ActiveCfg = Release|x64
		{09C5EE56-18D0-4625-B632-B4980A620F4E}.Release|x64.Build.0 = Release|x64
		{E3611A8A-25FC-4C0E-89AE-89611FC3427A}.Debug|Any CPU.ActiveCfg = Debug|Win32
		{E3611A8A-25FC-4C0E-89AE-89611FC3427A}.Debug|Mixed Platforms.ActiveCfg = Debug|Win32
		{E3611A8A-25FC-4C0E-89AE-89611FC3427A}.Debug|Mixed Platforms.Build.0 = Debug|Win32
		{E3611A8A-25FC-4C0E-89AE-89611FC3427A}.Debug|Win32.ActiveCfg = Debug|Win32
		{E3611A8A-25FC-4C0E-89AE-89611FC3427A}.Debug|Win32.Build.0 = Debug|Win32
		{E3611A8A-25FC-4C0E-89AE-89611FC3427A}.Debug|x64.ActiveCfg = Debug|x64
		{E3611A8A-25FC-4C0E-89AE-89611FC3427A}.Debug|x64.Build.0 = Debug|x64
		{E3611A8A-25FC-4C0E-89AE-89611FC3427A}.Release|Any CPU.ActiveCfg = Release|Win32
		{E3611A8A-25FC-4C0E-89AE-89611FC3427A}.Release|Mixed Platforms.ActiveCfg = Release|Win32
		{E3611A8A-25FC-4C0E-89AE-89611FC3427A}.Release|Mixed Platforms.Build.0 = Release|Win32
		{E3611A8A-25FC-4C0E-89AE-89611FC3427A}.Release|Win32.ActiveCfg = Release|Win32
		{E3611A8A-25FC-4C0E-89AE-89611FC3427A}.Release|Win32.Build.0 = Release|Win32
		{E3611A8A-25FC-4C0E-89AE-89611FC3427A}.Release|x64.ActiveCfg = Release|x64
		{E3611A8A-25FC-4C0E-89AE-89611FC3427A}.Release|x64.Build.0 = Release|x64
		{00218970-E820-4BCC-B1DA-48348059F6FE}.Debug|Any CPU.ActiveCfg = Debug|Win32
		{00218970-E820-4BCC-B1DA-48348059F6FE}.Debug|Mixed Platforms.ActiveCfg = Debug|Win32
		{00218970-E820-4BCC-B1DA-48348059F6FE}.Debug|Mixed Platforms.Build.0 = Debug|Win32
		{00218970-E820-4BCC-B1DA-48348059F6FE}.Debug|Win32.ActiveCfg = Debug|Win32
		{00218970-E820-4BCC-B1DA-48348059F6FE}.Debug|Win32.Build.0 = Debug|Win32
		{00218970-E820-4BCC-B1DA-48348059F6FE}.Debug|x64.ActiveCfg = Debug|x64
		{00218970-E820-4BCC-B1DA-48348059F6FE}.Debug|x64.Build.0 = Debug|x64
		{00218970-E820-4BCC-B1DA-48348059F6FE}.Release|Any CPU.ActiveCfg = Release|Win32
		{00218970-E820-4BCC-B1DA-48348059F6FE}.Release|Mixed Platforms.ActiveCfg = Release|Win32
		{00218970-E820-4BCC-B1DA-48348059F6FE}.Release|Mixed Platforms.Build.0 = Release|Win32
		{00218970-E820-4BCC-B1DA-48348059F6FE}.Release|Win32.ActiveCfg = Release|Win32
		{00218970-E820-4BCC-B1DA-48348059F6FE}.Release|Win32.Build.0 = Release|Win32
		{00218970-E820-4BCC-B1DA-48348059F6FE}.Release|x64.ActiveCfg = Release|x64
		{00218970-E820-4BCC-B1DA-48348059F6FE}.Release|x64.Build.0 = Release|x64
		{1457450D-CBF9-4073-A406-5DC5C89BD065}.Debug|Any CPU.ActiveCfg = Debug|Win32
		{1457450D-CBF9-4073-A406-5DC5C89BD065}.Debug|Mixed Platforms.ActiveCfg = Debug|Win32
		{1457450D-CBF9-4073-A406-5DC5C89BD065}.Debug|Mixed Platforms.Build.0 = Debug|Win32
		{1457450D-CBF9-4073-A406-5DC5C89BD065}.Debug|Win32.ActiveCfg = Debug|Win32
		{1457450D-CBF9-4073-A406-5DC5C89BD065}.Debug|Win32.Build.0 = Debug|Win32
		{1457450D-CBF9-4073-A406-5DC5C89BD065}.Debug|x64.ActiveCfg = Debug|x64
		{1457450D-CBF9-4073-A406-5DC5C89BD065}.Debug|x64.Build.0 = Debug|x64
		{1457450D-CBF9-4073-A406-5DC5C89BD065}.Release|Any CPU.ActiveCfg = Release|Win32
		{1457450D-CBF9-4073-A406-5DC5C89BD065}.Release|Mixed Platforms.ActiveCfg = Release|Win32
		{1457450D-CBF9-4073-A406-5DC5C89BD065}.Release|Mixed Platforms.Build.0 = Release|Win32
		{1457450D-CBF9-4073-A406-5DC5C89BD065}.Release|Win32.ActiveCfg = Release|Win32
		{1457450D-CBF9-4073-A406-5DC5C89BD065}.Release|Win32.Build.0 = Release|Win32
		{1457450D-CBF9-4073-A406-5DC5C89BD065}.Release|x64.ActiveCfg = Release|x64
		{1457450D-CBF9-4073-A406-5DC5C89BD065}.Release|x64.Build.0 = Release|x64
		{B054F6A0-06EC-44E7-AE4E-DA8663237E92}.Debug|Any CPU.ActiveCfg = Debug|Win32
		{B054F6A0-06EC-44E7-AE4E-DA8663237E92}.Debug|Mixed Platforms.ActiveCfg = Debug|Win32
		{B054F6A0-06EC-44E7-AE4E-DA8663237E92}.Debug|Mixed Platforms.Build.0 = Debug|Win32
		{B054F6A0-06EC-44E7-AE4E-DA8663237E92}.Debug|Win32.ActiveCfg = Debug|Win32
		{B054F6A0-06EC-44E7-AE4E-DA8663237E92}.Debug|Win32.Build.0 = Debug|Win32
		{B054F6A0-06EC-44E7-AE4E-DA8663237E92}.Debug|x64.ActiveCfg = Debug|x64
		{B054F6A0-06EC-44E7-AE4E-DA8663237E92}.Debug|x64.Build.0 = Debug|x64
		{B054F6A0-06EC-44E7-AE4E-DA8663237E92}.Release|Any CPU.ActiveCfg = Release|Win32
		{B054F6A0-06EC-44E7-AE4E-DA8663237E92}.Release|Mixed Platforms.ActiveCfg = Release|Win32
		{B054F6A0-06EC-44E7-AE4E-DA8663237E92}.Release|Mixed Platforms.Build.0 = Release|Win32
		{B054F6A0-06EC-44E7-AE4E-DA8663237E92}.Release|Win32.ActiveCfg = Release|Win32
		{B054F6A0-06EC-44E7-AE4E-DA8663237E92}.Release|Win32.Build.0 = Release|Win32
		{B054F6A0-06EC-44E7-AE4E-DA8663237E92}.Release|x64.ActiveCfg = Release|x64
		{B054F6A0-06EC-44E7-AE4E-DA8663237E92}.Release|x64.Build.0 = Release|x64
		{6A33F496-E3C1-4C91-A4E1-049C0C3B762E}.Debug|Any CPU.ActiveCfg = Debug|Win32
		{6A33F496-E3C1-4C91-A4E1-049C0C3B762E}.Debug|Mixed Platforms.ActiveCfg = Debug|Win32
		{6A33F496-E3C1-4C91-A4E1-049C0C3B762E}.Debug|Mixed Platforms.Build.0 = Debug|Win32
		{6A33F496-E3C1-4C91-A4E1-049C0C3B762E}.Debug|Win32.ActiveCfg = Debug|Win32
		{6A33F496-E3C1-4C91-A4E1-049C0C3B762E}.Debug|Win32.Build.0 = Debug|Win32
		{6A33F496-E3C1-4C91-A4E1-049C0C3B762E}.Debug|x64.ActiveCfg = Debug|x64
		{6A33F496-E3C1-4C91-A4E1-049C0C3B762E}.Debug|x64.Build.0 = Debug|x64
		{6A33F496-E3C1-4C91-A4E1-049C0C3B762E}.Release|Any CPU.ActiveCfg = Release|Win32
		{6A33F496-E3C1-4C91-A4E1-049C0C3B762E}.Release|Mixed Platforms.ActiveCfg = Release|Win32
		{6A33F496-E3C1-4C91-A4E1-049C0C3B762E}.Release|Mixed Platforms.Build.0 = Release|Win32
		{6A33F496-E3C1-4C91-A4E1-049C0C3B762E}.Release|Win32.ActiveCfg = Release|Win32
		{6A33F496-E3C1-4C91-A4E1-049C0C3B762E}.Release|Win32.Build.0 = Release|Win32
		{6A33F496-E3C1-4C91-A4E1-049C0C3B762E}.Release|x64.ActiveCfg = Release|x64
		{6A33F496-E3C1-4C91-A4E1-049C0C3B762E}.Release|x64.Build.0 = Release|x64
		{EC6E9311-C4FC-4C55-BFB5-29C69C77F520}.Debug|Any CPU.ActiveCfg = Debug|Win32
		{EC6E9311-C4FC-4C55-BFB5-29C69C77F520}.Debug|Mixed Platforms.ActiveCfg = Debug|Win32
		{EC6E9311-C4FC-4C55-BFB5-29C69C77F520}.Debug|Mixed Platforms.Build.0 = Debug|Win32
		{EC6E9311-C4FC-4C55-BFB5-29C69C77F520}.Debug|Win32.ActiveCfg = Debug|Win32
		{EC6E9311-C4FC-4C55-BFB5-29C69C77F520}.Debug|Win32.Build.0 = Debug|Win32
		{EC6E9311-C4FC-4C55-BFB5-29C69C77F520}.Debug|x64.ActiveCfg = Debug|x64
		{EC6E9311-C4FC-4C55-BFB5-29C69C77F520}.Debug|x64.Build.0 = Debug|x64
		{EC6E9311-C4FC-4C55-BFB5-29C69C77F520}.Release|Any CPU.ActiveCfg = Release|Win32
		{EC6E9311-C4FC-4C55-BFB5-29C69C77F520}.Release|Mixed Platforms.ActiveCfg = Release|Win32
		{EC6E9311-C4FC-4C55-BFB5-29C69C77F520}.Release|Mixed Platforms.Build.0 = Release|Win32
		{EC6E9311-C4FC-4C55-BFB5-29C69C77F520}.Release|Win32.ActiveCfg = Release|Win32
		{EC6E9311-C4FC-4C55-BFB5-29C69C77F520}.Release|Win32.Build.0 = Release|Win32
		{EC6E9311-C4FC-4C55-BFB5-29C69C77F520}.Release|x64.ActiveCfg = Release|x64
		{EC6E9311-C4FC-4C55-BFB5-29C69C77F520}.Release|x64.Build.0 = Release|x64
		{DDD0A366-9A5F-4FA6-B1D2-F452B80BAC8C}.Debug|Any CPU.ActiveCfg = Debug|Any CPU
		{DDD0A366-9A5F-4FA6-B1D2-F452B80BAC8C}.Debug|Any CPU.Build.0 = Debug|Any CPU
		{DDD0A366-9A5F-4FA6-B1D2-F452B80BAC8C}.Debug|Mixed Platforms.ActiveCfg = Debug|Any CPU
		{DDD0A366-9A5F-4FA6-B1D2-F452B80BAC8C}.Debug|Mixed Platforms.Build.0 = Debug|Any CPU
		{DDD0A366-9A5F-4FA6-B1D2-F452B80BAC8C}.Debug|Win32.ActiveCfg = Debug|Any CPU
		{DDD0A366-9A5F-4FA6-B1D2-F452B80BAC8C}.Debug|x64.ActiveCfg = Debug|Any CPU
		{DDD0A366-9A5F-4FA6-B1D2-F452B80BAC8C}.Release|Any CPU.ActiveCfg = Release|Any CPU
		{DDD0A366-9A5F-4FA6-B1D2-F452B80BAC8C}.Release|Any CPU.Build.0 = Release|Any CPU
		{DDD0A366-9A5F-4FA6-B1D2-F452B80BAC8C}.Release|Mixed Platforms.ActiveCfg = Release|Any CPU
		{DDD0A366-9A5F-4FA6-B1D2-F452B80BAC8C}.Release|Mixed Platforms.Build.0 = Release|Any CPU
		{DDD0A366-9A5F-4FA6-B1D2-F452B80BAC8C}.Release|Win32.ActiveCfg = Release|Any CPU
		{DDD0A366-9A5F-4FA6-B1D2-F452B80BAC8C}.Release|x64.ActiveCfg = Release|Any CPU
		{9FA5A3B8-FA25-4AA0-A3AC-DFCA1283D6D2}.Debug|Any CPU.ActiveCfg = Debug|Win32
		{9FA5A3B8-FA25-4AA0-A3AC-DFCA1283D6D2}.Debug|Mixed Platforms.ActiveCfg = Debug|Win32
		{9FA5A3B8-FA25-4AA0-A3AC-DFCA1283D6D2}.Debug|Mixed Platforms.Build.0 = Debug|Win32
		{9FA5A3B8-FA25-4AA0-A3AC-DFCA1283D6D2}.Debug|Win32.ActiveCfg = Debug|Win32
		{9FA5A3B8-FA25-4AA0-A3AC-DFCA1283D6D2}.Debug|Win32.Build.0 = Debug|Win32
		{9FA5A3B8-FA25-4AA0-A3AC-DFCA1283D6D2}.Debug|x64.ActiveCfg = Debug|x64
		{9FA5A3B8-FA25-4AA0-A3AC-DFCA1283D6D2}.Debug|x64.Build.0 = Debug|x64
		{9FA5A3B8-FA25-4AA0-A3AC-DFCA1283D6D2}.Release|Any CPU.ActiveCfg = Release|Win32
		{9FA5A3B8-FA25-4AA0-A3AC-DFCA1283D6D2}.Release|Mixed Platforms.ActiveCfg = Release|Win32
		{9FA5A3B8-FA25-4AA0-A3AC-DFCA1283D6D2}.Release|Mixed Platforms.Build.0 = Release|Win32
		{9FA5A3B8-FA25-4AA0-A3AC-DFCA1283D6D2}.Release|Win32.ActiveCfg = Release|Win32
		{9FA5A3B8-FA25-4AA0-A3AC-DFCA1283D6D2}.Release|Win32.Build.0 = Release|Win32
		{9FA5A3B8-FA25-4AA0-A3AC-DFCA1283D6D2}.Release|x64.ActiveCfg = Release|x64
		{9FA5A3B8-FA25-4AA0-A3AC-DFCA1283D6D2}.Release|x64.Build.0 = Release|x64
		{C7749607-3EB2-4F74-B453-FD859F41E8C1}.Debug|Any CPU.ActiveCfg = Debug|Win32
		{C7749607-3EB2-4F74-B453-FD859F41E8C1}.Debug|Mixed Platforms.ActiveCfg = Debug|Win32
		{C7749607-3EB2-4F74-B453-FD859F41E8C1}.Debug|Mixed Platforms.Build.0 = Debug|Win32
		{C7749607-3EB2-4F74-B453-FD859F41E8C1}.Debug|Win32.ActiveCfg = Debug|Win32
		{C7749607-3EB2-4F74-B453-FD859F41E8C1}.Debug|Win32.Build.0 = Debug|Win32
		{C7749607-3EB2-4F74-B453-FD859F41E8C1}.Debug|x64.ActiveCfg = Debug|x64
		{C7749607-3EB2-4F74-B453-FD859F41E8C1}.Debug|x64.Build.0 = Debug|x64
		{C7749607-3EB2-4F74-B453-FD859F41E8C1}.Release|Any CPU.ActiveCfg = Release|Win32
		{C7749607-3EB2-4F74-B453-FD859F41E8C1}.Release|Mixed Platforms.ActiveCfg = Release|Win32
		{C7749607-3EB2-4F74-B453-FD859F41E8C1}.Release|Mixed Platforms.Build.0 = Release|Win32
		{C7749607-3EB2-4F74-B453-FD859F41E8C1}.Release|Win32.ActiveCfg = Release|Win32
		{C7749607-3EB2-4F74-B453-FD859F41E8C1}.Release|Win32.Build.0 = Release|Win32
		{C7749607-3EB2-4F74-B453-FD859F41E8C1}.Release|x64.ActiveCfg = Release|x64
		{C7749607-3EB2-4F74-B453-FD859F41E8C1}.Release|x64.Build.0 = Release|x64
		{BFD61862-778E-4636-9143-97D8262B7F6E}.Debug|Any CPU.ActiveCfg = Debug|Win32
		{BFD61862-778E-4636-9143-97D8262B7F6E}.Debug|Mixed Platforms.ActiveCfg = Debug|Win32
		{BFD61862-778E-4636-9143-97D8262B7F6E}.Debug|Mixed Platforms.Build.0 = Debug|Win32
		{BFD61862-778E-4636-9143-97D8262B7F6E}.Debug|Win32.ActiveCfg = Debug|Win32
		{BFD61862-778E-4636-9143-97D8262B7F6E}.Debug|Win32.Build.0 = Debug|Win32
		{BFD61862-778E-4636-9143-97D8262B7F6E}.Debug|x64.ActiveCfg = Debug|x64
		{BFD61862-778E-4636-9143-97D8262B7F6E}.Debug|x64.Build.0 = Debug|x64
		{BFD61862-778E-4636-9143-97D8262B7F6E}.Release|Any CPU.ActiveCfg = Release|Win32
		{BFD61862-778E-4636-9143-97D8262B7F6E}.Release|Mixed Platforms.ActiveCfg = Release|Win32
		{BFD61862-778E-4636-9143-97D8262B7F6E}.Release|Mixed Platforms.Build.0 = Release|Win32
		{BFD61862-778E-4636-9143-97D8262B7F6E}.Release|Win32.ActiveCfg = Release|Win32
		{BFD61862-778E-4636-9143-97D8262B7F6E}.Release|Win32.Build.0 = Release|Win32
		{BFD61862-778E-4636-9143-97D8262B7F6E}.Release|x64.ActiveCfg = Release|x64
		{BFD61862-778E-4636-9143-97D8262B7F6E}.Release|x64.Build.0 = Release|x64
		{0CC731C6-148D-4BEF-A579-DC5428FBF688}.Debug|Any CPU.ActiveCfg = Debug|Win32
		{0CC731C6-148D-4BEF-A579-DC5428FBF688}.Debug|Mixed Platforms.ActiveCfg = Debug|Win32
		{0CC731C6-148D-4BEF-A579-DC5428FBF688}.Debug|Mixed Platforms.Build.0 = Debug|Win32
		{0CC731C6-148D-4BEF-A579-DC5428FBF688}.Debug|Win32.ActiveCfg = Debug|Win32
		{0CC731C6-148D-4BEF-A579-DC5428FBF688}.Debug|Win32.Build.0 = Debug|Win32
		{0CC731C6-148D-4BEF-A579-DC5428FBF688}.Debug|x64.ActiveCfg = Debug|x64
		{0CC731C6-148D-4BEF-A579-DC5428FBF688}.Debug|x64.Build.0 = Debug|x64
		{0CC731C6-148D-4BEF-A579-DC5428FBF688}.Release|Any CPU.ActiveCfg = Release|Win32
		{0CC731C6-148D-4BEF-A579-DC5428FBF688}.Release|Mixed Platforms.ActiveCfg = Release|Win32
		{0CC731C6-148D-4BEF-A579-DC5428FBF688}.Release|Mixed Platforms.Build.0 = Release|Win32
		{0CC731C6-148D-4BEF-A579-DC5428FBF688}.Release|Win32.ActiveCfg = Release|Win32
		{0CC731C6-148D-4BEF-A579-DC5428FBF688}.Release|Win32.Build.0 = Release|Win32
		{0CC731C6-148D-4BEF-A579-DC5428FBF688}.Release|x64.ActiveCfg = Release|x64
		{0CC731C6-148D-4BEF-A579-DC5428FBF688}.Release|x64.Build.0 = Release|x64
		{614EAC49-973C-4EF7-9464-6CE4DA2A16C1}.Debug|Any CPU.ActiveCfg = Debug|Win32
		{614EAC49-973C-4EF7-9464-6CE4DA2A16C1}.Debug|Mixed Platforms.ActiveCfg = Debug|Win32
		{614EAC49-973C-4EF7-9464-6CE4DA2A16C1}.Debug|Mixed Platforms.Build.0 = Debug|Win32
		{614EAC49-973C-4EF7-9464-6CE4DA2A16C1}.Debug|Win32.ActiveCfg = Debug|Win32
		{614EAC49-973C-4EF7-9464-6CE4DA2A16C1}.Debug|Win32.Build.0 = Debug|Win32
		{614EAC49-973C-4EF7-9464-6CE4DA2A16C1}.Debug|x64.ActiveCfg = Debug|x64
		{614EAC49-973C-4EF7-9464-6CE4DA2A16C1}.Debug|x64.Build.0 = Debug|x64
		{614EAC49-973C-4EF7-9464-6CE4DA2A16C1}.Release|Any CPU.ActiveCfg = Release|Win32
		{614EAC49-973C-4EF7-9464-6CE4DA2A16C1}.Release|Mixed Platforms.ActiveCfg = Release|Win32
		{614EAC49-973C-4EF7-9464-6CE4DA2A16C1}.Release|Mixed Platforms.Build.0 = Release|Win32
		{614EAC49-973C-4EF7-9464-6CE4DA2A16C1}.Release|Win32.ActiveCfg = Release|Win32
		{614EAC49-973C-4EF7-9464-6CE4DA2A16C1}.Release|Win32.Build.0 = Release|Win32
		{614EAC49-973C-4EF7-9464-6CE4DA2A16C1}.Release|x64.ActiveCfg = Release|x64
		{614EAC49-973C-4EF7-9464-6CE4DA2A16C1}.Release|x64.Build.0 = Release|x64
		{F07363F7-EBCF-4F56-852F-57357E2A020F}.Debug|Any CPU.ActiveCfg = Debug|Win32
		{F07363F7-EBCF-4F56-852F-57357E2A020F}.Debug|Mixed Platforms.ActiveCfg = Debug|Win32
		{F07363F7-EBCF-4F56-852F-57357E2A020F}.Debug|Mixed Platforms.Build.0 = Debug|Win32
		{F07363F7-EBCF-4F56-852F-57357E2A020F}.Debug|Win32.ActiveCfg = Debug|Win32
		{F07363F7-EBCF-4F56-852F-57357E2A020F}.Debug|Win32.Build.0 = Debug|Win32
		{F07363F7-EBCF-4F56-852F-57357E2A020F}.Debug|x64.ActiveCfg = Debug|x64
		{F07363F7-EBCF-4F56-852F-57357E2A020F}.Debug|x64.Build.0 = Debug|x64
		{F07363F7-EBCF-4F56-852F-57357E2A020F}.Release|Any CPU.ActiveCfg = Release|Win32
		{F07363F7-EBCF-4F56-852F-57357E2A020F}.Release|Mixed Platforms.ActiveCfg = Release|Win32
		{F07363F7-EBCF-4F56-852F-57357E2A020F}.Release|Mixed Platforms.Build.0 = Release|Win32
		{F07363F7-EBCF-4F56-852F-57357E2A020F}.Release|Win32.ActiveCfg = Release|Win32
		{F07363F7-EBCF-4F56-852F-57357E2A020F}.Release|Win32.Build.0 = Release|Win32
		{F07363F7-EBCF-4F56-852F-57357E2A020F}.Release|x64.ActiveCfg = Release|x64
		{F07363F7-EBCF-4F56-852F-57357E2A020F}.Release|x64.Build.0 = Release|x64
		{78AB5093-C110-4E57-97EB-A13BDD956729}.Debug|Any CPU.ActiveCfg = Debug|Win32
		{78AB5093-C110-4E57-97EB-A13BDD956729}.Debug|Mixed Platforms.ActiveCfg = Debug|Win32
		{78AB5093-C110-4E57-97EB-A13BDD956729}.Debug|Mixed Platforms.Build.0 = Debug|Win32
		{78AB5093-C110-4E57-97EB-A13BDD956729}.Debug|Win32.ActiveCfg = Debug|Win32
		{78AB5093-C110-4E57-97EB-A13BDD956729}.Debug|Win32.Build.0 = Debug|Win32
		{78AB5093-C110-4E57-97EB-A13BDD956729}.Debug|x64.ActiveCfg = Debug|x64
		{78AB5093-C110-4E57-97EB-A13BDD956729}.Debug|x64.Build.0 = Debug|x64
		{78AB5093-C110-4E57-97EB-A13BDD956729}.Release|Any CPU.ActiveCfg = Release|Win32
		{78AB5093-C110-4E57-97EB-A13BDD956729}.Release|Mixed Platforms.ActiveCfg = Release|Win32
		{78AB5093-C110-4E57-97EB-A13BDD956729}.Release|Mixed Platforms.Build.0 = Release|Win32
		{78AB5093-C110-4E57-97EB-A13BDD956729}.Release|Win32.ActiveCfg = Release|Win32
		{78AB5093-C110-4E57-97EB-A13BDD956729}.Release|Win32.Build.0 = Release|Win32
		{78AB5093-C110-4E57-97EB-A13BDD956729}.Release|x64.ActiveCfg = Release|x64
		{78AB5093-C110-4E57-97EB-A13BDD956729}.Release|x64.Build.0 = Release|x64
		{146BBEE1-B02E-43BF-AEB8-63F14DF32246}.Debug|Any CPU.ActiveCfg = Debug|Win32
		{146BBEE1-B02E-43BF-AEB8-63F14DF32246}.Debug|Mixed Platforms.ActiveCfg = Debug|Win32
		{146BBEE1-B02E-43BF-AEB8-63F14DF32246}.Debug|Mixed Platforms.Build.0 = Debug|Win32
		{146BBEE1-B02E-43BF-AEB8-63F14DF32246}.Debug|Win32.ActiveCfg = Debug|Win32
		{146BBEE1-B02E-43BF-AEB8-63F14DF32246}.Debug|Win32.Build.0 = Debug|Win32
		{146BBEE1-B02E-43BF-AEB8-63F14DF32246}.Debug|x64.ActiveCfg = Debug|x64
		{146BBEE1-B02E-43BF-AEB8-63F14DF32246}.Debug|x64.Build.0 = Debug|x64
		{146BBEE1-B02E-43BF-AEB8-63F14DF32246}.Release|Any CPU.ActiveCfg = Release|Win32
		{146BBEE1-B02E-43BF-AEB8-63F14DF32246}.Release|Mixed Platforms.ActiveCfg = Release|Win32
		{146BBEE1-B02E-43BF-AEB8-63F14DF32246}.Release|Mixed Platforms.Build.0 = Release|Win32
		{146BBEE1-B02E-43BF-AEB8-63F14DF32246}.Release|Win32.ActiveCfg = Release|Win32
		{146BBEE1-B02E-43BF-AEB8-63F14DF32246}.Release|Win32.Build.0 = Release|Win32
		{146BBEE1-B02E-43BF-AEB8-63F14DF32246}.Release|x64.ActiveCfg = Release|x64
		{146BBEE1-B02E-43BF-AEB8-63F14DF32246}.Release|x64.Build.0 = Release|x64
		{B73F6FD0-C1B9-4D07-B561-63D413FB8E18}.Debug|Any CPU.ActiveCfg = Debug|Any CPU
		{B73F6FD0-C1B9-4D07-B561-63D413FB8E18}.Debug|Any CPU.Build.0 = Debug|Any CPU
		{B73F6FD0-C1B9-4D07-B561-63D413FB8E18}.Debug|Mixed Platforms.ActiveCfg = Debug|Any CPU
		{B73F6FD0-C1B9-4D07-B561-63D413FB8E18}.Debug|Mixed Platforms.Build.0 = Debug|Any CPU
		{B73F6FD0-C1B9-4D07-B561-63D413FB8E18}.Debug|Win32.ActiveCfg = Debug|Any CPU
		{B73F6FD0-C1B9-4D07-B561-63D413FB8E18}.Debug|x64.ActiveCfg = Debug|Any CPU
		{B73F6FD0-C1B9-4D07-B561-63D413FB8E18}.Debug|x64.Build.0 = Debug|Any CPU
		{B73F6FD0-C1B9-4D07-B561-63D413FB8E18}.Release|Any CPU.ActiveCfg = Release|Any CPU
		{B73F6FD0-C1B9-4D07-B561-63D413FB8E18}.Release|Any CPU.Build.0 = Release|Any CPU
		{B73F6FD0-C1B9-4D07-B561-63D413FB8E18}.Release|Mixed Platforms.ActiveCfg = Release|Any CPU
		{B73F6FD0-C1B9-4D07-B561-63D413FB8E18}.Release|Mixed Platforms.Build.0 = Release|Any CPU
		{B73F6FD0-C1B9-4D07-B561-63D413FB8E18}.Release|Win32.ActiveCfg = Release|Any CPU
		{B73F6FD0-C1B9-4D07-B561-63D413FB8E18}.Release|x64.ActiveCfg = Release|Any CPU
		{B73F6FD0-C1B9-4D07-B561-63D413FB8E18}.Release|x64.Build.0 = Release|Any CPU
		{4F7C818B-4A2E-40C3-9036-92CCBF65C0FF}.Debug|Any CPU.ActiveCfg = Debug|Any CPU
		{4F7C818B-4A2E-40C3-9036-92CCBF65C0FF}.Debug|Any CPU.Build.0 = Debug|Any CPU
		{4F7C818B-4A2E-40C3-9036-92CCBF65C0FF}.Debug|Mixed Platforms.ActiveCfg = Debug|Any CPU
		{4F7C818B-4A2E-40C3-9036-92CCBF65C0FF}.Debug|Mixed Platforms.Build.0 = Debug|Any CPU
		{4F7C818B-4A2E-40C3-9036-92CCBF65C0FF}.Debug|Win32.ActiveCfg = Debug|Any CPU
		{4F7C818B-4A2E-40C3-9036-92CCBF65C0FF}.Debug|x64.ActiveCfg = Debug|Any CPU
		{4F7C818B-4A2E-40C3-9036-92CCBF65C0FF}.Debug|x64.Build.0 = Debug|Any CPU
		{4F7C818B-4A2E-40C3-9036-92CCBF65C0FF}.Release|Any CPU.ActiveCfg = Release|Any CPU
		{4F7C818B-4A2E-40C3-9036-92CCBF65C0FF}.Release|Any CPU.Build.0 = Release|Any CPU
		{4F7C818B-4A2E-40C3-9036-92CCBF65C0FF}.Release|Mixed Platforms.ActiveCfg = Release|Any CPU
		{4F7C818B-4A2E-40C3-9036-92CCBF65C0FF}.Release|Mixed Platforms.Build.0 = Release|Any CPU
		{4F7C818B-4A2E-40C3-9036-92CCBF65C0FF}.Release|Win32.ActiveCfg = Release|Any CPU
		{4F7C818B-4A2E-40C3-9036-92CCBF65C0FF}.Release|x64.ActiveCfg = Release|Any CPU
		{4F7C818B-4A2E-40C3-9036-92CCBF65C0FF}.Release|x64.Build.0 = Release|Any CPU
	EndGlobalSection
	GlobalSection(SolutionProperties) = preSolution
		HideSolutionNode = FALSE
	EndGlobalSection
	GlobalSection(NestedProjects) = preSolution
		{E92B5BDF-8BD5-4D22-B2CD-90D681DEDA85} = {5B8E3BA4-A921-4457-93E5-B108FC58B4B1}
		{9D72E88B-3DA9-4B56-A703-29641FA82479} = {60AC1703-3195-46CD-AD2A-6F44D2DE8CB1}
		{4F825938-1541-4001-B161-C6FDF38F8CA7} = {5B8E3BA4-A921-4457-93E5-B108FC58B4B1}
		{C8FE17FB-A0B8-4069-B88A-855CC14D9810} = {60AC1703-3195-46CD-AD2A-6F44D2DE8CB1}
		{09C5EE56-18D0-4625-B632-B4980A620F4E} = {7A2AC84D-DA2C-4D5A-BA2B-B5BB25F0BD81}
		{E3611A8A-25FC-4C0E-89AE-89611FC3427A} = {7A2AC84D-DA2C-4D5A-BA2B-B5BB25F0BD81}
		{00218970-E820-4BCC-B1DA-48348059F6FE} = {7A2AC84D-DA2C-4D5A-BA2B-B5BB25F0BD81}
		{1457450D-CBF9-4073-A406-5DC5C89BD065} = {7A2AC84D-DA2C-4D5A-BA2B-B5BB25F0BD81}
		{B054F6A0-06EC-44E7-AE4E-DA8663237E92} = {60AC1703-3195-46CD-AD2A-6F44D2DE8CB1}
		{6A33F496-E3C1-4C91-A4E1-049C0C3B762E} = {7A2AC84D-DA2C-4D5A-BA2B-B5BB25F0BD81}
		{EC6E9311-C4FC-4C55-BFB5-29C69C77F520} = {60AC1703-3195-46CD-AD2A-6F44D2DE8CB1}
		{DDD0A366-9A5F-4FA6-B1D2-F452B80BAC8C} = {5B8E3BA4-A921-4457-93E5-B108FC58B4B1}
		{9FA5A3B8-FA25-4AA0-A3AC-DFCA1283D6D2} = {7A2AC84D-DA2C-4D5A-BA2B-B5BB25F0BD81}
		{C7749607-3EB2-4F74-B453-FD859F41E8C1} = {60AC1703-3195-46CD-AD2A-6F44D2DE8CB1}
		{BFD61862-778E-4636-9143-97D8262B7F6E} = {42BED5C7-ABA5-4BFD-AC21-2356DDD56684}
		{0CC731C6-148D-4BEF-A579-DC5428FBF688} = {60AC1703-3195-46CD-AD2A-6F44D2DE8CB1}
		{614EAC49-973C-4EF7-9464-6CE4DA2A16C1} = {60AC1703-3195-46CD-AD2A-6F44D2DE8CB1}
		{78AB5093-C110-4E57-97EB-A13BDD956729} = {7A2AC84D-DA2C-4D5A-BA2B-B5BB25F0BD81}
		{146BBEE1-B02E-43BF-AEB8-63F14DF32246} = {60AC1703-3195-46CD-AD2A-6F44D2DE8CB1}
		{B73F6FD0-C1B9-4D07-B561-63D413FB8E18} = {42BED5C7-ABA5-4BFD-AC21-2356DDD56684}
		{4F7C818B-4A2E-40C3-9036-92CCBF65C0FF} = {42BED5C7-ABA5-4BFD-AC21-2356DDD56684}
	EndGlobalSection
EndGlobal
