<?xml version="1.0" encoding="utf-8"?>
<Project ToolsVersion="4.0" xmlns="http://schemas.microsoft.com/developer/msbuild/2003">
  <ItemGroup>
    <ClCompile Include="initmess.cpp" />
    <ClCompile Include="bvApp.cpp" />
    <ClCompile Include="MockScenes.cpp" />
    <ClCompile Include="MockFonts\fttester.cpp">
      <Filter>MockFonts</Filter>
    </ClCompile>
    <ClCompile Include="AnotherTestScene.cpp" />
    <ClCompile Include="xml\pomocnicze\auxilary.cpp" />
    <ClCompile Include="xml\BlackTree.cpp" />
    <ClCompile Include="xml\Scena.cpp" />
    <ClCompile Include="xml\TreeBuilder.cpp" />
    <ClCompile Include="MainLoopProcess.cpp" />
    <ClCompile Include="MainInitProcess.cpp" />
    <ClCompile Include="BVAppLogic.cpp" />
    <ClCompile Include="BVConfig.cpp" />
    <ClCompile Include="FrameStats.cpp" />
    <ClCompile Include="FrameStatsService.cpp" />
  </ItemGroup>
  <ItemGroup>
    <ClInclude Include="bvApp.h" />
    <ClInclude Include="MockScenes.h" />
    <ClInclude Include="MockFonts\fttester.h">
      <Filter>MockFonts</Filter>
    </ClInclude>
    <ClInclude Include="xml\pomocnicze\auxilary.hpp">
      <Filter>xml</Filter>
    </ClInclude>
    <ClInclude Include="xml\rapidxml\rapidxml.hpp">
      <Filter>xml</Filter>
    </ClInclude>
    <ClInclude Include="xml\rapidxml\rapidxml_iterators.hpp">
      <Filter>xml</Filter>
    </ClInclude>
    <ClInclude Include="xml\rapidxml\rapidxml_print.hpp">
      <Filter>xml</Filter>
    </ClInclude>
    <ClInclude Include="xml\rapidxml\rapidxml_utils.hpp">
      <Filter>xml</Filter>
    </ClInclude>
    <ClInclude Include="xml\BlackTree.h">
      <Filter>xml</Filter>
    </ClInclude>
    <ClInclude Include="xml\Scena.h">
      <Filter>xml</Filter>
    </ClInclude>
    <ClInclude Include="xml\TreeBuilder.h" />
    <ClInclude Include="MainLoopProcess.h" />
    <ClInclude Include="MainInitProcess.h" />
    <ClInclude Include="BVAppLogic.h" />
    <ClInclude Include="BVConfig.h" />
    <ClInclude Include="BVForwards.h" />
    <ClInclude Include="FrameStats.h" />
    <ClInclude Include="FrameStatsService.h" />
  </ItemGroup>
  <ItemGroup>
    <Filter Include="MockFonts">
      <UniqueIdentifier>{b5ecdda5-27e9-4391-9124-b487985d0b97}</UniqueIdentifier>
    </Filter>
    <Filter Include="xml">
      <UniqueIdentifier>{6b4e1db7-b59a-4158-9328-e026dca86355}</UniqueIdentifier>
    </Filter>
  </ItemGroup>
  <ItemGroup>
    <None Include="BVConfig.inl" />
    <None Include="FrameStatsService.inl" />
  </ItemGroup>
</Project>