<?xml version="1.0" encoding="utf-8"?>
<Project ToolsVersion="4.0" xmlns="http://schemas.microsoft.com/developer/msbuild/2003">
  <ItemGroup>
    <Filter Include="src">
      <UniqueIdentifier>{bc1ae4cb-0542-4501-8689-fefd56a4c54e}</UniqueIdentifier>
    </Filter>
  </ItemGroup>
  <ItemGroup>
    <ClCompile Include="src\shell.c">
      <Filter>src</Filter>
    </ClCompile>
    <ClCompile Include="src\sqlite3.c">
      <Filter>src</Filter>
    </ClCompile>
  </ItemGroup>
  <ItemGroup>
    <ClInclude Include="src\sqlite3.h">
      <Filter>src</Filter>
    </ClInclude>
    <ClInclude Include="src\sqlite3ext.h">
      <Filter>src</Filter>
    </ClInclude>
  </ItemGroup>
</Project>