<?xml version="1.0" encoding="utf-8"?>
<Project ToolsVersion="4.0" xmlns="http://schemas.microsoft.com/developer/msbuild/2003">
  <ItemGroup>
    <Filter Include="Impl">
      <UniqueIdentifier>{24e26fcf-5bcb-4ecd-95a6-4940ce5e0f41}</UniqueIdentifier>
    </Filter>
    <Filter Include="Impl\Accessors">
      <UniqueIdentifier>{4c93f89c-9bf6-4ff8-84ae-7b52b7e1e7e8}</UniqueIdentifier>
    </Filter>
  </ItemGroup>
  <ItemGroup>
    <ClCompile Include="..\..\..\Source\AssetCategory.cpp" />
    <ClCompile Include="..\..\..\Source\ProjectManager.cpp" />
    <ClCompile Include="..\..\..\Source\Impl\ProjectManagerImpl.cpp">
      <Filter>Impl</Filter>
    </ClCompile>
    <ClCompile Include="..\..\..\Source\Impl\Accessors\TextureAssetAccessor.cpp">
      <Filter>Impl\Accessors</Filter>
    </ClCompile>
    <ClCompile Include="..\..\..\Source\Project.cpp" />
    <ClCompile Include="..\..\..\Source\Impl\Accessors\SceneAccessor.cpp">
      <Filter>Impl\Accessors</Filter>
    </ClCompile>
    <ClCompile Include="..\..\..\Source\SceneDescriptor.cpp" />
    <ClCompile Include="..\..\..\Source\Impl\Accessors\AnimationAssetAccessor.cpp">
      <Filter>Impl\Accessors</Filter>
    </ClCompile>
    <ClCompile Include="..\..\..\Source\Impl\Accessors\FontAssetAccessor.cpp">
      <Filter>Impl\Accessors</Filter>
    </ClCompile>
    <ClCompile Include="..\..\..\Source\Impl\Accessors\PresetAccessor.cpp">
      <Filter>Impl\Accessors</Filter>
    </ClCompile>
    <ClCompile Include="..\..\..\Source\Impl\Accessors\MeshAssetAccessor.cpp">
      <Filter>Impl\Accessors</Filter>
    </ClCompile>
    <ClCompile Include="..\..\..\Source\AssetAccessor.cpp" />
    <ClCompile Include="..\..\..\Source\Impl\Accessors\AVAssetAccessor.cpp">
      <Filter>Impl\Accessors</Filter>
    </ClCompile>
    <ClCompile Include="..\..\..\Source\Impl\Accessors\SVGAssetAccessor.cpp">
      <Filter>Impl\Accessors</Filter>
    </ClCompile>
  </ItemGroup>
  <ItemGroup>
    <ClInclude Include="..\..\..\Source\AssetAccessor.h" />
    <ClInclude Include="..\..\..\Source\AssetCategory.h" />
    <ClInclude Include="..\..\..\Source\ProjectManager.h" />
    <ClInclude Include="..\..\..\Source\Impl\ProjectManagerImpl.h">
      <Filter>Impl</Filter>
    </ClInclude>
    <ClInclude Include="..\..\..\Source\Impl\Accessors\TextureAssetAccessor.h">
      <Filter>Impl\Accessors</Filter>
    </ClInclude>
    <ClInclude Include="..\..\..\Source\Project.h" />
    <ClInclude Include="..\..\..\Source\Impl\Accessors\SceneAccessor.h">
      <Filter>Impl\Accessors</Filter>
    </ClInclude>
    <ClInclude Include="..\..\..\Source\SceneDescriptor.h" />
    <ClInclude Include="..\..\..\Source\Impl\Accessors\AnimationAssetAccessor.h">
      <Filter>Impl\Accessors</Filter>
    </ClInclude>
    <ClInclude Include="..\..\..\Source\Impl\Accessors\FontAssetAccessor.h">
      <Filter>Impl\Accessors</Filter>
    </ClInclude>
    <ClInclude Include="..\..\..\Source\Impl\Accessors\PresetAccessor.h">
      <Filter>Impl\Accessors</Filter>
    </ClInclude>
    <ClInclude Include="..\..\..\Source\Impl\Accessors\MeshAssetAccessor.h">
      <Filter>Impl\Accessors</Filter>
    </ClInclude>
    <ClInclude Include="..\..\..\Source\Impl\Accessors\AVAssetAccessor.h">
      <Filter>Impl\Accessors</Filter>
    </ClInclude>
    <ClInclude Include="..\..\..\Source\Impl\Accessors\SVGAssetAccessor.h">
      <Filter>Impl\Accessors</Filter>
    </ClInclude>
  </ItemGroup>
</Project>