<?xml version="1.0" encoding="utf-8"?>
<Project ToolsVersion="4.0" xmlns="http://schemas.microsoft.com/developer/msbuild/2003">
  <ItemGroup>
    <Filter Include="BVALPlugins">
      <UniqueIdentifier>{e6f4eabb-a649-4ffe-92fd-3a0fc7d758df}</UniqueIdentifier>
    </Filter>
  </ItemGroup>
  <ItemGroup>
    <ClCompile Include="..\..\..\Source\BVALPlugins\BVALPlugin.cpp">
      <Filter>BVALPlugins</Filter>
    </ClCompile>
    <ClCompile Include="..\..\..\Source\BVALPlugins\BVALPluginFactory.cpp">
      <Filter>BVALPlugins</Filter>
    </ClCompile>
    <ClCompile Include="..\..\..\Source\BVAL.cpp" />
  </ItemGroup>
  <ItemGroup>
    <ClInclude Include="..\..\..\Source\BVALPlugins\BVALPlugin.h">
      <Filter>BVALPlugins</Filter>
    </ClInclude>
    <ClInclude Include="..\..\..\Source\BVALPlugins\BVALPluginFactory.h">
      <Filter>BVALPlugins</Filter>
    </ClInclude>
    <ClInclude Include="..\..\..\Source\BVAL.h" />
    <ClInclude Include="..\..\..\Source\BVALDefs.h" />
  </ItemGroup>
</Project>