<?xml version="1.0" encoding="utf-8"?>
<Project ToolsVersion="4.0" xmlns="http://schemas.microsoft.com/developer/msbuild/2003">
  <ItemGroup>
    <Filter Include="Helpers">
      <UniqueIdentifier>{3f5a4eb8-cb3d-4c5d-bc26-28c35193f25c}</UniqueIdentifier>
    </Filter>
    <Filter Include="MockFonts">
      <UniqueIdentifier>{ceba7f6b-4fd0-4b43-88b3-de290fd3103c}</UniqueIdentifier>
    </Filter>
    <Filter Include="TestAI">
      <UniqueIdentifier>{f52b80a1-39e9-49c1-bce8-68f1ab601129}</UniqueIdentifier>
    </Filter>
    <Filter Include="VideoInput">
      <UniqueIdentifier>{f67ab42f-30e0-4d7a-90ee-0cfaed68a769}</UniqueIdentifier>
    </Filter>
    <Filter Include="PieCharts">
      <UniqueIdentifier>{fd129272-37d9-42a7-b86d-f8a467b2b2d0}</UniqueIdentifier>
    </Filter>
    <Filter Include="hack_videoinput">
      <UniqueIdentifier>{7f69fce6-91f9-48b4-b144-634e189e9d1b}</UniqueIdentifier>
    </Filter>
    <Filter Include="EndUserAPI">
      <UniqueIdentifier>{4d25f62a-5bd7-414f-b683-53e8c1ded179}</UniqueIdentifier>
    </Filter>
    <Filter Include="EndUserAPI\EventHandlers">
      <UniqueIdentifier>{fb178992-4589-46d8-b948-24ce9f5b39a0}</UniqueIdentifier>
    </Filter>
    <Filter Include="EndUserAPI\JsonCommandsListener">
      <UniqueIdentifier>{eceea615-6f9e-49bd-bfa0-e18ef67e559a}</UniqueIdentifier>
    </Filter>
    <Filter Include="Initialization">
      <UniqueIdentifier>{1c718d26-7c3f-4d78-a658-5b8b9c7aeed8}</UniqueIdentifier>
    </Filter>
    <Filter Include="TestingScenes">
      <UniqueIdentifier>{36f8e27f-2473-48d4-8494-0371669cb330}</UniqueIdentifier>
    </Filter>
    <Filter Include="Statistics">
      <UniqueIdentifier>{a36b9588-3e14-4ed9-b93f-54eae253e0a3}</UniqueIdentifier>
    </Filter>
  </ItemGroup>
  <ItemGroup>
    <ClCompile Include="..\..\..\Source\bvApp.cpp" />
    <ClCompile Include="..\..\..\Source\BVAppLogic.cpp" />
    <ClCompile Include="..\..\..\Source\BVConfig.cpp" />
    <ClCompile Include="..\..\..\Source\DefaultPlugins.cpp" />
    <ClCompile Include="..\..\..\Source\MainInitProcess.cpp" />
    <ClCompile Include="..\..\..\Source\MainLoopProcess.cpp" />
    <ClCompile Include="..\..\..\Source\Helpers\RectNodeBuilder.cpp">
      <Filter>Helpers</Filter>
    </ClCompile>
    <ClCompile Include="..\..\..\Source\MockFonts\FTTester.cpp">
      <Filter>MockFonts</Filter>
    </ClCompile>
    <ClCompile Include="..\..\..\Source\TestAI\AICommands.cpp">
      <Filter>TestAI</Filter>
    </ClCompile>
    <ClCompile Include="..\..\..\Source\TestAI\TestAI.cpp">
      <Filter>TestAI</Filter>
    </ClCompile>
    <ClCompile Include="..\..\..\Source\TestAI\TestAIManager.cpp">
      <Filter>TestAI</Filter>
    </ClCompile>
    <ClCompile Include="..\..\..\Source\PieChartNode.cpp">
      <Filter>PieCharts</Filter>
    </ClCompile>
    <ClCompile Include="..\..\..\Source\VideoInput\ExampleVideoInput.cpp">
      <Filter>VideoInput</Filter>
    </ClCompile>
    <ClCompile Include="..\..\..\Source\hack_videoinput\TestVideoInput.cpp">
      <Filter>hack_videoinput</Filter>
    </ClCompile>
    <ClCompile Include="..\..\..\Source\TestAI\TestGlobalEffectKeyboardHandler.cpp">
      <Filter>TestAI</Filter>
    </ClCompile>
    <ClCompile Include="..\..\..\Source\TestAI\TestEditorsKeyboardHandler.cpp">
      <Filter>TestAI</Filter>
    </ClCompile>
    <ClCompile Include="..\..\..\Source\TestAI\TestKeyboardHandler.cpp">
      <Filter>TestAI</Filter>
    </ClCompile>
    <ClCompile Include="..\..\..\Source\TestAI\TestAnimationKeyboardHandler.cpp">
      <Filter>TestAI</Filter>
    </ClCompile>
    <ClCompile Include="..\..\..\Source\EndUserAPI\EventHandlers\HightmapHandlers.cpp">
      <Filter>EndUserAPI\EventHandlers</Filter>
    </ClCompile>
    <ClCompile Include="..\..\..\Source\EndUserAPI\EventHandlers\PluginEventsHandlers.cpp">
      <Filter>EndUserAPI\EventHandlers</Filter>
    </ClCompile>
    <ClCompile Include="..\..\..\Source\EndUserAPI\EventHandlers\QueryHandlers.cpp">
      <Filter>EndUserAPI\EventHandlers</Filter>
    </ClCompile>
    <ClCompile Include="..\..\..\Source\EndUserAPI\EventHandlers\RemoteEventsHandlers.cpp">
      <Filter>EndUserAPI\EventHandlers</Filter>
    </ClCompile>
    <ClCompile Include="..\..\..\Source\EndUserAPI\EventHandlers\SceneEventsHandlers.cpp">
      <Filter>EndUserAPI\EventHandlers</Filter>
    </ClCompile>
    <ClCompile Include="..\..\..\Source\EndUserAPI\JsonCommandsListener\JsonCommandsListener.cpp">
      <Filter>EndUserAPI\JsonCommandsListener</Filter>
    </ClCompile>
    <ClCompile Include="..\..\..\Source\TestAI\TestVideoStreamDecoderKeyboardHandler.cpp">
      <Filter>TestAI</Filter>
    </ClCompile>
    <ClCompile Include="..\..\..\Source\RenderMode.cpp" />
    <ClCompile Include="..\..\..\Source\EndUserAPI\EventHandlers\EngineStateHandlers.cpp">
      <Filter>EndUserAPI\EventHandlers</Filter>
    </ClCompile>
    <ClCompile Include="..\..\..\Source\EndUserAPI\EventHandlers\AssetHandlers.cpp">
      <Filter>EndUserAPI\EventHandlers</Filter>
    </ClCompile>
    <ClCompile Include="..\..\..\Source\TestAI\TestVideoOutputKeyboardHandler.cpp">
      <Filter>TestAI</Filter>
    </ClCompile>
    <ClCompile Include="..\..\..\Source\EndUserAPI\EventHandlers\GlobalEffectHandler.cpp">
      <Filter>EndUserAPI\EventHandlers</Filter>
    </ClCompile>
    <ClCompile Include="..\..\..\Source\EndUserAPI\EventHandlers\TimelineHandlers.cpp">
      <Filter>EndUserAPI\EventHandlers</Filter>
    </ClCompile>
    <ClCompile Include="..\..\..\Source\EndUserAPI\EventHandlers\NodeLogicHandlers.cpp">
      <Filter>EndUserAPI\EventHandlers</Filter>
    </ClCompile>
    <ClCompile Include="..\..\..\Source\EndUserAPI\EventHandlers\VideoCardEventsHandlers.cpp">
      <Filter>EndUserAPI\EventHandlers</Filter>
    </ClCompile>
    <ClCompile Include="..\..\..\Source\stdafx.cpp" />
    <ClCompile Include="..\..\..\Source\EndUserAPI\EventHandlers\GenericEventsHandlers.cpp">
      <Filter>EndUserAPI\EventHandlers</Filter>
    </ClCompile>
    <ClCompile Include="..\..\..\Source\Initialization\RenderLogicInitializer.cpp">
      <Filter>Initialization</Filter>
    </ClCompile>
    <ClCompile Include="..\..\..\Source\TestAI\TestInnerEvents.cpp">
      <Filter>TestAI</Filter>
    </ClCompile>
    <ClCompile Include="..\..\..\Source\TestingScenes\AnotherTestScene.cpp">
      <Filter>TestingScenes</Filter>
    </ClCompile>
    <ClCompile Include="..\..\..\Source\TestingScenes\ExampleTestScenes.cpp">
      <Filter>TestingScenes</Filter>
    </ClCompile>
    <ClCompile Include="..\..\..\Source\TestingScenes\MockScenes.cpp">
      <Filter>TestingScenes</Filter>
    </ClCompile>
    <ClCompile Include="..\..\..\Source\TestingScenes\ModelInteractionEvents.cpp">
      <Filter>TestingScenes</Filter>
    </ClCompile>
    <ClCompile Include="..\..\..\Source\TestingScenes\ModelInteractionLayer.cpp">
      <Filter>TestingScenes</Filter>
    </ClCompile>
    <ClCompile Include="..\..\..\Source\TestingScenes\NewModelTestNodes.cpp">
      <Filter>TestingScenes</Filter>
    </ClCompile>
    <ClCompile Include="..\..\..\Source\TestingScenes\NewModelTestScenes.cpp">
      <Filter>TestingScenes</Filter>
    </ClCompile>
    <ClCompile Include="..\..\..\Source\Statistics\FrameStatsService.cpp">
      <Filter>Statistics</Filter>
    </ClCompile>
    <ClCompile Include="..\..\..\Source\Statistics\PerformanceMonitor.cpp">
      <Filter>Statistics</Filter>
    </ClCompile>
    <ClCompile Include="..\..\..\Source\Statistics\StatsFormatters.cpp">
      <Filter>Statistics</Filter>
    </ClCompile>
    <ClCompile Include="..\..\..\Source\BVTestAppLogic.cpp" />
  </ItemGroup>
  <ItemGroup>
    <ClInclude Include="..\..\..\Source\bvApp.h" />
    <ClInclude Include="..\..\..\Source\BVAppLogic.h" />
    <ClInclude Include="..\..\..\Source\BVConfig.h" />
    <ClInclude Include="..\..\..\Source\BVForwards.h" />
    <ClInclude Include="..\..\..\Source\DefaultPlugins.h" />
    <ClInclude Include="..\..\..\Source\MainInitProcess.h" />
    <ClInclude Include="..\..\..\Source\MainLoopProcess.h" />
    <ClInclude Include="..\..\..\Source\Helpers\RectNodeBuilder.h">
      <Filter>Helpers</Filter>
    </ClInclude>
    <ClInclude Include="..\..\..\Source\MockFonts\FTTester.h">
      <Filter>MockFonts</Filter>
    </ClInclude>
    <ClInclude Include="..\..\..\Source\TestAI\AICommands.h">
      <Filter>TestAI</Filter>
    </ClInclude>
    <ClInclude Include="..\..\..\Source\TestAI\IAICommand.h">
      <Filter>TestAI</Filter>
    </ClInclude>
    <ClInclude Include="..\..\..\Source\TestAI\TestAI.h">
      <Filter>TestAI</Filter>
    </ClInclude>
    <ClInclude Include="..\..\..\Source\TestAI\TestAIManager.h">
      <Filter>TestAI</Filter>
    </ClInclude>
    <ClInclude Include="..\..\..\Source\PieChartNode.h">
      <Filter>PieCharts</Filter>
    </ClInclude>
    <ClInclude Include="..\..\..\Source\VideoInput\ExampleVideoInput.h">
      <Filter>VideoInput</Filter>
    </ClInclude>
    <ClInclude Include="..\..\..\Source\hack_videoinput\TestVideoInput.h">
      <Filter>hack_videoinput</Filter>
    </ClInclude>
    <ClInclude Include="..\..\..\Source\TestAI\TestGlobalEffectKeyboardHandler.h">
      <Filter>TestAI</Filter>
    </ClInclude>
    <ClInclude Include="..\..\..\Source\TestAI\TestEditorsKeyboardHandler.h">
      <Filter>TestAI</Filter>
    </ClInclude>
    <ClInclude Include="..\..\..\Source\TestAI\TestKeyboardHandler.h">
      <Filter>TestAI</Filter>
    </ClInclude>
    <ClInclude Include="..\..\..\Source\TestAI\TestAnimationKeyboardHandler.h">
      <Filter>TestAI</Filter>
    </ClInclude>
    <ClInclude Include="..\..\..\Source\EndUserAPI\EventHandlers\HightmapHandlers.h">
      <Filter>EndUserAPI\EventHandlers</Filter>
    </ClInclude>
    <ClInclude Include="..\..\..\Source\EndUserAPI\EventHandlers\PluginEventsHandlers.h">
      <Filter>EndUserAPI\EventHandlers</Filter>
    </ClInclude>
    <ClInclude Include="..\..\..\Source\EndUserAPI\EventHandlers\QueryHandlers.h">
      <Filter>EndUserAPI\EventHandlers</Filter>
    </ClInclude>
    <ClInclude Include="..\..\..\Source\EndUserAPI\EventHandlers\RemoteEventsHandlers.h">
      <Filter>EndUserAPI\EventHandlers</Filter>
    </ClInclude>
    <ClInclude Include="..\..\..\Source\EndUserAPI\EventHandlers\SceneEventsHandlers.h">
      <Filter>EndUserAPI\EventHandlers</Filter>
    </ClInclude>
    <ClInclude Include="..\..\..\Source\EndUserAPI\JsonCommandsListener\JsonCommandsListener.h">
      <Filter>EndUserAPI\JsonCommandsListener</Filter>
    </ClInclude>
    <ClInclude Include="..\..\..\Source\EndUserAPI\RemoteController.h">
      <Filter>EndUserAPI</Filter>
    </ClInclude>
    <ClInclude Include="..\..\..\Source\TestAI\TestVideoStreamDecoderKeyboardHandler.h">
      <Filter>TestAI</Filter>
    </ClInclude>
    <ClInclude Include="..\..\..\Source\RenderMode.h" />
    <ClInclude Include="..\..\..\Source\EndUserAPI\EventHandlers\EngineStateHandlers.h">
      <Filter>EndUserAPI\EventHandlers</Filter>
    </ClInclude>
    <ClInclude Include="..\..\..\Source\UseLoggerBVAppModule.h" />
    <ClInclude Include="..\..\..\Source\EndUserAPI\EventHandlers\AssetHandlers.h">
      <Filter>EndUserAPI\EventHandlers</Filter>
    </ClInclude>
    <ClInclude Include="..\..\..\Source\TestAI\TestVideoOutputKeyboardHandler.h">
      <Filter>TestAI</Filter>
    </ClInclude>
    <ClInclude Include="..\..\..\Source\EndUserAPI\EventHandlers\GlobalEffectHandler.h">
      <Filter>EndUserAPI\EventHandlers</Filter>
    </ClInclude>
    <ClInclude Include="..\..\..\Source\EndUserAPI\EventHandlers\TimelineHandlers.h">
      <Filter>EndUserAPI\EventHandlers</Filter>
    </ClInclude>
    <ClInclude Include="..\..\..\Source\EndUserAPI\EventHandlers\NodeLogicHandlers.h">
      <Filter>EndUserAPI\EventHandlers</Filter>
    </ClInclude>
    <ClInclude Include="..\..\..\Source\EndUserAPI\EventHandlers\VideoCardEventsHandlers.h">
      <Filter>EndUserAPI\EventHandlers</Filter>
    </ClInclude>
    <ClInclude Include="..\..\..\Source\EndUserAPI\IEventServer.h">
      <Filter>EndUserAPI</Filter>
    </ClInclude>
    <ClInclude Include="..\..\..\Source\stdafxBVApp.h" />
    <ClInclude Include="..\..\..\Source\EndUserAPI\EventHandlers\GenericEventsHandlers.h">
      <Filter>EndUserAPI\EventHandlers</Filter>
    </ClInclude>
    <ClInclude Include="..\..\..\Source\Initialization\RenderLogicInitializer.h">
      <Filter>Initialization</Filter>
    </ClInclude>
    <ClInclude Include="..\..\..\Source\TestAI\TestInnerEvents.h">
      <Filter>TestAI</Filter>
    </ClInclude>
    <ClInclude Include="..\..\..\Source\BVTestAppLogic.h" />
    <ClInclude Include="..\..\..\Source\TestingScenes\ExampleTestScenes.h">
      <Filter>TestingScenes</Filter>
    </ClInclude>
    <ClInclude Include="..\..\..\Source\TestingScenes\MockScenes.h">
      <Filter>TestingScenes</Filter>
    </ClInclude>
    <ClInclude Include="..\..\..\Source\TestingScenes\ModelInteractionEvents.h">
      <Filter>TestingScenes</Filter>
    </ClInclude>
    <ClInclude Include="..\..\..\Source\TestingScenes\ModelInteractionLayer.h">
      <Filter>TestingScenes</Filter>
    </ClInclude>
    <ClInclude Include="..\..\..\Source\TestingScenes\NewModelTestNodes.h">
      <Filter>TestingScenes</Filter>
    </ClInclude>
    <ClInclude Include="..\..\..\Source\Statistics\FrameStatsService.h">
      <Filter>Statistics</Filter>
    </ClInclude>
    <ClInclude Include="..\..\..\Source\Statistics\PerformanceMonitor.h">
      <Filter>Statistics</Filter>
    </ClInclude>
    <ClInclude Include="..\..\..\Source\Statistics\StatsFormatters.h">
      <Filter>Statistics</Filter>
    </ClInclude>
  </ItemGroup>
  <ItemGroup>
    <None Include="..\..\..\Source\BVConfig.inl" />
    <None Include="..\..\..\Source\bvAppLogInitializer.inl" />
    <None Include="..\..\..\Source\Statistics\FrameStatsService.inl">
      <Filter>Statistics</Filter>
    </None>
  </ItemGroup>
</Project>