<?xml version="1.0" encoding="utf-8"?>
<Project ToolsVersion="4.0" xmlns="http://schemas.microsoft.com/developer/msbuild/2003">
  <ItemGroup>
    <Filter Include="Helpers">
      <UniqueIdentifier>{3f5a4eb8-cb3d-4c5d-bc26-28c35193f25c}</UniqueIdentifier>
    </Filter>
    <Filter Include="MockFonts">
      <UniqueIdentifier>{ceba7f6b-4fd0-4b43-88b3-de290fd3103c}</UniqueIdentifier>
    </Filter>
    <Filter Include="TestAI">
      <UniqueIdentifier>{f52b80a1-39e9-49c1-bce8-68f1ab601129}</UniqueIdentifier>
    </Filter>
    <Filter Include="Widgets">
      <UniqueIdentifier>{a40b34a5-8104-4523-b976-a18c9886873d}</UniqueIdentifier>
    </Filter>
    <Filter Include="VideoInput">
      <UniqueIdentifier>{f67ab42f-30e0-4d7a-90ee-0cfaed68a769}</UniqueIdentifier>
    </Filter>
    <Filter Include="PieCharts">
      <UniqueIdentifier>{fd129272-37d9-42a7-b86d-f8a467b2b2d0}</UniqueIdentifier>
    </Filter>
    <Filter Include="hack_videoinput">
      <UniqueIdentifier>{7f69fce6-91f9-48b4-b144-634e189e9d1b}</UniqueIdentifier>
    </Filter>
    <Filter Include="Widgets\Counter">
      <UniqueIdentifier>{a43fa586-3aea-4556-b75d-89f716af2be6}</UniqueIdentifier>
    </Filter>
    <Filter Include="EndUserAPI">
      <UniqueIdentifier>{4d25f62a-5bd7-414f-b683-53e8c1ded179}</UniqueIdentifier>
    </Filter>
    <Filter Include="EndUserAPI\EventHandlers">
      <UniqueIdentifier>{fb178992-4589-46d8-b948-24ce9f5b39a0}</UniqueIdentifier>
    </Filter>
    <Filter Include="EndUserAPI\JsonCommandsListener">
      <UniqueIdentifier>{eceea615-6f9e-49bd-bfa0-e18ef67e559a}</UniqueIdentifier>
    </Filter>
    <Filter Include="Widgets\NodeReplicator">
      <UniqueIdentifier>{92c97574-2f51-4596-bcfa-ef1caae4425d}</UniqueIdentifier>
    </Filter>
    <Filter Include="Widgets\Scroller">
      <UniqueIdentifier>{a5c51410-4f01-4c1b-a9e6-c93795ac17ba}</UniqueIdentifier>
    </Filter>
    <Filter Include="Widgets\MeshLoader">
      <UniqueIdentifier>{c95511b3-3c0c-485b-afed-6ccc3168883d}</UniqueIdentifier>
    </Filter>
    <Filter Include="Widgets\SmoothValueSetter">
      <UniqueIdentifier>{ccd4e404-2ee7-4498-922d-e72b5a4a28e7}</UniqueIdentifier>
    </Filter>
    <Filter Include="Widgets\PieChart">
      <UniqueIdentifier>{ef5aebcb-1c90-42c6-b474-161ad97d275c}</UniqueIdentifier>
    </Filter>
    <Filter Include="Widgets\AnalogWatch">
      <UniqueIdentifier>{5d1ec72f-d720-4d11-9d5e-fdf7262dcc25}</UniqueIdentifier>
    </Filter>
    <Filter Include="Widgets\Arrange">
      <UniqueIdentifier>{8acc0a3d-f935-4d70-b0ac-0189ba17394b}</UniqueIdentifier>
    </Filter>
    <Filter Include="Widgets\Follow">
      <UniqueIdentifier>{80de300a-c9d5-4e35-9839-905f4667b4cb}</UniqueIdentifier>
    </Filter>
    <Filter Include="Widgets\SlideShow">
      <UniqueIdentifier>{43392ea4-cb5a-4770-9f54-4d8e733c6365}</UniqueIdentifier>
    </Filter>
    <Filter Include="Widgets\MaxSize">
      <UniqueIdentifier>{a7c544f3-6f78-4314-9a94-c8a5d4fe6966}</UniqueIdentifier>
    </Filter>
    <Filter Include="Initialization">
      <UniqueIdentifier>{1c718d26-7c3f-4d78-a658-5b8b9c7aeed8}</UniqueIdentifier>
    </Filter>
  </ItemGroup>
  <ItemGroup>
    <ClCompile Include="..\..\..\Source\AnotherTestScene.cpp" />
    <ClCompile Include="..\..\..\Source\bvApp.cpp" />
    <ClCompile Include="..\..\..\Source\BVAppLogic.cpp" />
    <ClCompile Include="..\..\..\Source\BVConfig.cpp" />
    <ClCompile Include="..\..\..\Source\DefaultPlugins.cpp" />
    <ClCompile Include="..\..\..\Source\FrameStatsService.cpp" />
    <ClCompile Include="..\..\..\Source\MainInitProcess.cpp" />
    <ClCompile Include="..\..\..\Source\MainLoopProcess.cpp" />
    <ClCompile Include="..\..\..\Source\MockScenes.cpp" />
    <ClCompile Include="..\..\..\Source\ModelInteractionEvents.cpp" />
    <ClCompile Include="..\..\..\Source\ModelInteractionLayer.cpp" />
    <ClCompile Include="..\..\..\Source\NewModelTestNodes.cpp" />
    <ClCompile Include="..\..\..\Source\NewModelTestScenes.cpp" />
    <ClCompile Include="..\..\..\Source\StatsFormatters.cpp" />
    <ClCompile Include="..\..\..\Source\Helpers\RectNodeBuilder.cpp">
      <Filter>Helpers</Filter>
    </ClCompile>
    <ClCompile Include="..\..\..\Source\MockFonts\FTTester.cpp">
      <Filter>MockFonts</Filter>
    </ClCompile>
    <ClCompile Include="..\..\..\Source\TestAI\AICommands.cpp">
      <Filter>TestAI</Filter>
    </ClCompile>
    <ClCompile Include="..\..\..\Source\TestAI\TestAI.cpp">
      <Filter>TestAI</Filter>
    </ClCompile>
    <ClCompile Include="..\..\..\Source\TestAI\TestAIManager.cpp">
      <Filter>TestAI</Filter>
    </ClCompile>
    <ClCompile Include="..\..\..\Source\PieChartNode.cpp">
      <Filter>PieCharts</Filter>
    </ClCompile>
    <ClCompile Include="..\..\..\Source\VideoInput\ExampleVideoInput.cpp">
      <Filter>VideoInput</Filter>
    </ClCompile>
    <ClCompile Include="..\..\..\Source\ExampleTestScenes.cpp" />
    <ClCompile Include="..\..\..\Source\PerformanceMonitor.cpp" />
    <ClCompile Include="..\..\..\Source\hack_videoinput\TestVideoInput.cpp">
      <Filter>hack_videoinput</Filter>
    </ClCompile>
    <ClCompile Include="..\..\..\Source\Widgets\Counter\Counter.cpp">
      <Filter>Widgets\Counter</Filter>
    </ClCompile>
    <ClCompile Include="..\..\..\Source\TestAI\TestGlobalEffectKeyboardHandler.cpp">
      <Filter>TestAI</Filter>
    </ClCompile>
    <ClCompile Include="..\..\..\Source\TestAI\TestEditorsKeyboardHandler.cpp">
      <Filter>TestAI</Filter>
    </ClCompile>
    <ClCompile Include="..\..\..\Source\TestAI\TestKeyboardHandler.cpp">
      <Filter>TestAI</Filter>
    </ClCompile>
    <ClCompile Include="..\..\..\Source\TestAI\TestAnimationKeyboardHandler.cpp">
      <Filter>TestAI</Filter>
    </ClCompile>
    <ClCompile Include="..\..\..\Source\EndUserAPI\EventHandlers\HightmapHandlers.cpp">
      <Filter>EndUserAPI\EventHandlers</Filter>
    </ClCompile>
    <ClCompile Include="..\..\..\Source\EndUserAPI\EventHandlers\PluginEventsHandlers.cpp">
      <Filter>EndUserAPI\EventHandlers</Filter>
    </ClCompile>
    <ClCompile Include="..\..\..\Source\EndUserAPI\EventHandlers\QueryHandlers.cpp">
      <Filter>EndUserAPI\EventHandlers</Filter>
    </ClCompile>
    <ClCompile Include="..\..\..\Source\EndUserAPI\EventHandlers\RemoteEventsHandlers.cpp">
      <Filter>EndUserAPI\EventHandlers</Filter>
    </ClCompile>
    <ClCompile Include="..\..\..\Source\EndUserAPI\EventHandlers\SceneEventsHandlers.cpp">
      <Filter>EndUserAPI\EventHandlers</Filter>
    </ClCompile>
    <ClCompile Include="..\..\..\Source\EndUserAPI\JsonCommandsListener\JsonCommandsListener.cpp">
      <Filter>EndUserAPI\JsonCommandsListener</Filter>
    </ClCompile>
    <ClCompile Include="..\..\..\Source\TestAI\TestVideoStreamDecoderKeyboardHandler.cpp">
      <Filter>TestAI</Filter>
    </ClCompile>
    <ClCompile Include="..\..\..\Source\RenderMode.cpp" />
    <ClCompile Include="..\..\..\Source\EndUserAPI\EventHandlers\EngineStateHandlers.cpp">
      <Filter>EndUserAPI\EventHandlers</Filter>
    </ClCompile>
    <ClCompile Include="..\..\..\Source\Widgets\NodeReplicator\NodeReplicator.cpp">
      <Filter>Widgets\NodeReplicator</Filter>
    </ClCompile>
    <ClCompile Include="..\..\..\Source\Widgets\NodeReplicator\ShiftReplicationModifier.cpp">
      <Filter>Widgets\NodeReplicator</Filter>
    </ClCompile>
    <ClCompile Include="..\..\..\Source\EndUserAPI\EventHandlers\AssetHandlers.cpp">
      <Filter>EndUserAPI\EventHandlers</Filter>
    </ClCompile>
    <ClCompile Include="..\..\..\Source\TestAI\TestVideoOutputKeyboardHandler.cpp">
      <Filter>TestAI</Filter>
    </ClCompile>
    <ClCompile Include="..\..\..\Source\EndUserAPI\EventHandlers\GlobalEffectHandler.cpp">
      <Filter>EndUserAPI\EventHandlers</Filter>
    </ClCompile>
    <ClCompile Include="..\..\..\Source\EndUserAPI\EventHandlers\TimelineHandlers.cpp">
      <Filter>EndUserAPI\EventHandlers</Filter>
    </ClCompile>
    <ClCompile Include="..\..\..\Source\EndUserAPI\EventHandlers\NodeLogicHandlers.cpp">
      <Filter>EndUserAPI\EventHandlers</Filter>
    </ClCompile>
    <ClCompile Include="..\..\..\Source\Widgets\NodeLogicFactory.cpp">
      <Filter>Widgets</Filter>
    </ClCompile>
    <ClCompile Include="..\..\..\Source\Widgets\NodeLogicHelper.cpp">
      <Filter>Widgets</Filter>
    </ClCompile>
    <ClCompile Include="..\..\..\Source\Widgets\Scroller\Scroller.cpp">
      <Filter>Widgets\Scroller</Filter>
    </ClCompile>
    <ClCompile Include="..\..\..\Source\Widgets\Scroller\ScrollerNodesStates.cpp">
      <Filter>Widgets\Scroller</Filter>
    </ClCompile>
    <ClCompile Include="..\..\..\Source\Widgets\NodeLogicBase.cpp">
      <Filter>Widgets</Filter>
    </ClCompile>
    <ClCompile Include="..\..\..\Source\Widgets\MeshLoader\MeshLoader.cpp">
      <Filter>Widgets\MeshLoader</Filter>
    </ClCompile>
    <ClCompile Include="..\..\..\Source\Widgets\SmoothValueSetter\SmoothValueSetter.cpp">
      <Filter>Widgets\SmoothValueSetter</Filter>
    </ClCompile>
    <ClCompile Include="..\..\..\Source\Widgets\SmoothValueSetter\ParameterBinding.cpp">
      <Filter>Widgets\SmoothValueSetter</Filter>
    </ClCompile>
    <ClCompile Include="..\..\..\Source\Widgets\PieChart\PieChart.cpp">
      <Filter>Widgets\PieChart</Filter>
    </ClCompile>
    <ClCompile Include="..\..\..\Source\Widgets\AnalogWatch\AnalogWatch.cpp">
      <Filter>Widgets\AnalogWatch</Filter>
    </ClCompile>
    <ClCompile Include="..\..\..\Source\Widgets\Arrange\Arrange.cpp">
      <Filter>Widgets\Arrange</Filter>
    </ClCompile>
    <ClCompile Include="..\..\..\Source\EndUserAPI\EventHandlers\VideoCardEventsHandlers.cpp">
      <Filter>EndUserAPI\EventHandlers</Filter>
    </ClCompile>
    <ClCompile Include="..\..\..\Source\stdafx.cpp" />
    <ClCompile Include="..\..\..\Source\Widgets\Follow\Follow.cpp">
      <Filter>Widgets\Follow</Filter>
    </ClCompile>
    <ClCompile Include="..\..\..\Source\Widgets\SlideShow\SlideShow.cpp">
      <Filter>Widgets\SlideShow</Filter>
    </ClCompile>
    <ClCompile Include="..\..\..\Source\EndUserAPI\EventHandlers\GenericEventsHandlers.cpp">
      <Filter>EndUserAPI\EventHandlers</Filter>
    </ClCompile>
    <ClCompile Include="..\..\..\Source\Widgets\MaxSize\MaxSize.cpp">
      <Filter>Widgets\MaxSize</Filter>
    </ClCompile>
    <ClCompile Include="..\..\..\Source\Initialization\RenderLogicInitializer.cpp">
      <Filter>Initialization</Filter>
    </ClCompile>
    <ClCompile Include="..\..\..\Source\TestAI\TestInnerEvents.cpp">
      <Filter>TestAI</Filter>
    </ClCompile>
    <ClCompile Include="..\..\..\Source\BVTestAppLogic.cpp" />
  </ItemGroup>
  <ItemGroup>
    <ClInclude Include="..\..\..\Source\bvApp.h" />
    <ClInclude Include="..\..\..\Source\BVAppLogic.h" />
    <ClInclude Include="..\..\..\Source\BVConfig.h" />
    <ClInclude Include="..\..\..\Source\BVForwards.h" />
    <ClInclude Include="..\..\..\Source\DefaultPlugins.h" />
    <ClInclude Include="..\..\..\Source\FrameStatsService.h" />
    <ClInclude Include="..\..\..\Source\MainInitProcess.h" />
    <ClInclude Include="..\..\..\Source\MainLoopProcess.h" />
    <ClInclude Include="..\..\..\Source\MockScenes.h" />
    <ClInclude Include="..\..\..\Source\ModelInteractionEvents.h" />
    <ClInclude Include="..\..\..\Source\ModelInteractionLayer.h" />
    <ClInclude Include="..\..\..\Source\NewModelTestNodes.h" />
    <ClInclude Include="..\..\..\Source\StatsFormatters.h" />
    <ClInclude Include="..\..\..\Source\Helpers\RectNodeBuilder.h">
      <Filter>Helpers</Filter>
    </ClInclude>
    <ClInclude Include="..\..\..\Source\MockFonts\FTTester.h">
      <Filter>MockFonts</Filter>
    </ClInclude>
    <ClInclude Include="..\..\..\Source\TestAI\AICommands.h">
      <Filter>TestAI</Filter>
    </ClInclude>
    <ClInclude Include="..\..\..\Source\TestAI\IAICommand.h">
      <Filter>TestAI</Filter>
    </ClInclude>
    <ClInclude Include="..\..\..\Source\TestAI\TestAI.h">
      <Filter>TestAI</Filter>
    </ClInclude>
    <ClInclude Include="..\..\..\Source\TestAI\TestAIManager.h">
      <Filter>TestAI</Filter>
    </ClInclude>
    <ClInclude Include="..\..\..\Source\PieChartNode.h">
      <Filter>PieCharts</Filter>
    </ClInclude>
    <ClInclude Include="..\..\..\Source\VideoInput\ExampleVideoInput.h">
      <Filter>VideoInput</Filter>
    </ClInclude>
    <ClInclude Include="..\..\..\Source\ExampleTestScenes.h" />
    <ClInclude Include="..\..\..\Source\PerformanceMonitor.h" />
    <ClInclude Include="..\..\..\Source\hack_videoinput\TestVideoInput.h">
      <Filter>hack_videoinput</Filter>
    </ClInclude>
    <ClInclude Include="..\..\..\Source\Widgets\Counter\Counter.h">
      <Filter>Widgets\Counter</Filter>
    </ClInclude>
    <ClInclude Include="..\..\..\Source\TestAI\TestGlobalEffectKeyboardHandler.h">
      <Filter>TestAI</Filter>
    </ClInclude>
    <ClInclude Include="..\..\..\Source\TestAI\TestEditorsKeyboardHandler.h">
      <Filter>TestAI</Filter>
    </ClInclude>
    <ClInclude Include="..\..\..\Source\TestAI\TestKeyboardHandler.h">
      <Filter>TestAI</Filter>
    </ClInclude>
    <ClInclude Include="..\..\..\Source\TestAI\TestAnimationKeyboardHandler.h">
      <Filter>TestAI</Filter>
    </ClInclude>
    <ClInclude Include="..\..\..\Source\EndUserAPI\EventHandlers\HightmapHandlers.h">
      <Filter>EndUserAPI\EventHandlers</Filter>
    </ClInclude>
    <ClInclude Include="..\..\..\Source\EndUserAPI\EventHandlers\PluginEventsHandlers.h">
      <Filter>EndUserAPI\EventHandlers</Filter>
    </ClInclude>
    <ClInclude Include="..\..\..\Source\EndUserAPI\EventHandlers\QueryHandlers.h">
      <Filter>EndUserAPI\EventHandlers</Filter>
    </ClInclude>
    <ClInclude Include="..\..\..\Source\EndUserAPI\EventHandlers\RemoteEventsHandlers.h">
      <Filter>EndUserAPI\EventHandlers</Filter>
    </ClInclude>
    <ClInclude Include="..\..\..\Source\EndUserAPI\EventHandlers\SceneEventsHandlers.h">
      <Filter>EndUserAPI\EventHandlers</Filter>
    </ClInclude>
    <ClInclude Include="..\..\..\Source\EndUserAPI\JsonCommandsListener\JsonCommandsListener.h">
      <Filter>EndUserAPI\JsonCommandsListener</Filter>
    </ClInclude>
    <ClInclude Include="..\..\..\Source\EndUserAPI\RemoteController.h">
      <Filter>EndUserAPI</Filter>
    </ClInclude>
    <ClInclude Include="..\..\..\Source\TestAI\TestVideoStreamDecoderKeyboardHandler.h">
      <Filter>TestAI</Filter>
    </ClInclude>
    <ClInclude Include="..\..\..\Source\RenderMode.h" />
    <ClInclude Include="..\..\..\Source\EndUserAPI\EventHandlers\EngineStateHandlers.h">
      <Filter>EndUserAPI\EventHandlers</Filter>
    </ClInclude>
    <ClInclude Include="..\..\..\Source\Widgets\NodeReplicator\NodeReplicator.h">
      <Filter>Widgets\NodeReplicator</Filter>
    </ClInclude>
    <ClInclude Include="..\..\..\Source\Widgets\NodeReplicator\IReplicationModifier.h">
      <Filter>Widgets\NodeReplicator</Filter>
    </ClInclude>
    <ClInclude Include="..\..\..\Source\Widgets\NodeReplicator\ShiftReplicationModifier.h">
      <Filter>Widgets\NodeReplicator</Filter>
    </ClInclude>
    <ClInclude Include="..\..\..\Source\UseLoggerBVAppModule.h" />
    <ClInclude Include="..\..\..\Source\EndUserAPI\EventHandlers\AssetHandlers.h">
      <Filter>EndUserAPI\EventHandlers</Filter>
    </ClInclude>
    <ClInclude Include="..\..\..\Source\TestAI\TestVideoOutputKeyboardHandler.h">
      <Filter>TestAI</Filter>
    </ClInclude>
    <ClInclude Include="..\..\..\Source\EndUserAPI\EventHandlers\GlobalEffectHandler.h">
      <Filter>EndUserAPI\EventHandlers</Filter>
    </ClInclude>
    <ClInclude Include="..\..\..\Source\EndUserAPI\EventHandlers\TimelineHandlers.h">
      <Filter>EndUserAPI\EventHandlers</Filter>
    </ClInclude>
    <ClInclude Include="..\..\..\Source\EndUserAPI\EventHandlers\NodeLogicHandlers.h">
      <Filter>EndUserAPI\EventHandlers</Filter>
    </ClInclude>
    <ClInclude Include="..\..\..\Source\Widgets\NodeLogicFactory.h">
      <Filter>Widgets</Filter>
    </ClInclude>
    <ClInclude Include="..\..\..\Source\Widgets\NodeLogicHelper.h">
      <Filter>Widgets</Filter>
    </ClInclude>
    <ClInclude Include="..\..\..\Source\Widgets\Scroller\Scroller.h">
      <Filter>Widgets\Scroller</Filter>
    </ClInclude>
    <ClInclude Include="..\..\..\Source\Widgets\Scroller\ScrollerNodesStates.h">
      <Filter>Widgets\Scroller</Filter>
    </ClInclude>
    <ClInclude Include="..\..\..\Source\Widgets\NodeLogicBase.h">
      <Filter>Widgets</Filter>
    </ClInclude>
    <ClInclude Include="..\..\..\Source\Widgets\MeshLoader\MeshLoader.h">
      <Filter>Widgets\MeshLoader</Filter>
    </ClInclude>
    <ClInclude Include="..\..\..\Source\Widgets\SmoothValueSetter\SmoothValueSetter.h">
      <Filter>Widgets\SmoothValueSetter</Filter>
    </ClInclude>
    <ClInclude Include="..\..\..\Source\Widgets\SmoothValueSetter\ParameterBinding.h">
      <Filter>Widgets\SmoothValueSetter</Filter>
    </ClInclude>
    <ClInclude Include="..\..\..\Source\Widgets\PieChart\PieChart.h">
      <Filter>Widgets\PieChart</Filter>
    </ClInclude>
    <ClInclude Include="..\..\..\Source\Widgets\AnalogWatch\AnalogWatch.h">
      <Filter>Widgets\AnalogWatch</Filter>
    </ClInclude>
    <ClInclude Include="..\..\..\Source\Widgets\Arrange\Arrange.h">
      <Filter>Widgets\Arrange</Filter>
    </ClInclude>
    <ClInclude Include="..\..\..\Source\EndUserAPI\EventHandlers\VideoCardEventsHandlers.h">
      <Filter>EndUserAPI\EventHandlers</Filter>
    </ClInclude>
    <ClInclude Include="..\..\..\Source\EndUserAPI\IEventServer.h">
      <Filter>EndUserAPI</Filter>
    </ClInclude>
    <ClInclude Include="..\..\..\Source\stdafxBVApp.h" />
    <ClInclude Include="..\..\..\Source\Widgets\Follow\Follow.h">
      <Filter>Widgets\Follow</Filter>
    </ClInclude>
    <ClInclude Include="..\..\..\Source\Widgets\SlideShow\SlideShow.h">
      <Filter>Widgets\SlideShow</Filter>
    </ClInclude>
    <ClInclude Include="..\..\..\Source\EndUserAPI\EventHandlers\GenericEventsHandlers.h">
      <Filter>EndUserAPI\EventHandlers</Filter>
    </ClInclude>
    <ClInclude Include="..\..\..\Source\Widgets\MaxSize\MaxSize.h">
      <Filter>Widgets\MaxSize</Filter>
    </ClInclude>
    <ClInclude Include="..\..\..\Source\Initialization\RenderLogicInitializer.h">
      <Filter>Initialization</Filter>
    </ClInclude>
    <ClInclude Include="..\..\..\Source\TestAI\TestInnerEvents.h">
      <Filter>TestAI</Filter>
    </ClInclude>
    <ClInclude Include="..\..\..\Source\BVTestAppLogic.h" />
  </ItemGroup>
  <ItemGroup>
    <None Include="..\..\..\Source\BVConfig.inl" />
    <None Include="..\..\..\Source\FrameStatsService.inl" />
    <None Include="..\..\..\Source\bvAppLogInitializer.inl" />
  </ItemGroup>
</Project>