<?xml version="1.0" encoding="utf-8"?>
<Project ToolsVersion="4.0" xmlns="http://schemas.microsoft.com/developer/msbuild/2003">
  <ItemGroup>
    <Filter Include="Helpers">
      <UniqueIdentifier>{3f5a4eb8-cb3d-4c5d-bc26-28c35193f25c}</UniqueIdentifier>
    </Filter>
    <Filter Include="MockFonts">
      <UniqueIdentifier>{ceba7f6b-4fd0-4b43-88b3-de290fd3103c}</UniqueIdentifier>
    </Filter>
    <Filter Include="Rendering">
      <UniqueIdentifier>{6252f54e-7116-4e67-8704-8ea2ea4b9e51}</UniqueIdentifier>
    </Filter>
    <Filter Include="TestAI">
      <UniqueIdentifier>{f52b80a1-39e9-49c1-bce8-68f1ab601129}</UniqueIdentifier>
    </Filter>
    <Filter Include="Widgets">
      <UniqueIdentifier>{a40b34a5-8104-4523-b976-a18c9886873d}</UniqueIdentifier>
    </Filter>
    <Filter Include="Xml">
      <UniqueIdentifier>{9972112a-a435-4bbe-878e-c42aa90be206}</UniqueIdentifier>
    </Filter>
    <Filter Include="Widgets\Crawler">
      <UniqueIdentifier>{a5c51410-4f01-4c1b-a9e6-c93795ac17ba}</UniqueIdentifier>
    </Filter>
    <Filter Include="VideoInput">
      <UniqueIdentifier>{f67ab42f-30e0-4d7a-90ee-0cfaed68a769}</UniqueIdentifier>
    </Filter>
    <Filter Include="Xml\Auxiliary">
      <UniqueIdentifier>{c1c96312-47dd-4f87-8536-8babf39b47b5}</UniqueIdentifier>
    </Filter>
    <Filter Include="PieCharts">
      <UniqueIdentifier>{fd129272-37d9-42a7-b86d-f8a467b2b2d0}</UniqueIdentifier>
    </Filter>
    <Filter Include="Rendering\Logic">
      <UniqueIdentifier>{f1ca2f90-831f-4cb3-8ecc-247f7d455325}</UniqueIdentifier>
    </Filter>
    <Filter Include="Rendering\Logic\VideoOutputRendering">
      <UniqueIdentifier>{b3d9d3ab-1a17-4f23-988d-1ed9c94ee73c}</UniqueIdentifier>
    </Filter>
    <Filter Include="Rendering\Logic\FrameRendering">
      <UniqueIdentifier>{f2027b4b-e7e2-4beb-8fa7-7e9747d8d705}</UniqueIdentifier>
    </Filter>
    <Filter Include="Rendering\Logic\FrameRendering\NodeEffect">
      <UniqueIdentifier>{77a0dacd-e2f0-415a-bbf3-02b686401e90}</UniqueIdentifier>
    </Filter>
    <Filter Include="Rendering\Utils">
      <UniqueIdentifier>{4d2c2449-8f44-49bc-b3eb-1c514447afc6}</UniqueIdentifier>
    </Filter>
    <Filter Include="Rendering\Logic\FullScreen">
      <UniqueIdentifier>{354a2ed1-25a2-4402-a29b-a8a85a779c6b}</UniqueIdentifier>
    </Filter>
    <Filter Include="Rendering\Logic\FullScreen\Impl">
      <UniqueIdentifier>{66790ad3-2099-428d-804d-34b46c7724f5}</UniqueIdentifier>
    </Filter>
  </ItemGroup>
  <ItemGroup>
    <ClCompile Include="..\..\..\Source\AnotherTestScene.cpp" />
    <ClCompile Include="..\..\..\Source\bvApp.cpp" />
    <ClCompile Include="..\..\..\Source\BVAppLogic.cpp" />
    <ClCompile Include="..\..\..\Source\BVConfig.cpp" />
    <ClCompile Include="..\..\..\Source\DefaultPlugins.cpp" />
    <ClCompile Include="..\..\..\Source\FrameStatsService.cpp" />
    <ClCompile Include="..\..\..\Source\MainInitProcess.cpp" />
    <ClCompile Include="..\..\..\Source\MainLoopProcess.cpp" />
    <ClCompile Include="..\..\..\Source\MockScenes.cpp" />
    <ClCompile Include="..\..\..\Source\ModelInteractionEvents.cpp" />
    <ClCompile Include="..\..\..\Source\ModelInteractionLayer.cpp" />
    <ClCompile Include="..\..\..\Source\NewModelTestNodes.cpp" />
    <ClCompile Include="..\..\..\Source\NewModelTestScenes.cpp" />
    <ClCompile Include="..\..\..\Source\StatsFormatters.cpp" />
    <ClCompile Include="..\..\..\Source\Helpers\RectNodeBuilder.cpp">
      <Filter>Helpers</Filter>
    </ClCompile>
    <ClCompile Include="..\..\..\Source\MockFonts\FTTester.cpp">
      <Filter>MockFonts</Filter>
    </ClCompile>
    <ClCompile Include="..\..\..\Source\TestAI\AICommands.cpp">
      <Filter>TestAI</Filter>
    </ClCompile>
    <ClCompile Include="..\..\..\Source\TestAI\TestAI.cpp">
      <Filter>TestAI</Filter>
    </ClCompile>
    <ClCompile Include="..\..\..\Source\TestAI\TestAIManager.cpp">
      <Filter>TestAI</Filter>
    </ClCompile>
    <ClCompile Include="..\..\..\Source\Widgets\Crawler\Crawler.cpp">
      <Filter>Widgets\Crawler</Filter>
    </ClCompile>
    <ClCompile Include="..\..\..\Source\Widgets\Crawler\CrawlerEvents.cpp">
      <Filter>Widgets\Crawler</Filter>
    </ClCompile>
    <ClCompile Include="..\..\..\Source\Widgets\Crawler\CrawlerNodesStates.cpp">
      <Filter>Widgets\Crawler</Filter>
    </ClCompile>
    <ClCompile Include="..\..\..\Source\Xml\BlackTree.cpp">
      <Filter>Xml</Filter>
    </ClCompile>
    <ClCompile Include="..\..\..\Source\Xml\Scena.cpp">
      <Filter>Xml</Filter>
    </ClCompile>
    <ClCompile Include="..\..\..\Source\Xml\TreeBuilder.cpp">
      <Filter>Xml</Filter>
    </ClCompile>
    <ClCompile Include="..\..\..\Source\Xml\Auxiliary\Auxiliary.cpp">
      <Filter>Xml\Auxiliary</Filter>
    </ClCompile>
    <ClCompile Include="..\..\..\Source\PieChartNode.cpp">
      <Filter>PieCharts</Filter>
    </ClCompile>
    <ClCompile Include="..\..\..\Source\VideoInput\ExampleVideoInput.cpp">
      <Filter>VideoInput</Filter>
    </ClCompile>
    <ClCompile Include="..\..\..\Source\VideoInput\DefaultVideoInputResourceDescr.cpp">
      <Filter>VideoInput</Filter>
    </ClCompile>
    <ClCompile Include="..\..\..\Source\ExampleTestScenes.cpp" />
    <ClCompile Include="..\..\..\..\..\LibBlackVision\Source\Engine\Models\Plugins\Simple\DefaultVideoInputPlugin.cpp">
      <Filter>VideoInput</Filter>
    </ClCompile>
    <ClCompile Include="..\..\..\Source\Rendering\Logic\RenderLogic.cpp">
      <Filter>Rendering\Logic</Filter>
    </ClCompile>
    <ClCompile Include="..\..\..\Source\TestAI\TestGlobalEffectKeyboardHandler.cpp">
      <Filter>TestAI</Filter>
    </ClCompile>
    <ClCompile Include="..\..\..\Source\TestAI\TestEditorsKeyboardHandler.cpp">
      <Filter>TestAI</Filter>
    </ClCompile>
    <ClCompile Include="..\..\..\Source\TestAI\TestKeyboardHandler.cpp">
      <Filter>TestAI</Filter>
    </ClCompile>
    <ClCompile Include="..\..\..\Source\TestAI\TestAnimationKeyboardHandler.cpp">
      <Filter>TestAI</Filter>
    </ClCompile>
    <ClCompile Include="..\..\..\Source\Rendering\Logic\FrameRendering\FrameRenderLogic.cpp">
      <Filter>Rendering\Logic\FrameRendering</Filter>
    </ClCompile>
    <ClCompile Include="..\..\..\Source\Rendering\Logic\FrameRendering\PostFrameRenderLogic.cpp">
      <Filter>Rendering\Logic\FrameRendering</Filter>
    </ClCompile>
    <ClCompile Include="..\..\..\Source\Rendering\Utils\OffscreenRenderLogic.cpp">
      <Filter>Rendering\Utils</Filter>
    </ClCompile>
    <ClCompile Include="..\..\..\Source\Rendering\Utils\RenderTargetStack.cpp">
      <Filter>Rendering\Utils</Filter>
    </ClCompile>
    <ClCompile Include="..\..\..\Source\Rendering\Utils\RenderTargetEntryDesc.cpp">
      <Filter>Rendering\Utils</Filter>
    </ClCompile>
    <ClCompile Include="..\..\..\Source\Rendering\Utils\RenderTargetFactory.cpp">
      <Filter>Rendering\Utils</Filter>
    </ClCompile>
    <ClCompile Include="..\..\..\Source\Rendering\Utils\RenderLogicContext.cpp">
      <Filter>Rendering\Utils</Filter>
    </ClCompile>
    <ClCompile Include="..\..\..\Source\Rendering\Utils\RenderTargetStackAllocator.cpp">
      <Filter>Rendering\Utils</Filter>
    </ClCompile>
    <ClCompile Include="..\..\..\Source\Rendering\Utils\OffscreenDisplay.cpp">
      <Filter>Rendering\Utils</Filter>
    </ClCompile>
    <ClCompile Include="..\..\..\Source\Rendering\Logic\FrameRendering\NodeEffectRenderLogicSelector.cpp">
      <Filter>Rendering\Logic\FrameRendering</Filter>
    </ClCompile>
    <ClCompile Include="..\..\..\Source\Rendering\Logic\FullScreen\FullscreenEffect.cpp">
      <Filter>Rendering\Logic\FullScreen</Filter>
    </ClCompile>
    <ClCompile Include="..\..\..\Source\Rendering\Logic\FullScreen\FullscreenEffectRenderLogic.cpp">
      <Filter>Rendering\Logic\FullScreen</Filter>
    </ClCompile>
    <ClCompile Include="..\..\..\Source\Rendering\Utils\FullscreenUtils.cpp">
      <Filter>Rendering\Utils</Filter>
    </ClCompile>
    <ClCompile Include="..\..\..\Source\Rendering\Logic\FullScreen\Impl\OverwriteAlphaFullscreenEffect.cpp">
      <Filter>Rendering\Logic\FullScreen\Impl</Filter>
    </ClCompile>
    <ClCompile Include="..\..\..\Source\Rendering\Logic\FullScreen\Impl\OverwriteChannelsFullscreenEffect.cpp">
      <Filter>Rendering\Logic\FullScreen\Impl</Filter>
    </ClCompile>
    <ClCompile Include="..\..\..\Source\Rendering\Logic\FullScreen\Impl\MixChannelsFullscreenEffect.cpp">
      <Filter>Rendering\Logic\FullScreen\Impl</Filter>
    </ClCompile>
    <ClCompile Include="..\..\..\Source\Rendering\Logic\FullScreen\FullscreenVSShader.cpp">
      <Filter>Rendering\Logic\FullScreen</Filter>
    </ClCompile>
    <ClCompile Include="..\..\..\Source\Rendering\Logic\FullScreen\Impl\FullscreenRenderableEffect.cpp">
      <Filter>Rendering\Logic\FullScreen\Impl</Filter>
    </ClCompile>
    <ClCompile Include="..\..\..\Source\Rendering\Logic\FullScreen\Impl\InterlaceFullscreenEffect.cpp">
      <Filter>Rendering\Logic\FullScreen\Impl</Filter>
    </ClCompile>
    <ClCompile Include="..\..\..\Source\Rendering\Logic\FullScreen\Impl\BlitAlphaMaskFullscreenEffect.cpp">
      <Filter>Rendering\Logic\FullScreen\Impl</Filter>
    </ClCompile>
    <ClCompile Include="..\..\..\Source\Rendering\Logic\FullScreen\Impl\BlitFullscreenEffect.cpp">
      <Filter>Rendering\Logic\FullScreen\Impl</Filter>
    </ClCompile>
    <ClCompile Include="..\..\..\Source\Rendering\Logic\FrameRendering\NodeEffect\AlphaMaskRenderLogic.cpp">
      <Filter>Rendering\Logic\FrameRendering\NodeEffect</Filter>
    </ClCompile>
    <ClCompile Include="..\..\..\Source\Rendering\Logic\FrameRendering\NodeEffect\DefaultEffectRenderLogic.cpp">
      <Filter>Rendering\Logic\FrameRendering\NodeEffect</Filter>
    </ClCompile>
    <ClCompile Include="..\..\..\Source\Rendering\Logic\FrameRendering\NodeEffect\NodeEffectRenderLogic.cpp">
      <Filter>Rendering\Logic\FrameRendering\NodeEffect</Filter>
    </ClCompile>
    <ClCompile Include="..\..\..\Source\Rendering\Logic\FrameRendering\NodeEffect\NodeMaskRenderLogic.cpp">
      <Filter>Rendering\Logic\FrameRendering\NodeEffect</Filter>
    </ClCompile>
    <ClCompile Include="..\..\..\Source\Rendering\Logic\FrameRendering\NodeEffect\WireframeRenderLogic.cpp">
      <Filter>Rendering\Logic\FrameRendering\NodeEffect</Filter>
    </ClCompile>
    <ClCompile Include="..\..\..\Source\Rendering\Logic\VideoOutputRendering\VideoOutputRenderLogic.cpp">
      <Filter>Rendering\Logic\VideoOutputRendering</Filter>
    </ClCompile>
    <ClCompile Include="..\..\..\Source\Rendering\Logic\FullScreen\Impl\VideoOutputFullscreenEffect.cpp">
      <Filter>Rendering\Logic\FullScreen\Impl</Filter>
    </ClCompile>
    <ClCompile Include="..\..\..\Source\TestAI\TestVideoOutputKeyboardHandler.cpp">
      <Filter>TestAI</Filter>
    </ClCompile>
    <ClCompile Include="..\..\..\Source\Rendering\Logic\FrameRendering\NodeEffect\MixChannelsRenderLogic.cpp">
      <Filter>Rendering\Logic\FrameRendering\NodeEffect</Filter>
    </ClCompile>
    <ClCompile Include="..\..\..\Source\Rendering\Logic\FullScreen\FullscreenEffectContext.cpp">
      <Filter>Rendering\Logic\FullScreen</Filter>
    </ClCompile>
    <ClCompile Include="..\..\..\Source\Rendering\Logic\FullScreen\FullscreenEffectData.cpp">
      <Filter>Rendering\Logic\FullScreen</Filter>
    </ClCompile>
    <ClCompile Include="..\..\..\Source\Rendering\Logic\FullScreen\FullscreenEffectTr.cpp">
      <Filter>Rendering\Logic\FullScreen</Filter>
    </ClCompile>
    <ClCompile Include="..\..\..\Source\Rendering\Logic\FullScreen\SimpleFullscreenEffect.cpp">
      <Filter>Rendering\Logic\FullScreen</Filter>
    </ClCompile>
    <ClCompile Include="..\..\..\Source\Rendering\Logic\FullScreen\FullscreenRenderableEffectTr.cpp">
      <Filter>Rendering\Logic\FullScreen</Filter>
    </ClCompile>
  </ItemGroup>
  <ItemGroup>
    <ClInclude Include="..\..\..\Source\bvApp.h" />
    <ClInclude Include="..\..\..\Source\BVAppLogic.h" />
    <ClInclude Include="..\..\..\Source\BVConfig.h" />
    <ClInclude Include="..\..\..\Source\BVForwards.h" />
    <ClInclude Include="..\..\..\Source\DefaultPlugins.h" />
    <ClInclude Include="..\..\..\Source\FrameStatsService.h" />
    <ClInclude Include="..\..\..\Source\MainInitProcess.h" />
    <ClInclude Include="..\..\..\Source\MainLoopProcess.h" />
    <ClInclude Include="..\..\..\Source\MockScenes.h" />
    <ClInclude Include="..\..\..\Source\ModelInteractionEvents.h" />
    <ClInclude Include="..\..\..\Source\ModelInteractionLayer.h" />
    <ClInclude Include="..\..\..\Source\NewModelTestNodes.h" />
    <ClInclude Include="..\..\..\Source\StatsFormatters.h" />
    <ClInclude Include="..\..\..\Source\Helpers\RectNodeBuilder.h">
      <Filter>Helpers</Filter>
    </ClInclude>
    <ClInclude Include="..\..\..\Source\MockFonts\FTTester.h">
      <Filter>MockFonts</Filter>
    </ClInclude>
    <ClInclude Include="..\..\..\Source\TestAI\AICommands.h">
      <Filter>TestAI</Filter>
    </ClInclude>
    <ClInclude Include="..\..\..\Source\TestAI\IAICommand.h">
      <Filter>TestAI</Filter>
    </ClInclude>
    <ClInclude Include="..\..\..\Source\TestAI\TestAI.h">
      <Filter>TestAI</Filter>
    </ClInclude>
    <ClInclude Include="..\..\..\Source\TestAI\TestAIManager.h">
      <Filter>TestAI</Filter>
    </ClInclude>
    <ClInclude Include="..\..\..\Source\Widgets\Crawler\Crawler.h">
      <Filter>Widgets\Crawler</Filter>
    </ClInclude>
    <ClInclude Include="..\..\..\Source\Widgets\Crawler\CrawlerEvents.h">
      <Filter>Widgets\Crawler</Filter>
    </ClInclude>
    <ClInclude Include="..\..\..\Source\Widgets\Crawler\CrawlerNodesStates.h">
      <Filter>Widgets\Crawler</Filter>
    </ClInclude>
    <ClInclude Include="..\..\..\Source\Xml\BlackTree.h">
      <Filter>Xml</Filter>
    </ClInclude>
    <ClInclude Include="..\..\..\Source\Xml\Scena.h">
      <Filter>Xml</Filter>
    </ClInclude>
    <ClInclude Include="..\..\..\Source\Xml\TreeBuilder.h">
      <Filter>Xml</Filter>
    </ClInclude>
    <ClInclude Include="..\..\..\Source\Xml\Auxiliary\Auxiliary.hpp">
      <Filter>Xml\Auxiliary</Filter>
    </ClInclude>
    <ClInclude Include="..\..\..\Source\PieChartNode.h">
      <Filter>PieCharts</Filter>
    </ClInclude>
    <ClInclude Include="..\..\..\Source\VideoInput\IVideoInput.h">
      <Filter>VideoInput</Filter>
    </ClInclude>
    <ClInclude Include="..\..\..\Source\VideoInput\DefaultVideoInputResourceDescr.h">
      <Filter>VideoInput</Filter>
    </ClInclude>
    <ClInclude Include="..\..\..\Source\VideoInput\ExampleVideoInput.h">
      <Filter>VideoInput</Filter>
    </ClInclude>
    <ClInclude Include="..\..\..\Source\ExampleTestScenes.h" />
    <ClInclude Include="..\..\..\..\..\LibBlackVision\Source\Engine\Models\Plugins\Simple\DefaultVideoInputPlugin.h">
      <Filter>VideoInput</Filter>
    </ClInclude>
    <ClInclude Include="..\..\..\Source\Rendering\Logic\RenderLogic.h">
      <Filter>Rendering\Logic</Filter>
    </ClInclude>
    <ClInclude Include="..\..\..\Source\TestAI\TestGlobalEffectKeyboardHandler.h">
      <Filter>TestAI</Filter>
    </ClInclude>
    <ClInclude Include="..\..\..\Source\TestAI\TestEditorsKeyboardHandler.h">
      <Filter>TestAI</Filter>
    </ClInclude>
    <ClInclude Include="..\..\..\Source\TestAI\TestKeyboardHandler.h">
      <Filter>TestAI</Filter>
    </ClInclude>
    <ClInclude Include="..\..\..\Source\TestAI\TestAnimationKeyboardHandler.h">
      <Filter>TestAI</Filter>
    </ClInclude>
    <ClInclude Include="..\..\..\Source\Rendering\Logic\FrameRendering\FrameRenderLogic.h">
      <Filter>Rendering\Logic\FrameRendering</Filter>
    </ClInclude>
    <ClInclude Include="..\..\..\Source\Rendering\Logic\FrameRendering\PostFrameRenderLogic.h">
      <Filter>Rendering\Logic\FrameRendering</Filter>
    </ClInclude>
    <ClInclude Include="..\..\..\Source\Rendering\Utils\OffscreenRenderLogic.h">
      <Filter>Rendering\Utils</Filter>
    </ClInclude>
    <ClInclude Include="..\..\..\Source\Rendering\Utils\RenderTargetStack.h">
      <Filter>Rendering\Utils</Filter>
    </ClInclude>
    <ClInclude Include="..\..\..\Source\Rendering\Utils\RenderTargetEntryDesc.h">
      <Filter>Rendering\Utils</Filter>
    </ClInclude>
    <ClInclude Include="..\..\..\Source\Rendering\Utils\RenderTargetFactory.h">
      <Filter>Rendering\Utils</Filter>
    </ClInclude>
    <ClInclude Include="..\..\..\Source\Rendering\Utils\RenderLogicContext.h">
      <Filter>Rendering\Utils</Filter>
    </ClInclude>
    <ClInclude Include="..\..\..\Source\Rendering\Utils\RenderTargetStackAllocator.h">
      <Filter>Rendering\Utils</Filter>
    </ClInclude>
    <ClInclude Include="..\..\..\Source\Rendering\Utils\OffscreenDisplay.h">
      <Filter>Rendering\Utils</Filter>
    </ClInclude>
    <ClInclude Include="..\..\..\Source\Rendering\Logic\FrameRendering\NodeEffectRenderLogicSelector.h">
      <Filter>Rendering\Logic\FrameRendering</Filter>
    </ClInclude>
    <ClInclude Include="..\..\..\Source\Rendering\Logic\FullScreen\FullscreenEffect.h">
      <Filter>Rendering\Logic\FullScreen</Filter>
    </ClInclude>
    <ClInclude Include="..\..\..\Source\Rendering\Logic\FullScreen\FullscreenEffectRenderLogic.h">
      <Filter>Rendering\Logic\FullScreen</Filter>
    </ClInclude>
    <ClInclude Include="..\..\..\Source\Rendering\Utils\FullscreenUtils.h">
      <Filter>Rendering\Utils</Filter>
    </ClInclude>
    <ClInclude Include="..\..\..\Source\Rendering\Logic\FullScreen\Impl\OverwriteAlphaFullscreenEffect.h">
      <Filter>Rendering\Logic\FullScreen\Impl</Filter>
    </ClInclude>
    <ClInclude Include="..\..\..\Source\Rendering\Logic\FullScreen\Impl\OverwriteChannelsFullscreenEffect.h">
      <Filter>Rendering\Logic\FullScreen\Impl</Filter>
    </ClInclude>
    <ClInclude Include="..\..\..\Source\Rendering\Logic\FullScreen\Impl\MixChannelsFullscreenEffect.h">
      <Filter>Rendering\Logic\FullScreen\Impl</Filter>
    </ClInclude>
    <ClInclude Include="..\..\..\Source\Rendering\Logic\FullScreen\FullscreenVSShader.h">
      <Filter>Rendering\Logic\FullScreen</Filter>
    </ClInclude>
    <ClInclude Include="..\..\..\Source\Rendering\Logic\FullScreen\Impl\FullscreenRenderableEffect.h">
      <Filter>Rendering\Logic\FullScreen\Impl</Filter>
    </ClInclude>
    <ClInclude Include="..\..\..\Source\Rendering\Logic\FullScreen\Impl\InterlaceFullscreenEffect.h">
      <Filter>Rendering\Logic\FullScreen\Impl</Filter>
    </ClInclude>
    <ClInclude Include="..\..\..\Source\Rendering\Logic\FullScreen\Impl\BlitAlphaMaskFullscreenEffect.h">
      <Filter>Rendering\Logic\FullScreen\Impl</Filter>
    </ClInclude>
    <ClInclude Include="..\..\..\Source\Rendering\Logic\FullScreen\Impl\BlitFullscreenEffect.h">
      <Filter>Rendering\Logic\FullScreen\Impl</Filter>
    </ClInclude>
    <ClInclude Include="..\..\..\Source\Rendering\Logic\FrameRendering\NodeEffect\AlphaMaskRenderLogic.h">
      <Filter>Rendering\Logic\FrameRendering\NodeEffect</Filter>
    </ClInclude>
    <ClInclude Include="..\..\..\Source\Rendering\Logic\FrameRendering\NodeEffect\DefaultEffectRenderLogic.h">
      <Filter>Rendering\Logic\FrameRendering\NodeEffect</Filter>
    </ClInclude>
    <ClInclude Include="..\..\..\Source\Rendering\Logic\FrameRendering\NodeEffect\NodeEffectRenderLogic.h">
      <Filter>Rendering\Logic\FrameRendering\NodeEffect</Filter>
    </ClInclude>
    <ClInclude Include="..\..\..\Source\Rendering\Logic\FrameRendering\NodeEffect\NodeMaskRenderLogic.h">
      <Filter>Rendering\Logic\FrameRendering\NodeEffect</Filter>
    </ClInclude>
    <ClInclude Include="..\..\..\Source\Rendering\Logic\FrameRendering\NodeEffect\WireframeRenderLogic.h">
      <Filter>Rendering\Logic\FrameRendering\NodeEffect</Filter>
    </ClInclude>
    <ClInclude Include="..\..\..\Source\Rendering\Logic\VideoOutputRendering\VideoOutputRenderLogic.h">
      <Filter>Rendering\Logic\VideoOutputRendering</Filter>
    </ClInclude>
    <ClInclude Include="..\..\..\Source\Rendering\Logic\FullScreen\Impl\VideoOutputFullscreenEffect.h">
      <Filter>Rendering\Logic\FullScreen\Impl</Filter>
    </ClInclude>
    <ClInclude Include="..\..\..\Source\TestAI\TestVideoOutputKeyboardHandler.h">
      <Filter>TestAI</Filter>
    </ClInclude>
    <ClInclude Include="..\..\..\Source\Rendering\Logic\FrameRendering\NodeEffect\MixChannelsRenderLogic.h">
      <Filter>Rendering\Logic\FrameRendering\NodeEffect</Filter>
    </ClInclude>
    <ClInclude Include="..\..\..\Source\Rendering\Logic\FullScreen\FullscreenEffectContext.h">
      <Filter>Rendering\Logic\FullScreen</Filter>
    </ClInclude>
    <ClInclude Include="..\..\..\Source\Rendering\Logic\FullScreen\FullscreenEffectData.h">
      <Filter>Rendering\Logic\FullScreen</Filter>
    </ClInclude>
    <ClInclude Include="..\..\..\Source\Rendering\Logic\FullScreen\FullscreenEffectTr.h">
      <Filter>Rendering\Logic\FullScreen</Filter>
    </ClInclude>
    <ClInclude Include="..\..\..\Source\Rendering\Logic\FullScreen\SimpleFullscreenEffect.h">
      <Filter>Rendering\Logic\FullScreen</Filter>
    </ClInclude>
    <ClInclude Include="..\..\..\Source\Rendering\Logic\FullScreen\FullscreenRenderableEffectTr.h">
      <Filter>Rendering\Logic\FullScreen</Filter>
    </ClInclude>
  </ItemGroup>
  <ItemGroup>
    <None Include="..\..\..\Source\BVConfig.inl" />
    <None Include="..\..\..\Source\FrameStatsService.inl" />
    <None Include="..\..\..\Source\bvAppLogInitializer.inl" />
  </ItemGroup>
</Project>