<?xml version="1.0" encoding="utf-8"?>
<Project ToolsVersion="4.0" xmlns="http://schemas.microsoft.com/developer/msbuild/2003">
  <ItemGroup>
    <ClCompile Include="Application\ApplicationBase.cpp" />
    <ClCompile Include="Application\ConsoleApplication.cpp" />
    <ClCompile Include="Application\win32\WinApplication.cpp" />
    <ClCompile Include="Application\WindowedApplication.cpp" />
    <ClCompile Include="BasicTestScene.cpp" />
    <ClCompile Include="Engine\Graphics\Renderers\OGLRenderer\glslprogram.cpp" />
    <ClCompile Include="Engine\Graphics\Renderers\OGLRenderer\glutils.cpp" />
    <ClCompile Include="Engine\Graphics\Renderers\OGLRenderer\gl_core_4_3.c" />
    <ClCompile Include="Engine\Graphics\Renderers\OGLRenderer\vborect.cpp" />
    <ClCompile Include="Engine\Graphics\Resources\Textures\TextureManager.cpp" />
    <ClCompile Include="Engine\Graphics\SceneGraph\BasicScene.cpp" />
    <ClCompile Include="Engine\Graphics\SceneGraph\Camera.cpp" />
    <ClCompile Include="Engine\Graphics\SceneGraph\SceneNode.cpp" />
    <ClCompile Include="Engine\Graphics\Shaders\GeometryShader.cpp" />
    <ClCompile Include="Engine\Graphics\Shaders\Parameters.cpp" />
    <ClCompile Include="Engine\Graphics\Shaders\PixelShader.cpp" />
    <ClCompile Include="Engine\Graphics\Shaders\Shader.cpp" />
    <ClCompile Include="Engine\Graphics\Shaders\VertexShader.cpp" />
    <ClCompile Include="Engine\Models\BasicNode.cpp" />
    <ClCompile Include="Mathematics\Interpolators\BasicInterpolator.cpp" />
    <ClCompile Include="Engine\Graphics\Renderers\OGLRenderer\GLRendererData.cpp" />
    <ClCompile Include="Engine\Graphics\Resources\Texture.cpp" />
    <ClCompile Include="Engine\Graphics\Renderers\WGLRenderer\WGLRenderer.cpp" />
    <ClCompile Include="Engine\Graphics\Renderers\Renderer.cpp" />
    <ClCompile Include="Engine\Graphics\Renderers\OGLRenderer\GLRenderer.cpp" />
    <ClCompile Include="System\InitSubsystem.cpp" />
    <ClCompile Include="Engine\Graphics\Resources\DataBuffer.cpp" />
    <ClCompile Include="Engine\Graphics\Resources\IndexBuffer.cpp" />
    <ClCompile Include="Engine\Graphics\Resources\VertexArray.cpp" />
    <ClCompile Include="Engine\Graphics\Resources\VertexBuffer.cpp" />
    <ClCompile Include="Engine\Graphics\Resources\VertexDescriptor.cpp" />
    <ClCompile Include="Engine\Graphics\Resources\RenderTarget.cpp" />
    <ClCompile Include="Engine\Graphics\Renderers\OGLRenderer\PdrIndexBuffer.cpp" />
    <ClCompile Include="Engine\Graphics\Renderers\OGLRenderer\PdrRenderTarget.cpp" />
    <ClCompile Include="Engine\Graphics\Renderers\OGLRenderer\PdrTexture2D.cpp" />
    <ClCompile Include="Engine\Graphics\Renderers\OGLRenderer\PdrVertexBuffer.cpp" />
    <ClCompile Include="Engine\Graphics\Renderers\OGLRenderer\PdrVertexDescriptor.cpp" />
    <ClCompile Include="Engine\Graphics\Types\Transform.cpp" />
    <ClCompile Include="Engine\Graphics\SceneGraph\RenderableEntity.cpp" />
    <ClCompile Include="Engine\Graphics\SceneGraph\TransformableEntity.cpp" />
    <ClCompile Include="Engine\Graphics\SceneGraph\TriangleMesh.cpp" />
    <ClCompile Include="Engine\Graphics\SceneGraph\Triangles.cpp" />
    <ClCompile Include="Engine\Graphics\SceneGraph\TriangleStrip.cpp" />
    <ClCompile Include="Engine\Graphics\Shaders\ShaderParamDesc.cpp" />
    <ClCompile Include="Engine\Graphics\Shaders\ShaderParam.cpp" />
    <ClCompile Include="Engine\Models\ModelFactory.cpp" />
    <ClCompile Include="Engine\Graphics\Shaders\RenderableEffect.cpp" />
    <ClCompile Include="Engine\Graphics\Shaders\RenderablePass.cpp" />
    <ClCompile Include="Engine\Models\Updaters\TransformUpdater.cpp" />
    <ClCompile Include="Mathematics\Transform\MatTransform.cpp" />
    <ClCompile Include="Engine\Graphics\Shaders\ShaderParameters.cpp" />
    <ClCompile Include="System\Print.cpp" />
    <ClCompile Include="System\Profiler.cpp" />
    <ClCompile Include="Engine\Models\Updaters\CameraUpdater.cpp" />
    <ClCompile Include="Engine\Models\ModelScene.cpp" />
    <ClCompile Include="Engine\Graphics\Renderers\OGLRenderer\PdrConstants.cpp" />
    <ClCompile Include="Engine\Graphics\Renderers\OGLRenderer\PdrShader.cpp" />
    <ClCompile Include="Engine\Graphics\Renderers\OGLRenderer\PdrVertexArrayObject.cpp" />
    <ClCompile Include="Engine\Models\Updaters\ShaderParamUpdater.cpp" />
    <ClCompile Include="System\HRTimer.cpp" />
    <ClCompile Include="Engine\Graphics\Resources\Texture2D.cpp" />
    <ClCompile Include="Engine\Models\Plugins\PluginParameters.cpp" />
    <ClCompile Include="Engine\Models\Plugins\SimpleTexturePlugin.cpp" />
    <ClCompile Include="Engine\Models\Resources\ResourceLoader.cpp" />
    <ClCompile Include="Engine\Models\Resources\Resource.cpp" />
    <ClCompile Include="Engine\Models\Resources\TextureLoader.cpp" />
    <ClCompile Include="Engine\Graphics\Shaders\TextureSampler.cpp" />
    <ClCompile Include="Engine\Graphics\Shaders\IShaderParamUpdater.cpp" />
    <ClCompile Include="Engine\Models\Plugins\Channels\Transform\TranformChannel.cpp" />
    <ClCompile Include="Engine\Models\Plugins\Channels\Transform\SimpleTransformChannel.cpp" />
    <ClCompile Include="Engine\Models\Plugins\Channels\Geometry\ConnectedComponent.cpp" />
    <ClCompile Include="Engine\Models\Plugins\Channels\Geometry\GeometryChannel.cpp" />
    <ClCompile Include="Engine\Models\Plugins\Channels\Geometry\GeometryChannelDescriptor.cpp" />
    <ClCompile Include="Engine\Models\Plugins\Channels\Geometry\IndexChannelDescriptor.cpp" />
    <ClCompile Include="Engine\Models\Plugins\Channels\Geometry\VertexAttributeChannel.cpp" />
    <ClCompile Include="Engine\Models\Plugins\Channels\Geometry\VertexAttributeChannelDescriptor.cpp" />
    <ClCompile Include="Engine\Models\Plugins\Channels\Geometry\VertexAttributeChannelTyped.cpp" />
    <ClCompile Include="Engine\Models\Plugins\Plugin.cpp" />
    <ClCompile Include="Engine\Models\Plugins\Parameter.cpp" />
    <ClCompile Include="Engine\Models\Plugins\Channels\Geometry\Simple\RectComponent.cpp" />
    <ClCompile Include="Engine\Models\Plugins\GeometryPluginRect.cpp" />
    <ClCompile Include="Engine\Models\Plugins\SimpleTextPlugin.cpp" />
    <ClCompile Include="Engine\Graphics\Resources\RenderableArrayData.cpp" />
    <ClCompile Include="Engine\Graphics\Resources\RenderableArrayDataArrays.cpp" />
    <ClCompile Include="Engine\Graphics\Resources\RenderableArrayDataElements.cpp" />
    <ClCompile Include="Engine\Graphics\Renderers\OGLRenderer\PdrVertexArrayObjectSingleVB.cpp" />
    <ClCompile Include="Engine\Models\Plugins\Channels\PixelShader\SolidColorShaderChannel.cpp" />
    <ClCompile Include="Engine\Models\Plugins\SolidColorPlugin.cpp" />
    <ClCompile Include="Engine\Models\Plugins\Channels\Geometry\Simple\GeometryChannelAnimatedVertices.cpp" />
    <ClCompile Include="Engine\Models\Plugins\Channels\Geometry\Simple\AnimatedStripComponent.cpp" />
    <ClCompile Include="Engine\Models\Plugins\Channels\PixelShader\TexturePixelShaderChannel.cpp" />
    <ClCompile Include="Engine\Models\Plugins\Channels\Geometry\GeometryChannelUtils.cpp" />
    <ClCompile Include="Engine\Models\Plugins\Channels\VertexShader\TextureVertexShaderChannel.cpp" />
    <ClCompile Include="Engine\Models\Plugins\Channels\Geometry\Simple\RingComponent.cpp" />
    <ClCompile Include="Engine\Models\Plugins\GeometryPluginRing.cpp" />
    <ClCompile Include="Engine\Models\Plugins\Channels\PixelShader\TextPixelShaderChannel.cpp" />
    <ClCompile Include="Engine\Models\Plugins\GeometryPlugin.cpp" />
    <ClCompile Include="Engine\Models\Updaters\GeometryUpdater.cpp" />
    <ClCompile Include="Engine\Graphics\State\AlphaState.cpp" />
    <ClCompile Include="Engine\Graphics\State\CullState.cpp" />
    <ClCompile Include="Engine\Graphics\State\DepthState.cpp" />
    <ClCompile Include="Engine\Graphics\State\FillState.cpp" />
    <ClCompile Include="Engine\Graphics\State\OffsetState.cpp" />
    <ClCompile Include="Engine\Graphics\State\StencilState.cpp" />
    <ClCompile Include="Engine\Models\Plugins\Channels\GeometryShader\ExtrudeGeometryShaderChannel.cpp" />
    <ClCompile Include="Engine\Graphics\State\StateInstance.cpp" />
    <ClCompile Include="Engine\Models\Plugins\Channels\Geometry\Simple\VariableTopologyStripComponent.cpp" />
    <ClCompile Include="Engine\Models\Plugins\Channels\Geometry\Simple\GeometryChannelVariableTopology.cpp" />
    <ClCompile Include="Engine\Models\Plugins\SimpleTransformPlugin.cpp" />
    <ClCompile Include="Engine\Models\Plugins\SimplePixelShaderPlugin.cpp" />
    <ClCompile Include="Engine\Models\Plugins\SimpleVertexShaderPlugin.cpp" />
    <ClCompile Include="Engine\Models\Plugins\SimpleColorPlugin.cpp" />
    <ClCompile Include="Engine\Models\Plugins\SimpleGeometryShaderPlugin.cpp" />
    <ClCompile Include="Engine\Models\Plugins\Channels\RendererContext\RendererContext.cpp" />
    <ClCompile Include="Engine\Models\Plugins\Channels\RendererContext\AlphaContext.cpp" />
    <ClCompile Include="Engine\Models\Plugins\Channels\RendererContext\CullContext.cpp" />
    <ClCompile Include="Engine\Models\Plugins\Channels\RendererContext\DepthContext.cpp" />
    <ClCompile Include="Engine\Models\Plugins\Channels\RendererContext\FillContext.cpp" />
    <ClCompile Include="Engine\Models\Updaters\RendererStateUpdater.cpp" />
    <ClCompile Include="Engine\Models\Builder\RendererStatesBuilder.cpp" />
    <ClCompile Include="Engine\Models\Updaters\NodeUpdater.cpp" />
    <ClCompile Include="Engine\Graphics\Resources\TextureAnimatedSequence2D.cpp" />
    <ClCompile Include="Engine\Graphics\Renderers\OGLRenderer\PdrTextureAnimatedSequence2D.cpp" />
    <ClCompile Include="Engine\Models\Plugins\SimpleAnimationPlugin.cpp" />
    <ClCompile Include="Engine\Models\Updaters\SequenceAnimationUpdater.cpp" />
    <ClCompile Include="Engine\Graphics\Shaders\ShaderTextureParameters.cpp" />
    <ClCompile Include="Engine\Graphics\Resources\TextureBase.cpp" />
    <ClCompile Include="Engine\Graphics\Resources\TextureAnimatedSequence.cpp" />
    <ClCompile Include="Engine\Models\Resources\TextHelpers.cpp" />
    <ClCompile Include="Engine\Models\Resources\Font\FontLoader.cpp" />
    <ClCompile Include="Engine\Models\Resources\Font\Text.cpp" />
    <ClCompile Include="Engine\Models\Timeline\TimelineBase.cpp" />
    <ClCompile Include="Engine\Models\Timeline\TimelineState.cpp" />
  </ItemGroup>
  <ItemGroup>
    <ClInclude Include="Application\ApplicationBase.h" />
    <ClInclude Include="Application\ConsoleApplication.h" />
    <ClInclude Include="Application\WindowedApplication.h" />
    <ClInclude Include="BasicTestScene.h" />
    <ClInclude Include="Engine\Graphics\Renderers\OGLRenderer\glslprogram.h" />
    <ClInclude Include="Engine\Graphics\Renderers\OGLRenderer\glutils.h" />
    <ClInclude Include="Engine\Graphics\Renderers\OGLRenderer\gl_core_4_3.h" />
    <ClInclude Include="Engine\Graphics\Renderers\OGLRenderer\oglcore.h" />
    <ClInclude Include="Engine\Graphics\Renderers\OGLRenderer\vborect.h" />
    <ClInclude Include="Engine\Graphics\Resources\Textures\TextureManager.h" />
    <ClInclude Include="Engine\Graphics\SceneGraph\BasicScene.h" />
    <ClInclude Include="Engine\Graphics\SceneGraph\Camera.h" />
    <ClInclude Include="Engine\Graphics\SceneGraph\IScene.h" />
    <ClInclude Include="Engine\Graphics\SceneGraph\SceneNode.h" />
    <ClInclude Include="Engine\Graphics\Shaders\GeometryShader.h" />
    <ClInclude Include="Engine\Graphics\Shaders\Parameters.h" />
    <ClInclude Include="Engine\Graphics\Shaders\PixelShader.h" />
    <ClInclude Include="Engine\Graphics\Shaders\Shader.h" />
    <ClInclude Include="Engine\Graphics\Shaders\VertexShader.h" />
    <ClInclude Include="Engine\Models\BasicNode.h" />
    <ClInclude Include="Engine\Models\Node.h" />
    <ClInclude Include="Mathematics\defines.h" />
    <ClInclude Include="Mathematics\Interpolators\BasicInterpolator.h" />
    <ClInclude Include="Mathematics\Interpolators\Interpolators.h" />
    <ClInclude Include="Engine\Graphics\Renderers\OGLRenderer\GLRendererData.h" />
    <ClInclude Include="Engine\Graphics\Renderers\WGLRenderer\WGLRendererData.h" />
    <ClInclude Include="Engine\Graphics\Renderers\WGLRenderer\WGLRendererInput.h" />
    <ClInclude Include="Engine\Graphics\Renderers\Renderer.h" />
    <ClInclude Include="Engine\Graphics\Resources\Texture.h" />
    <ClInclude Include="System\InitSubsystem.h" />
    <ClInclude Include="Engine\Graphics\Resources\DataBuffer.h" />
    <ClInclude Include="Engine\Graphics\Resources\IndexBuffer.h" />
    <ClInclude Include="Engine\Graphics\Resources\VertexArray.h" />
    <ClInclude Include="Engine\Graphics\Resources\VertexBuffer.h" />
    <ClInclude Include="Engine\Graphics\Resources\VertexDescriptor.h" />
    <ClInclude Include="Engine\Graphics\Resources\RenderTarget.h" />
    <ClInclude Include="Engine\Graphics\Resources\Texture2D.h" />
    <ClInclude Include="Engine\Graphics\Renderers\OGLRenderer\PdrIndexBuffer.h" />
    <ClInclude Include="Engine\Graphics\Renderers\OGLRenderer\PdrRenderTarget.h" />
    <ClInclude Include="Engine\Graphics\Renderers\OGLRenderer\PdrTexture2D.h" />
    <ClInclude Include="Engine\Graphics\Renderers\OGLRenderer\PdrVertexBuffer.h" />
    <ClInclude Include="Engine\Graphics\Renderers\OGLRenderer\PdrVertexDescriptor.h" />
    <ClInclude Include="Engine\Graphics\Types\Transform.h" />
    <ClInclude Include="Engine\Graphics\SceneGraph\RenderableEntity.h" />
    <ClInclude Include="Engine\Graphics\SceneGraph\TransformableEntity.h" />
    <ClInclude Include="Engine\Graphics\SceneGraph\TriangleMesh.h" />
    <ClInclude Include="Engine\Graphics\SceneGraph\Triangles.h" />
    <ClInclude Include="Engine\Graphics\SceneGraph\TriangleStrip.h" />
    <ClInclude Include="Engine\Graphics\Shaders\ShaderParamDesc.h" />
    <ClInclude Include="Engine\Graphics\Shaders\ShaderParam.h" />
    <ClInclude Include="Engine\Graphics\Shaders\ShaderParameters.h" />
    <ClInclude Include="Engine\Models\ModelFactory.h" />
    <ClInclude Include="Engine\Graphics\Shaders\RenderableEffect.h" />
    <ClInclude Include="Engine\Graphics\Shaders\RenderablePass.h" />
    <ClInclude Include="Engine\Models\Updaters\TransformUpdater.h" />
    <ClInclude Include="Mathematics\Transform\MatTransform.h" />
    <ClInclude Include="Engine\Models\Updaters\IUpdater.h" />
    <ClInclude Include="System\Print.h" />
    <ClInclude Include="System\Profiler.h" />
    <ClInclude Include="Engine\Models\Updaters\CameraUpdater.h" />
    <ClInclude Include="Engine\Models\ModelScene.h" />
    <ClInclude Include="Engine\Graphics\Renderers\OGLRenderer\PdrConstants.h" />
    <ClInclude Include="Engine\Graphics\Renderers\OGLRenderer\PdrShader.h" />
    <ClInclude Include="Engine\Graphics\Renderers\OGLRenderer\PdrVertexArrayObject.h" />
    <ClInclude Include="Engine\Graphics\Shaders\ShaderTypes.h" />
    <ClInclude Include="Engine\Models\Updaters\ShaderParamUpdater.h" />
    <ClInclude Include="System\HRTimer.h" />
    <ClInclude Include="Engine\Models\Plugins\PluginParameters.h" />
    <ClInclude Include="Engine\Models\Plugins\SimpleTexturePlugin.h" />
    <ClInclude Include="Engine\Models\Plugins\Interfaces\IVertexShaderChannel.h" />
    <ClInclude Include="Engine\Models\Plugins\Interfaces\IChannel.h" />
    <ClInclude Include="Engine\Models\Plugins\Interfaces\IGeometryChannel.h" />
    <ClInclude Include="Engine\Models\Plugins\Interfaces\IGeometryShaderChannel.h" />
    <ClInclude Include="Engine\Models\Plugins\Interfaces\IPixelShaderChannel.h" />
    <ClInclude Include="Engine\Models\Plugins\Interfaces\ITransformChannel.h" />
    <ClInclude Include="Engine\Models\Plugins\Interfaces\IConnectedComponent.h" />
    <ClInclude Include="Engine\Types\Enums.h" />
    <ClInclude Include="Engine\Models\Plugins\Interfaces\IVertexAttributeChannel.h" />
    <ClInclude Include="Engine\Models\Plugins\Interfaces\IIndexChannelDescriptor.h" />
    <ClInclude Include="Engine\Models\Plugins\Interfaces\IVertexAttributeChannelDescriptor.h" />
    <ClInclude Include="Engine\Models\Resources\Resource.h" />
    <ClInclude Include="Engine\Models\Resources\ResourceLoader.h" />
    <ClInclude Include="Engine\Models\Resources\IResource.h" />
    <ClInclude Include="Engine\Models\Resources\IResourceLoader.h" />
    <ClInclude Include="Engine\Models\Resources\TextureLoader.h" />
    <ClInclude Include="Engine\Graphics\Shaders\TextureSampler.h" />
    <ClInclude Include="Engine\Graphics\Shaders\IShaderParamUpdater.h" />
    <ClInclude Include="Engine\Models\Plugins\Interfaces\IShaderChannel.h" />
    <ClInclude Include="Engine\Models\Plugins\Channels\Transform\SimpleTransformChannel.h" />
    <ClInclude Include="Engine\Models\Plugins\Channels\Geometry\ConnectedComponent.h" />
    <ClInclude Include="Engine\Models\Plugins\Channels\Geometry\GeometryChannel.h" />
    <ClInclude Include="Engine\Models\Plugins\Channels\Geometry\GeometryChannelDescriptor.h" />
    <ClInclude Include="Engine\Models\Plugins\Channels\Geometry\IndexChannelDescriptor.h" />
    <ClInclude Include="Engine\Models\Plugins\Channels\Geometry\VertexAttributeChannel.h" />
    <ClInclude Include="Engine\Models\Plugins\Channels\Geometry\VertexAttributeChannelDescriptor.h" />
    <ClInclude Include="Engine\Models\Plugins\Channels\Geometry\VertexAttributeChannelTyped.h" />
    <ClInclude Include="Engine\Models\Plugins\Channels\ShaderChannel.h" />
    <ClInclude Include="Engine\Models\Plugins\Interfaces\IPlugin.h" />
    <ClInclude Include="Engine\Models\Plugins\Interfaces\IParameter.h" />
    <ClInclude Include="Engine\Models\Plugins\Plugin.h" />
    <ClInclude Include="Engine\Models\Plugins\Parameter.h" />
    <ClInclude Include="Engine\Models\Plugins\Channels\Geometry\Simple\RectComponent.h" />
    <ClInclude Include="Engine\Models\Plugins\GeometryPluginRect.h" />
    <ClInclude Include="Engine\Models\Plugins\SimpleTextPlugin.h" />
    <ClInclude Include="Engine\Graphics\Resources\RenderableArrayData.h" />
    <ClInclude Include="Engine\Graphics\Resources\RenderableArrayDataArrays.h" />
    <ClInclude Include="Engine\Graphics\Resources\RenderableArrayDataElements.h" />
    <ClInclude Include="Engine\Graphics\Renderers\OGLRenderer\PdrVertexArrayObjectSingleVB.h" />
    <ClInclude Include="Engine\Models\Plugins\Channels\PixelShader\SolidColorShaderChannel.h" />
    <ClInclude Include="Engine\Models\Plugins\SolidColorPlugin.h" />
    <ClInclude Include="Engine\Models\Plugins\Channels\Geometry\Simple\GeometryChannelAnimatedVertices.h" />
    <ClInclude Include="Engine\Models\Plugins\Channels\Geometry\Simple\AnimatedStripComponent.h" />
    <ClInclude Include="Engine\Models\Plugins\Channels\PixelShader\TexturePixelShaderChannel.h" />
    <ClInclude Include="Engine\Models\Plugins\Channels\Geometry\GeometryChannelUtils.h" />
    <ClInclude Include="Engine\Models\Plugins\Channels\VertexShader\TextureVertexShaderChannel.h" />
    <ClInclude Include="Engine\Models\Plugins\Channels\Geometry\Simple\RingComponent.h" />
    <ClInclude Include="Engine\Models\Plugins\GeometryPluginRing.h" />
    <ClInclude Include="Engine\Models\Plugins\Channels\PixelShader\TextPixelShaderChannel.h" />
    <ClInclude Include="Engine\Models\Plugins\GeometryPlugin.h" />
    <ClInclude Include="Engine\Models\Updaters\GeometryUpdater.h" />
    <ClInclude Include="Engine\Graphics\State\AlphaState.h" />
    <ClInclude Include="Engine\Graphics\State\CullState.h" />
    <ClInclude Include="Engine\Graphics\State\DepthState.h" />
    <ClInclude Include="Engine\Graphics\State\FillState.h" />
    <ClInclude Include="Engine\Graphics\State\OffsetState.h" />
    <ClInclude Include="Engine\Graphics\State\StencilState.h" />
    <ClInclude Include="Engine\Graphics\State\StateEnums.h" />
    <ClInclude Include="Engine\Models\Plugins\Channels\GeometryShader\ExtrudeGeometryShaderChannel.h" />
    <ClInclude Include="Engine\Graphics\State\StateInstance.h" />
    <ClInclude Include="Engine\Models\Plugins\Channels\Geometry\Simple\VariableTopologyStripComponent.h" />
    <ClInclude Include="Engine\Models\Plugins\Channels\Geometry\Simple\GeometryChannelVariableTopology.h" />
    <ClInclude Include="Engine\Models\Plugins\SimpleTransformPlugin.h" />
    <ClInclude Include="Engine\Models\Plugins\SimplePixelShaderPlugin.h" />
    <ClInclude Include="Engine\Models\Plugins\SimpleVertexShaderPlugin.h" />
    <ClInclude Include="Engine\Models\Plugins\SimpleColorPlugin.h" />
    <ClInclude Include="Engine\Models\Plugins\SimpleGeometryShaderPlugin.h" />
    <ClInclude Include="Engine\Models\Plugins\Channels\Transform\TransformChannel.h" />
    <ClInclude Include="Engine\Models\Plugins\Channels\PixelShaderChannelBase.h" />
    <ClInclude Include="Engine\Models\Plugins\Channels\RendererContext\RendererContext.h" />
    <ClInclude Include="Engine\Models\Plugins\Channels\RendererContext\AlphaContext.h" />
    <ClInclude Include="Engine\Models\Plugins\Channels\RendererContext\CullContext.h" />
    <ClInclude Include="Engine\Models\Plugins\Channels\RendererContext\DepthContext.h" />
    <ClInclude Include="Engine\Models\Plugins\Channels\RendererContext\FillContext.h" />
    <ClInclude Include="Engine\Models\Updaters\RendererStateUpdater.h" />
    <ClInclude Include="Engine\Models\Builder\RendererStatesBuilder.h" />
    <ClInclude Include="Engine\Models\Updaters\NodeUpdater.h" />
    <ClInclude Include="Engine\Graphics\Resources\TextureAnimatedSequence2D.h" />
    <ClInclude Include="Engine\Graphics\Renderers\OGLRenderer\PdrTextureAnimatedSequence2D.h" />
    <ClInclude Include="Engine\Models\Plugins\SimpleAnimationPlugin.h" />
    <ClInclude Include="Engine\Models\Plugins\PluginEnums.h" />
    <ClInclude Include="Engine\Models\Updaters\SequenceAnimationUpdater.h" />
    <ClInclude Include="Engine\Models\Plugins\Interfaces\ISequenceAnimationSource.h" />
    <ClInclude Include="Engine\Graphics\Shaders\ShaderTextureParameters.h" />
    <ClInclude Include="Engine\Graphics\Resources\TextureBase.h" />
    <ClInclude Include="Engine\Graphics\Resources\TextureAnimatedSequence.h" />
    <ClInclude Include="Engine\Models\Resources\TextHelpers.h" />
    <ClInclude Include="Engine\Models\Resources\Font\FontLoader.h" />
    <ClInclude Include="Engine\Models\Resources\Font\Glyph.h" />
    <ClInclude Include="Engine\Models\Resources\Font\Text.h" />
    <ClInclude Include="Engine\Models\Timeline\ITimeEvaluator.h" />
    <ClInclude Include="Engine\Models\Timeline\Timeline.h" />
    <ClInclude Include="Engine\Models\Timeline\GlobalTimeline.h" />
    <ClInclude Include="Engine\Models\Timeline\TimelineBase.h" />
    <ClInclude Include="Engine\Models\Timeline\TimelineSettings.h" />
    <ClInclude Include="Engine\Models\Timeline\TimelineState.h" />
    <ClInclude Include="System\BasicTypes.h" />
  </ItemGroup>
  <ItemGroup>
    <None Include="ClassDiagram.cd" />
  </ItemGroup>
  <ItemGroup>
    <Text Include="Engine\Models\Plugins\Interfaces\IGeometryChannelDescriptor.h" />
  </ItemGroup>
</Project>