<?xml version="1.0" encoding="utf-8"?>
<Project ToolsVersion="4.0" xmlns="http://schemas.microsoft.com/developer/msbuild/2003">
  <ItemGroup>
    <Filter Include="poly2tri">
      <UniqueIdentifier>{4dd4be0c-e942-409b-91bf-967b8644cf12}</UniqueIdentifier>
    </Filter>
    <Filter Include="poly2tri\common">
      <UniqueIdentifier>{20f7a9db-5b66-4514-90f1-66b3a7e8f833}</UniqueIdentifier>
    </Filter>
    <Filter Include="poly2tri\sweep">
      <UniqueIdentifier>{4173395b-d59e-4cee-8e93-6165e710525d}</UniqueIdentifier>
    </Filter>
    <Filter Include="Clipper">
      <UniqueIdentifier>{6c0c27a6-1a5c-41a1-b26a-55dff8767f47}</UniqueIdentifier>
    </Filter>
  </ItemGroup>
  <ItemGroup>
    <ClCompile Include="..\..\..\Source\poly2tri\common\shapes.cc">
      <Filter>poly2tri\common</Filter>
    </ClCompile>
    <ClCompile Include="..\..\..\Source\poly2tri\sweep\advancing_front.cc">
      <Filter>poly2tri\sweep</Filter>
    </ClCompile>
    <ClCompile Include="..\..\..\Source\poly2tri\sweep\cdt.cc">
      <Filter>poly2tri\sweep</Filter>
    </ClCompile>
    <ClCompile Include="..\..\..\Source\poly2tri\sweep\sweep.cc">
      <Filter>poly2tri\sweep</Filter>
    </ClCompile>
    <ClCompile Include="..\..\..\Source\poly2tri\sweep\sweep_context.cc">
      <Filter>poly2tri\sweep</Filter>
    </ClCompile>
    <ClCompile Include="..\..\..\Source\FTContour.cpp" />
    <ClCompile Include="..\..\..\Source\FTPoint.cpp" />
    <ClCompile Include="..\..\..\Source\Triangulator.cpp" />
    <ClCompile Include="..\..\..\Source\Mesh.cpp" />
    <ClCompile Include="..\..\..\Source\PolylineValidator.cpp" />
    <ClCompile Include="..\..\..\Source\Clipper\clipper.cpp">
      <Filter>Clipper</Filter>
    </ClCompile>
  </ItemGroup>
  <ItemGroup>
    <ClInclude Include="..\..\..\Source\poly2tri\common\shapes.h">
      <Filter>poly2tri\common</Filter>
    </ClInclude>
    <ClInclude Include="..\..\..\Source\poly2tri\common\utils.h">
      <Filter>poly2tri\common</Filter>
    </ClInclude>
    <ClInclude Include="..\..\..\Source\poly2tri\sweep\advancing_front.h">
      <Filter>poly2tri\sweep</Filter>
    </ClInclude>
    <ClInclude Include="..\..\..\Source\poly2tri\sweep\cdt.h">
      <Filter>poly2tri\sweep</Filter>
    </ClInclude>
    <ClInclude Include="..\..\..\Source\poly2tri\sweep\sweep.h">
      <Filter>poly2tri\sweep</Filter>
    </ClInclude>
    <ClInclude Include="..\..\..\Source\poly2tri\sweep\sweep_context.h">
      <Filter>poly2tri\sweep</Filter>
    </ClInclude>
    <ClInclude Include="..\..\..\Source\poly2tri\poly2tri.h">
      <Filter>poly2tri</Filter>
    </ClInclude>
    <ClInclude Include="..\..\..\Source\FTContour.h" />
    <ClInclude Include="..\..\..\Source\ftgl.h" />
    <ClInclude Include="..\..\..\Source\FTPoint.h" />
    <ClInclude Include="..\..\..\Source\FTVector.h" />
    <ClInclude Include="..\..\..\Source\Triangulator.h" />
    <ClInclude Include="..\..\..\Source\FTList.h" />
    <ClInclude Include="..\..\..\Source\Mesh.h" />
    <ClInclude Include="..\..\..\Source\PolylineValidator.h" />
    <ClInclude Include="..\..\..\Source\Clipper\clipper.hpp">
      <Filter>Clipper</Filter>
    </ClInclude>
  </ItemGroup>
</Project>